dependencies:
- name: docker-registry
  repository: https://helm.twun.io
  version: 1.10.0
- name: minio
  repository: https://helm.min.io/
  version: 8.0.7
- name: mysql
  repository: https://charts.bitnami.com/bitnami
  version: 8.5.1
- name: rabbitmq
  repository: https://charts.bitnami.com/bitnami
  version: 8.11.4
digest: sha256:9cbb115287d3731701c556ac1b16be374e8079afda5911a98b551de7c3f04a2f
generated: "2021-04-06T15:40:05.531453033-04:00"
