dependencies:
- name: docker-registry
  repository: https://helm.twun.io
  version: 1.10.0
- name: minio
  repository: https://helm.min.io/
  version: 8.0.7
- name: mysql
  repository: https://charts.helm.sh/stable
  version: 1.6.9
digest: sha256:e01ec50c4c6f56e8f07f6a8f32536a5e39c3b32615404f2050d561d8f8bccb1d
generated: "2021-03-07T16:16:31.224003227-03:00"
