{
  "version": 4,
  "terraform_version": "0.14.2",
  "serial": 102,
  "lineage": "3770200e-1304-048e-d7d4-5082923aa8c6",
  "outputs": {},
  "resources": [
    {
      "mode": "data",
      "type": "google_client_config",
      "name": "provider",
      "provider": "provider[\"registry.terraform.io/hashicorp/google\"]",
      "instances": [
        {
          "schema_version": 0,
          "attributes": {
            "access_token": "ya29.a0AfH6SMB_BDX-CO0MPW-xMcHP_v6Hderjqtg6kIoyRkSCKd73dzLx2Fgj7fnlWeIfgKtaBc-ClNMP55VE0GywQdrsP-avaocV1ew1xlEGCYbo6r6uxvVN3mjcHXLGSIq8IpArFxL9Dod3y-Wz7t8uW-3-mZLQZRc",
            "id": "projects/gpl-sh-090-3/regions/europe-west3/zones/",
            "project": "gpl-sh-090-3",
            "region": "europe-west3",
            "zone": ""
          },
          "sensitive_attributes": []
        }
      ]
    },
    {
      "mode": "managed",
      "type": "google_compute_network",
      "name": "gitpod",
      "provider": "provider[\"registry.terraform.io/hashicorp/google\"]",
      "instances": [
        {
          "schema_version": 0,
          "attributes": {
            "auto_create_subnetworks": false,
            "delete_default_routes_on_create": false,
            "description": "Gitpod Cluster Network",
            "gateway_ipv4": "",
            "id": "projects/gpl-sh-090-3/global/networks/gitpod",
            "mtu": 0,
            "name": "gitpod",
            "project": "gpl-sh-090-3",
            "routing_mode": "REGIONAL",
            "self_link": "https://www.googleapis.com/compute/v1/projects/gpl-sh-090-3/global/networks/gitpod",
            "timeouts": null
          },
          "sensitive_attributes": [],
          "private": "eyJlMmJmYjczMC1lY2FhLTExZTYtOGY4OC0zNDM2M2JjN2M0YzAiOnsiY3JlYXRlIjoyNDAwMDAwMDAwMDAsImRlbGV0ZSI6MjQwMDAwMDAwMDAwLCJ1cGRhdGUiOjI0MDAwMDAwMDAwMH19"
        }
      ]
    },
    {
      "module": "module.certmanager",
      "mode": "data",
      "type": "template_file",
      "name": "certificate",
      "provider": "provider[\"registry.terraform.io/hashicorp/template\"]",
      "instances": [
        {
          "schema_version": 0,
          "attributes": {
            "filename": null,
            "id": "fbc26ce097e06edcb985a8bb3e79cf36acc2128c5610eeb6c265bfa8d40451c7",
            "rendered": "# Copyright (c) 2020 Gitpod GmbH. All rights reserved.\n# Licensed under the MIT License. See License-MIT.txt in the project root for license information.\n\napiVersion: cert-manager.io/v1alpha2\nkind: Certificate\nmetadata:\n  name: gitpod-certificate\n  namespace: default\nspec:\n  secretName: gitpod-certificate\n  renewBefore: 24h\n  dnsNames:\n    - \"gpl.gitpod-self-hosted.com\"\n    - \"*.gpl.gitpod-self-hosted.com\"\n    - \"*.ws.gpl.gitpod-self-hosted.com\"\n  issuerRef:\n    name: letsencrypt-issuer\n    kind: ClusterIssuer",
            "template": "# Copyright (c) 2020 Gitpod GmbH. All rights reserved.\n# Licensed under the MIT License. See License-MIT.txt in the project root for license information.\n\napiVersion: cert-manager.io/v1alpha2\nkind: Certificate\nmetadata:\n  name: ${name}\n  namespace: ${namespace}\nspec:\n  secretName: ${name}\n  renewBefore: 24h\n  dnsNames:\n    - \"${domain}\"\n    - \"*.${domain}\"\n    - \"*.ws.${domain}\"\n  issuerRef:\n    name: letsencrypt-issuer\n    kind: ClusterIssuer",
            "vars": {
              "domain": "gpl.gitpod-self-hosted.com",
              "name": "gitpod-certificate",
              "namespace": "default"
            }
          },
          "sensitive_attributes": []
        }
      ]
    },
    {
      "module": "module.certmanager",
      "mode": "data",
      "type": "template_file",
      "name": "cluster_issuer",
      "provider": "provider[\"registry.terraform.io/hashicorp/template\"]",
      "instances": [
        {
          "schema_version": 0,
          "attributes": {
            "filename": null,
            "id": "c8fe99430abf9ee42d0d0a82d8b407fae11ecf649d50b6d9df87dc5029d7e7c7",
            "rendered": "# Copyright (c) 2020 Gitpod GmbH. All rights reserved.\n# Licensed under the MIT License. See License-MIT.txt in the project root for license information.\n\napiVersion: cert-manager.io/v1\nkind: ClusterIssuer\nmetadata:\n  name: letsencrypt-issuer\nspec:\n  acme:\n    server: https://acme-v02.api.letsencrypt.org/directory\n    email: \"test@test.sh\"\n    privateKeySecretRef:\n      name: letsencrypt-private-key\n    solvers:\n      - dns01:\n          cloudDNS:\n            # The ID of the GCP project\n            project: gpl-sh-090-3\n            # This is the secret used to access the service account\n            serviceAccountSecretRef:\n              name: clouddns-dns01-solver-svc-acct\n              key: credentials.json\n",
            "template": "# Copyright (c) 2020 Gitpod GmbH. All rights reserved.\n# Licensed under the MIT License. See License-MIT.txt in the project root for license information.\n\napiVersion: cert-manager.io/v1\nkind: ClusterIssuer\nmetadata:\n  name: ${name}\nspec:\n  acme:\n    server: https://acme-v02.api.letsencrypt.org/directory\n    email: \"${email}\"\n    privateKeySecretRef:\n      name: ${key_name}\n    solvers:\n      - dns01:\n          cloudDNS:\n            # The ID of the GCP project\n            project: ${project}\n            # This is the secret used to access the service account\n            serviceAccountSecretRef:\n              name: ${secret_name}\n              key: credentials.json\n",
            "vars": {
              "email": "test@test.sh",
              "key_name": "letsencrypt-private-key",
              "name": "letsencrypt-issuer",
              "project": "gpl-sh-090-3",
              "secret_name": "clouddns-dns01-solver-svc-acct"
            }
          },
          "sensitive_attributes": []
        }
      ]
    },
    {
      "module": "module.certmanager",
      "mode": "data",
      "type": "template_file",
      "name": "values",
      "provider": "provider[\"registry.terraform.io/hashicorp/template\"]",
      "instances": [
        {
          "schema_version": 0,
          "attributes": {
            "filename": null,
            "id": "6b4f204faa748b2beb9d8071f10caaf063da0670a040a77acde4a672677e8725",
            "rendered": "certificatesSecret:\n  secretName: gitpod-certificate\n  keyName: tls.key\n  chainName: tls.crt\n  fullChainName: tls.crt\n\ncomponents:\n  restarter:\n    enabled: true\n",
            "template": "certificatesSecret:\n  secretName: ${secret_name}\n  keyName: ${key_name}\n  chainName: ${chain_name}\n  fullChainName: ${full_chain_name}\n\ncomponents:\n  restarter:\n    enabled: true\n",
            "vars": {
              "chain_name": "tls.crt",
              "full_chain_name": "tls.crt",
              "key_name": "tls.key",
              "secret_name": "gitpod-certificate"
            }
          },
          "sensitive_attributes": []
        }
      ]
    },
    {
      "module": "module.certmanager",
      "mode": "managed",
      "type": "google_project_iam_member",
      "name": "project",
      "provider": "provider[\"registry.terraform.io/hashicorp/google\"]",
      "instances": [
        {
          "schema_version": 0,
          "attributes": {
            "condition": [],
            "etag": "BwXBasRJJWc=",
            "id": "gpl-sh-090-3/roles/dns.admin/serviceAccount:certmanger@gpl-sh-090-3.iam.gserviceaccount.com",
            "member": "serviceAccount:certmanger@gpl-sh-090-3.iam.gserviceaccount.com",
            "project": "gpl-sh-090-3",
            "role": "roles/dns.admin"
          },
          "sensitive_attributes": [],
          "private": "bnVsbA==",
          "dependencies": [
            "module.certmanager.google_service_account.certmanager"
          ]
        }
      ]
    },
    {
      "module": "module.certmanager",
      "mode": "managed",
      "type": "google_service_account",
      "name": "certmanager",
      "provider": "provider[\"registry.terraform.io/hashicorp/google\"]",
      "instances": [
        {
          "schema_version": 0,
          "attributes": {
            "account_id": "certmanger",
            "description": "Cert-Manager Account certmanger",
            "display_name": "certmanger",
            "email": "certmanger@gpl-sh-090-3.iam.gserviceaccount.com",
            "id": "projects/gpl-sh-090-3/serviceAccounts/certmanger@gpl-sh-090-3.iam.gserviceaccount.com",
            "name": "projects/gpl-sh-090-3/serviceAccounts/certmanger@gpl-sh-090-3.iam.gserviceaccount.com",
            "project": "gpl-sh-090-3",
            "timeouts": null,
            "unique_id": "101723156074465487158"
          },
          "sensitive_attributes": [],
          "private": "eyJlMmJmYjczMC1lY2FhLTExZTYtOGY4OC0zNDM2M2JjN2M0YzAiOnsiY3JlYXRlIjozMDAwMDAwMDAwMDB9fQ=="
        }
      ]
    },
    {
      "module": "module.certmanager",
      "mode": "managed",
      "type": "google_service_account_key",
      "name": "certmanager",
      "provider": "provider[\"registry.terraform.io/hashicorp/google\"]",
      "instances": [
        {
          "schema_version": 0,
          "attributes": {
            "id": "projects/gpl-sh-090-3/serviceAccounts/certmanger@gpl-sh-090-3.iam.gserviceaccount.com/keys/949f9b6877653a4854560c995052d1c60a05ae80",
            "keepers": null,
            "key_algorithm": "KEY_ALG_RSA_2048",
            "name": "projects/gpl-sh-090-3/serviceAccounts/certmanger@gpl-sh-090-3.iam.gserviceaccount.com/keys/949f9b6877653a4854560c995052d1c60a05ae80",
            "private_key": "ewogICJ0eXBlIjogInNlcnZpY2VfYWNjb3VudCIsCiAgInByb2plY3RfaWQiOiAiZ3BsLXNoLTA5MC0zIiwKICAicHJpdmF0ZV9rZXlfaWQiOiAiOTQ5ZjliNjg3NzY1M2E0ODU0NTYwYzk5NTA1MmQxYzYwYTA1YWU4MCIsCiAgInByaXZhdGVfa2V5IjogIi0tLS0tQkVHSU4gUFJJVkFURSBLRVktLS0tLVxuTUlJRXZnSUJBREFOQmdrcWhraUc5dzBCQVFFRkFBU0NCS2d3Z2dTa0FnRUFBb0lCQVFETGZkQVVIaXQrdlh1c1xuTWVKY2c3WlVUbzh4MFcwT2xKTXcyYjV2MFVsMFJTUHBUZzJYRmVCRTQ0WVNicUJORHhIQjFYa1JnVVJNOFBTNFxuRmY5eG5ONmZOMnVEVy9qZ2Z1dVVBeGR3M1MrQVpKWWVxUmdWV3RzQWw2bXZ5WDFiTmhYamdjaS9LTGtqU2xmRlxuMW56Y2xRZ3kwbS9MSWJzTk51MHZGUVB4M0h3UmtSTjNidDN4SjhuY1cxVFZlVDNLMlk3bmlUQlRNaXo4dXMydFxuQ05tNnJMMDdCeDVMaFJIYjZpTlB1RU9PTm9zaWpXZlI2RE41OVFhdUJGbytNaUFFbnF0UlpETjYyYlpxY2lsTFxuMjM3ZFEyeTZhSXdndmF1RmE1SXk4VmFhSjdjQllybFZoNEN6cFJKNW44VVpCOVdXa3h4akJoaW1OQ3Z5TjdieFxuaExtRjI3MjNBZ01CQUFFQ2dnRUFKZ09yNG9ZOFUrSHIvNkFXREhoaWtGOVlxdExYejdoN3dzMTZvUUwwK082TlxucGVENTh2YVlQZVpQUHBSQ0NBTS9xdmxKTTdiMVhuWkpFVGF5MExPZ2R4ZndVc3JVdElPaFdMWTNJOU4rTXpzWFxuUEVVVWhiRENadHJ1VFRPVDRuMDVHNVk4UFZITFBFZUFIQ3BVaXhTZ1FuWkRnaXdiK0gwQlZDRlY2bEhwTDVLWVxuSWdweDhLZjN5VGswZGZ1clk2SVZTUUFpeHZvRkU1Vk15bG9PVEVBbGhUZytCdWU5OWc5ZjBEYnBvUHZVN2FVUFxuLytBeDRQS0l3S043NEsrRmpQUkxWdDVOWHRaQWZ4K2hnN2N0SFp0NDNldS9nRkNaMWUwL1BiczRGNXlOL1NFQ1xucDBiZzlwUGlyWWlQZUVNc1NLYUdtTGQ1TU4xdVZLT3VGSTVEdG56Z1NRS0JnUUR5N2NDbGZMNFNkSFB3R2pKalxuUkpmSnhtNG5jZW5Lell5a2hNRW1PcS90MjV4NVQyNWVRN3NmTDVvZDc1U0twZWxDK0RFUC8vdW5ManBaZXZYcVxueUREYnpDdHAyVSt5QTBlMUdEZGJyVU1XalBFdDJyZmV4Nnd0bTkwN3loNGo4NTU4SVJ6dXlCY2lRTnBDekJETFxuMTYzRlVCSEtNNml0ZTFyQUpnQTZLd2ZDTFFLQmdRRFdjTlBXZlYxRUNyckI1dlJ3bkFPbC9pS3I1Q3dzeWVmZlxuOENrK0phc1pVc3E5d29kTjN6VWxOcW9VVHZUWlNyQUhPTzllMWpMM0Y2Y2RUUlg2emNibXo0V3djOXZmWFJzQ1xuVWJIMllkRTgwNXFDVE11YXRyTUN3TTRhSUV3STB6S3JPZ2VwUHZ6MjhpeTRZSnRiakljaXhmWnJscm9aSE0zUFxuYXEwMEZaVkI4d0tCZ1FDc1BxK05wdmtPRk12dnZtTmp4MHJvb20yUVFsREdueC9OdHVOTXUrZnArd0RqY3RLS1xudS9OOWxUN3RZdVlydUovQUFFS3BXWk9SWWxHMUNGNDlibHhXUEZtNzMzMkdkcFR0YnBJeHlwUDY5VXc4ZXd4TVxuUmI5clIweUNERGw2dkUzdkxYdGFRejFENkQvWmhOK1Q2UVVwRmpERzhnSHpuN2NrN3N6U2NaZzZzUUtCZ1FDZVxudm1salYreXFDUk5WcFdZQTBzMjBuTndIeVdLV1NXVTRscTNCVHR0SlpNdW5EQkZqcVQvTGE1c2VhNURBSnBVR1xuMDdRSHphTnUzWGlkclVuL0gwUUY2MHY1WXRzNmo4OEZ1WHAzZk5RTEprNHo5U3VvUFdWcFBWZVZhYUUveXpDd1xuSnNZekdPamsya1FXdlpWa2dUUXNuc1did2JuRUMxbWtHVUZjMURsbzF3S0JnR2tHUlVIYmhHdGFaejlzWHB3SVxuOURyM0NhT0U0ZHJTUmM1bWJmZW9ibFJIOEhpdDFMQS8yWUppTXRXRUdsS3p5eitzUkhVTzNuVTZCa0hDL3V1RFxuZUd0RXBsMVBBSFh4T0UwQWU0S3JnT09NZGswZVdwc1BvVmNHQkpYN1dDbmlsaHYwb0xuY3MyL09TMXNuWmZSNFxuSzRkWGZIMlVocHM1WlVXUDVyN2xLdkRCXG4tLS0tLUVORCBQUklWQVRFIEtFWS0tLS0tXG4iLAogICJjbGllbnRfZW1haWwiOiAiY2VydG1hbmdlckBncGwtc2gtMDkwLTMuaWFtLmdzZXJ2aWNlYWNjb3VudC5jb20iLAogICJjbGllbnRfaWQiOiAiMTAxNzIzMTU2MDc0NDY1NDg3MTU4IiwKICAiYXV0aF91cmkiOiAiaHR0cHM6Ly9hY2NvdW50cy5nb29nbGUuY29tL28vb2F1dGgyL2F1dGgiLAogICJ0b2tlbl91cmkiOiAiaHR0cHM6Ly9vYXV0aDIuZ29vZ2xlYXBpcy5jb20vdG9rZW4iLAogICJhdXRoX3Byb3ZpZGVyX3g1MDlfY2VydF91cmwiOiAiaHR0cHM6Ly93d3cuZ29vZ2xlYXBpcy5jb20vb2F1dGgyL3YxL2NlcnRzIiwKICAiY2xpZW50X3g1MDlfY2VydF91cmwiOiAiaHR0cHM6Ly93d3cuZ29vZ2xlYXBpcy5jb20vcm9ib3QvdjEvbWV0YWRhdGEveDUwOS9jZXJ0bWFuZ2VyJTQwZ3BsLXNoLTA5MC0zLmlhbS5nc2VydmljZWFjY291bnQuY29tIgp9Cg==",
            "private_key_type": "TYPE_GOOGLE_CREDENTIALS_FILE",
            "public_key": "LS0tLS1CRUdJTiBDRVJUSUZJQ0FURS0tLS0tCk1JSUMvRENDQWVTZ0F3SUJBZ0lJZFBSTk9Qc3IyYUV3RFFZSktvWklodmNOQVFFRkJRQXdJREVlTUJ3R0ExVUUKQXhNVk1UQXhOekl6TVRVMk1EYzBORFkxTkRnM01UVTRNQ0FYRFRJeE1EVXdNekV3TlRNd01sb1lEems1T1RreApNak14TWpNMU9UVTVXakFnTVI0d0hBWURWUVFERXhVeE1ERTNNak14TlRZd056UTBOalUwT0RjeE5UZ3dnZ0VpCk1BMEdDU3FHU0liM0RRRUJBUVVBQTRJQkR3QXdnZ0VLQW9JQkFRRExmZEFVSGl0K3ZYdXNNZUpjZzdaVVRvOHgKMFcwT2xKTXcyYjV2MFVsMFJTUHBUZzJYRmVCRTQ0WVNicUJORHhIQjFYa1JnVVJNOFBTNEZmOXhuTjZmTjJ1RApXL2pnZnV1VUF4ZHczUytBWkpZZXFSZ1ZXdHNBbDZtdnlYMWJOaFhqZ2NpL0tMa2pTbGZGMW56Y2xRZ3kwbS9MCklic05OdTB2RlFQeDNId1JrUk4zYnQzeEo4bmNXMVRWZVQzSzJZN25pVEJUTWl6OHVzMnRDTm02ckwwN0J4NUwKaFJIYjZpTlB1RU9PTm9zaWpXZlI2RE41OVFhdUJGbytNaUFFbnF0UlpETjYyYlpxY2lsTDIzN2RRMnk2YUl3Zwp2YXVGYTVJeThWYWFKN2NCWXJsVmg0Q3pwUko1bjhVWkI5V1dreHhqQmhpbU5DdnlON2J4aExtRjI3MjNBZ01CCkFBR2pPREEyTUF3R0ExVWRFd0VCL3dRQ01BQXdEZ1lEVlIwUEFRSC9CQVFEQWdlQU1CWUdBMVVkSlFFQi93UU0KTUFvR0NDc0dBUVVGQndNQ01BMEdDU3FHU0liM0RRRUJCUVVBQTRJQkFRQkhlR2I3NVRzakVaTGttMDJTcnA0SApWcHI3dXN1L1RpTnZlSHMwRHoxelhsMG52K085bmpEV21rMmhjbHpoRHFPME5OdjBsYldrVWpzdTQ1NlYxUkZaClVTd3ZEMXI0cDl3c05JZ3RiNDkwZlVibUdtcHdROVByQnJwc3NwdExnY2hwSTU0UTRhTWwxTkRvWFZDWmlwQWoKbGJxcWhhdU45dXltZmlpdFBzVERkT1Z4Ni9tODNFaUtRamlqeVd4ZW01VzhNOEhuOUJIbUkvNWsyNk9jS21sRAoySTJvb0UxV2tYeE1palRHamlBVmlRc21BbDgzMUw0UUNSS1J0SnVYWUJ6S3F0dWx4Snh2dExUR0RSSlk2aFZlCjVhSUtMdTF4V3ViazA1dEFWRldOdmUwMm1DUmpNWVY1ckxLcGxFZ1p5Z3NLSk11ZHBTK296eHh3TVZsaGFMMFcKLS0tLS1FTkQgQ0VSVElGSUNBVEUtLS0tLQo=",
            "public_key_data": null,
            "public_key_type": "TYPE_X509_PEM_FILE",
            "service_account_id": "projects/gpl-sh-090-3/serviceAccounts/certmanger@gpl-sh-090-3.iam.gserviceaccount.com",
            "valid_after": "2021-05-03T10:53:02Z",
            "valid_before": "9999-12-31T23:59:59Z"
          },
          "sensitive_attributes": [],
          "private": "bnVsbA==",
          "dependencies": [
            "module.certmanager.google_service_account.certmanager"
          ]
        }
      ]
    },
    {
      "module": "module.certmanager",
      "mode": "managed",
      "type": "helm_release",
      "name": "certmanager",
      "provider": "provider[\"registry.terraform.io/hashicorp/helm\"]",
      "instances": [
        {
          "schema_version": 0,
          "attributes": {
            "atomic": false,
            "chart": "cert-manager",
            "cleanup_on_fail": false,
            "create_namespace": false,
            "dependency_update": false,
            "description": null,
            "devel": null,
            "disable_crd_hooks": false,
            "disable_openapi_validation": false,
            "disable_webhooks": false,
            "force_update": false,
            "id": "certmanger",
            "keyring": null,
            "lint": false,
            "manifest": null,
            "max_history": 0,
            "metadata": [
              {
                "app_version": "v1.3.1",
                "chart": "cert-manager",
                "name": "certmanger",
                "namespace": "certmanager",
                "revision": 1,
                "values": "{\"installCRDs\":true}",
                "version": "v1.3.1"
              }
            ],
            "name": "certmanger",
            "namespace": "certmanager",
            "postrender": [],
            "recreate_pods": false,
            "render_subchart_notes": true,
            "replace": false,
            "repository": "https://charts.jetstack.io",
            "repository_ca_file": null,
            "repository_cert_file": null,
            "repository_key_file": null,
            "repository_password": null,
            "repository_username": null,
            "reset_values": false,
            "reuse_values": false,
            "set": [
              {
                "name": "installCRDs",
                "type": "",
                "value": "true"
              }
            ],
            "set_sensitive": [],
            "skip_crds": false,
            "status": "deployed",
            "timeout": 300,
            "values": null,
            "verify": false,
            "version": "v1.3.1",
            "wait": true
          },
          "sensitive_attributes": [],
          "private": "bnVsbA==",
          "dependencies": [
            "data.google_client_config.provider",
            "google_compute_network.gitpod",
            "module.certmanager.kubernetes_namespace.certmanager",
            "module.kubernetes.google_compute_subnetwork.gitpod",
            "module.kubernetes.google_container_cluster.gitpod"
          ]
        }
      ]
    },
    {
      "module": "module.certmanager",
      "mode": "managed",
      "type": "kubectl_manifest",
      "name": "certificate",
      "provider": "provider[\"registry.terraform.io/gavinbunney/kubectl\"]",
      "instances": [
        {
          "schema_version": 0,
          "attributes": {
            "api_version": "cert-manager.io/v1alpha2",
            "force_new": false,
            "id": "/apis/cert-manager.io/v1alpha2/namespaces/default/certificates/gitpod-certificate",
            "ignore_fields": null,
            "kind": "Certificate",
            "live_manifest_incluster": "apiVersion=cert-manager.io/v1alpha2,kind=Certificate,metadata.name=gitpod-certificate,metadata.namespace=default,spec.dnsNames.#=3,spec.dnsNames.0=gpl.gitpod-self-hosted.com,spec.dnsNames.1=*.gpl.gitpod-self-hosted.com,spec.dnsNames.2=*.ws.gpl.gitpod-self-hosted.com,spec.issuerRef.kind=ClusterIssuer,spec.issuerRef.name=letsencrypt-issuer,spec.renewBefore=24h0m0s,spec.secretName=gitpod-certificate",
            "live_resource_version": "20375",
            "live_uid": "d276bb89-af3b-4b36-b454-f435af039ea3",
            "name": "gitpod-certificate",
            "namespace": "default",
            "override_namespace": null,
            "resource_version": "20375",
            "sensitive_fields": null,
            "timeouts": null,
            "uid": "d276bb89-af3b-4b36-b454-f435af039ea3",
            "validate_schema": true,
            "wait": null,
            "wait_for_rollout": true,
            "yaml_body": "# Copyright (c) 2020 Gitpod GmbH. All rights reserved.\n# Licensed under the MIT License. See License-MIT.txt in the project root for license information.\n\napiVersion: cert-manager.io/v1alpha2\nkind: Certificate\nmetadata:\n  name: gitpod-certificate\n  namespace: default\nspec:\n  secretName: gitpod-certificate\n  renewBefore: 24h\n  dnsNames:\n    - \"gpl.gitpod-self-hosted.com\"\n    - \"*.gpl.gitpod-self-hosted.com\"\n    - \"*.ws.gpl.gitpod-self-hosted.com\"\n  issuerRef:\n    name: letsencrypt-issuer\n    kind: ClusterIssuer",
            "yaml_body_parsed": "apiVersion: cert-manager.io/v1alpha2\nkind: Certificate\nmetadata:\n  name: gitpod-certificate\n  namespace: default\nspec:\n  dnsNames:\n  - gpl.gitpod-self-hosted.com\n  - '*.gpl.gitpod-self-hosted.com'\n  - '*.ws.gpl.gitpod-self-hosted.com'\n  issuerRef:\n    kind: ClusterIssuer\n    name: letsencrypt-issuer\n  renewBefore: 24h\n  secretName: gitpod-certificate\n",
            "yaml_incluster": "apiVersion=cert-manager.io/v1alpha2,kind=Certificate,metadata.name=gitpod-certificate,metadata.namespace=default,spec.dnsNames.#=3,spec.dnsNames.0=gpl.gitpod-self-hosted.com,spec.dnsNames.1=*.gpl.gitpod-self-hosted.com,spec.dnsNames.2=*.ws.gpl.gitpod-self-hosted.com,spec.issuerRef.kind=ClusterIssuer,spec.issuerRef.name=letsencrypt-issuer,spec.renewBefore=24h0m0s,spec.secretName=gitpod-certificate"
          },
          "sensitive_attributes": [],
          "private": "eyJlMmJmYjczMC1lY2FhLTExZTYtOGY4OC0zNDM2M2JjN2M0YzAiOnsiY3JlYXRlIjo2MDAwMDAwMDAwMDB9fQ==",
          "dependencies": [
            "data.google_client_config.provider",
            "module.certmanager.data.template_file.certificate",
            "module.kubernetes.google_container_cluster.gitpod"
          ]
        }
      ]
    },
    {
      "module": "module.certmanager",
      "mode": "managed",
      "type": "kubectl_manifest",
      "name": "clusterissuer",
      "provider": "provider[\"registry.terraform.io/gavinbunney/kubectl\"]",
      "instances": [
        {
          "schema_version": 0,
          "attributes": {
            "api_version": "cert-manager.io/v1",
            "force_new": false,
            "id": "/apis/cert-manager.io/v1/clusterissuers/letsencrypt-issuer",
            "ignore_fields": null,
            "kind": "ClusterIssuer",
            "live_manifest_incluster": "apiVersion=cert-manager.io/v1,kind=ClusterIssuer,metadata.name=letsencrypt-issuer,spec.acme.email=test@test.sh,spec.acme.privateKeySecretRef.name=letsencrypt-private-key,spec.acme.server=https://acme-v02.api.letsencrypt.org/directory,spec.acme.solvers.#=1,spec.acme.solvers.0.dns01.cloudDNS.project=gpl-sh-090-3,spec.acme.solvers.0.dns01.cloudDNS.serviceAccountSecretRef.key=credentials.json,spec.acme.solvers.0.dns01.cloudDNS.serviceAccountSecretRef.name=clouddns-dns01-solver-svc-acct",
            "live_resource_version": "20393",
            "live_uid": "a8c9e0bf-f2fa-4d63-8f24-19bd32a439b9",
            "name": "letsencrypt-issuer",
            "namespace": null,
            "override_namespace": null,
            "resource_version": "20393",
            "sensitive_fields": null,
            "timeouts": null,
            "uid": "a8c9e0bf-f2fa-4d63-8f24-19bd32a439b9",
            "validate_schema": true,
            "wait": null,
            "wait_for_rollout": true,
            "yaml_body": "# Copyright (c) 2020 Gitpod GmbH. All rights reserved.\n# Licensed under the MIT License. See License-MIT.txt in the project root for license information.\n\napiVersion: cert-manager.io/v1\nkind: ClusterIssuer\nmetadata:\n  name: letsencrypt-issuer\nspec:\n  acme:\n    server: https://acme-v02.api.letsencrypt.org/directory\n    email: \"test@test.sh\"\n    privateKeySecretRef:\n      name: letsencrypt-private-key\n    solvers:\n      - dns01:\n          cloudDNS:\n            # The ID of the GCP project\n            project: gpl-sh-090-3\n            # This is the secret used to access the service account\n            serviceAccountSecretRef:\n              name: clouddns-dns01-solver-svc-acct\n              key: credentials.json\n",
            "yaml_body_parsed": "apiVersion: cert-manager.io/v1\nkind: ClusterIssuer\nmetadata:\n  name: letsencrypt-issuer\nspec:\n  acme:\n    email: test@test.sh\n    privateKeySecretRef:\n      name: letsencrypt-private-key\n    server: https://acme-v02.api.letsencrypt.org/directory\n    solvers:\n    - dns01:\n        cloudDNS:\n          project: gpl-sh-090-3\n          serviceAccountSecretRef:\n            key: credentials.json\n            name: clouddns-dns01-solver-svc-acct\n",
            "yaml_incluster": "apiVersion=cert-manager.io/v1,kind=ClusterIssuer,metadata.name=letsencrypt-issuer,spec.acme.email=test@test.sh,spec.acme.privateKeySecretRef.name=letsencrypt-private-key,spec.acme.server=https://acme-v02.api.letsencrypt.org/directory,spec.acme.solvers.#=1,spec.acme.solvers.0.dns01.cloudDNS.project=gpl-sh-090-3,spec.acme.solvers.0.dns01.cloudDNS.serviceAccountSecretRef.key=credentials.json,spec.acme.solvers.0.dns01.cloudDNS.serviceAccountSecretRef.name=clouddns-dns01-solver-svc-acct"
          },
          "sensitive_attributes": [],
          "private": "eyJlMmJmYjczMC1lY2FhLTExZTYtOGY4OC0zNDM2M2JjN2M0YzAiOnsiY3JlYXRlIjo2MDAwMDAwMDAwMDB9fQ==",
          "dependencies": [
            "data.google_client_config.provider",
            "module.certmanager.data.template_file.cluster_issuer",
            "module.certmanager.google_service_account.certmanager",
            "module.certmanager.google_service_account_key.certmanager",
            "module.certmanager.kubernetes_namespace.certmanager",
            "module.certmanager.kubernetes_secret.certmanager",
            "module.kubernetes.google_container_cluster.gitpod"
          ]
        }
      ]
    },
    {
      "module": "module.certmanager",
      "mode": "managed",
      "type": "kubernetes_namespace",
      "name": "certmanager",
      "provider": "provider[\"registry.terraform.io/hashicorp/kubernetes\"]",
      "instances": [
        {
          "schema_version": 0,
          "attributes": {
            "id": "certmanager",
            "metadata": [
              {
                "annotations": {},
                "generate_name": "",
                "generation": 0,
                "labels": {},
                "name": "certmanager",
                "resource_version": "18945",
                "self_link": "",
                "uid": "eca243a0-507d-4c88-b853-0544269fceaa"
              }
            ],
            "timeouts": null
          },
          "sensitive_attributes": [],
          "private": "eyJlMmJmYjczMC1lY2FhLTExZTYtOGY4OC0zNDM2M2JjN2M0YzAiOnsiZGVsZXRlIjozMDAwMDAwMDAwMDB9fQ==",
          "dependencies": [
            "data.google_client_config.provider",
            "google_compute_network.gitpod",
            "module.kubernetes.google_compute_subnetwork.gitpod",
            "module.kubernetes.google_container_cluster.gitpod"
          ]
        }
      ]
    },
    {
      "module": "module.certmanager",
      "mode": "managed",
      "type": "kubernetes_secret",
      "name": "certmanager",
      "provider": "provider[\"registry.terraform.io/hashicorp/kubernetes\"]",
      "instances": [
        {
          "schema_version": 0,
          "attributes": {
            "data": {
              "credentials.json": "{\n  \"type\": \"service_account\",\n  \"project_id\": \"gpl-sh-090-3\",\n  \"private_key_id\": \"949f9b6877653a4854560c995052d1c60a05ae80\",\n  \"private_key\": \"-----BEGIN PRIVATE KEY-----\\nMIIEvgIBADANBgkqhkiG9w0BAQEFAASCBKgwggSkAgEAAoIBAQDLfdAUHit+vXus\\nMeJcg7ZUTo8x0W0OlJMw2b5v0Ul0RSPpTg2XFeBE44YSbqBNDxHB1XkRgURM8PS4\\nFf9xnN6fN2uDW/jgfuuUAxdw3S+AZJYeqRgVWtsAl6mvyX1bNhXjgci/KLkjSlfF\\n1nzclQgy0m/LIbsNNu0vFQPx3HwRkRN3bt3xJ8ncW1TVeT3K2Y7niTBTMiz8us2t\\nCNm6rL07Bx5LhRHb6iNPuEOONosijWfR6DN59QauBFo+MiAEnqtRZDN62bZqcilL\\n237dQ2y6aIwgvauFa5Iy8VaaJ7cBYrlVh4CzpRJ5n8UZB9WWkxxjBhimNCvyN7bx\\nhLmF2723AgMBAAECggEAJgOr4oY8U+Hr/6AWDHhikF9YqtLXz7h7ws16oQL0+O6N\\npeD58vaYPeZPPpRCCAM/qvlJM7b1XnZJETay0LOgdxfwUsrUtIOhWLY3I9N+MzsX\\nPEUUhbDCZtruTTOT4n05G5Y8PVHLPEeAHCpUixSgQnZDgiwb+H0BVCFV6lHpL5KY\\nIgpx8Kf3yTk0dfurY6IVSQAixvoFE5VMyloOTEAlhTg+Bue99g9f0DbpoPvU7aUP\\n/+Ax4PKIwKN74K+FjPRLVt5NXtZAfx+hg7ctHZt43eu/gFCZ1e0/Pbs4F5yN/SEC\\np0bg9pPirYiPeEMsSKaGmLd5MN1uVKOuFI5DtnzgSQKBgQDy7cClfL4SdHPwGjJj\\nRJfJxm4ncenKzYykhMEmOq/t25x5T25eQ7sfL5od75SKpelC+DEP//unLjpZevXq\\nyDDbzCtp2U+yA0e1GDdbrUMWjPEt2rfex6wtm907yh4j8558IRzuyBciQNpCzBDL\\n163FUBHKM6ite1rAJgA6KwfCLQKBgQDWcNPWfV1ECrrB5vRwnAOl/iKr5Cwsyeff\\n8Ck+JasZUsq9wodN3zUlNqoUTvTZSrAHOO9e1jL3F6cdTRX6zcbmz4Wwc9vfXRsC\\nUbH2YdE805qCTMuatrMCwM4aIEwI0zKrOgepPvz28iy4YJtbjIcixfZrlroZHM3P\\naq00FZVB8wKBgQCsPq+NpvkOFMvvvmNjx0room2QQlDGnx/NtuNMu+fp+wDjctKK\\nu/N9lT7tYuYruJ/AAEKpWZORYlG1CF49blxWPFm7332GdpTtbpIxypP69Uw8ewxM\\nRb9rR0yCDDl6vE3vLXtaQz1D6D/ZhN+T6QUpFjDG8gHzn7ck7szScZg6sQKBgQCe\\nvmljV+yqCRNVpWYA0s20nNwHyWKWSWU4lq3BTttJZMunDBFjqT/La5sea5DAJpUG\\n07QHzaNu3XidrUn/H0QF60v5Yts6j88FuXp3fNQLJk4z9SuoPWVpPVeVaaE/yzCw\\nJsYzGOjk2kQWvZVkgTQsnsWbwbnEC1mkGUFc1Dlo1wKBgGkGRUHbhGtaZz9sXpwI\\n9Dr3CaOE4drSRc5mbfeoblRH8Hit1LA/2YJiMtWEGlKzyz+sRHUO3nU6BkHC/uuD\\neGtEpl1PAHXxOE0Ae4KrgOOMdk0eWpsPoVcGBJX7WCnilhv0oLncs2/OS1snZfR4\\nK4dXfH2Uhps5ZUWP5r7lKvDB\\n-----END PRIVATE KEY-----\\n\",\n  \"client_email\": \"certmanger@gpl-sh-090-3.iam.gserviceaccount.com\",\n  \"client_id\": \"101723156074465487158\",\n  \"auth_uri\": \"https://accounts.google.com/o/oauth2/auth\",\n  \"token_uri\": \"https://oauth2.googleapis.com/token\",\n  \"auth_provider_x509_cert_url\": \"https://www.googleapis.com/oauth2/v1/certs\",\n  \"client_x509_cert_url\": \"https://www.googleapis.com/robot/v1/metadata/x509/certmanger%40gpl-sh-090-3.iam.gserviceaccount.com\"\n}\n"
            },
            "id": "certmanager/clouddns-dns01-solver-svc-acct",
            "metadata": [
              {
                "annotations": null,
                "generate_name": "",
                "generation": 0,
                "labels": null,
                "name": "clouddns-dns01-solver-svc-acct",
                "namespace": "certmanager",
                "resource_version": "20391",
                "self_link": "",
                "uid": "c09f988c-3a4c-4569-86e0-f82891669f43"
              }
            ],
            "type": "Opaque"
          },
          "sensitive_attributes": [],
          "private": "bnVsbA==",
          "dependencies": [
            "data.google_client_config.provider",
            "module.certmanager.google_service_account.certmanager",
            "module.certmanager.google_service_account_key.certmanager",
            "module.certmanager.kubernetes_namespace.certmanager",
            "module.kubernetes.google_container_cluster.gitpod"
          ]
        }
      ]
    },
    {
      "module": "module.database",
      "mode": "data",
      "type": "template_file",
      "name": "values",
      "provider": "provider[\"registry.terraform.io/hashicorp/template\"]",
      "instances": [
        {
          "schema_version": 0,
          "attributes": {
            "filename": null,
            "id": "2feda1d1f8ce20cd45b19089f26646ab5c42487b81a842d712e3c5c9132446c4",
            "rendered": "# Copyright (c) 2020 Gitpod GmbH. All rights reserved.\n# Licensed under the MIT License. See License-MIT.txt in the project root for license information.\n\ndb:\n  host: \"10.194.0.3\"\n  password: \"kqbPzZLO29P%N_tq\"\n\ncomponents:\n  db:\n    autoMigrate: true\n    gcloudSqlProxy:\n      enabled: true\n      instance: gpl-sh-090-3:europe-west3:gitpod-db-f68922fd\n      credentials: gcloud-sql-token\n    serviceType: ClusterIP\n\nmysql:\n  enabled: false\n",
            "template": "# Copyright (c) 2020 Gitpod GmbH. All rights reserved.\n# Licensed under the MIT License. See License-MIT.txt in the project root for license information.\n\ndb:\n  host: \"${host}\"\n  password: \"${password}\"\n\ncomponents:\n  db:\n    autoMigrate: true\n    gcloudSqlProxy:\n      enabled: true\n      instance: ${instance}\n      credentials: ${credentials}\n    serviceType: ClusterIP\n\nmysql:\n  enabled: false\n",
            "vars": {
              "credentials": "gcloud-sql-token",
              "host": "10.194.0.3",
              "instance": "gpl-sh-090-3:europe-west3:gitpod-db-f68922fd",
              "password": "kqbPzZLO29P%N_tq"
            }
          },
          "sensitive_attributes": []
        }
      ]
    },
    {
      "module": "module.database",
      "mode": "managed",
      "type": "google_compute_global_address",
      "name": "gitpod",
      "provider": "provider[\"registry.terraform.io/hashicorp/google\"]",
      "instances": [
        {
          "schema_version": 0,
          "attributes": {
            "address": "10.194.0.0",
            "address_type": "INTERNAL",
            "creation_timestamp": "2021-05-03T03:07:47.685-07:00",
            "description": "",
            "id": "projects/gpl-sh-090-3/global/addresses/gitpod-db",
            "ip_version": "",
            "name": "gitpod-db",
            "network": "https://www.googleapis.com/compute/v1/projects/gpl-sh-090-3/global/networks/gitpod",
            "prefix_length": 16,
            "project": "gpl-sh-090-3",
            "purpose": "VPC_PEERING",
            "self_link": "https://www.googleapis.com/compute/v1/projects/gpl-sh-090-3/global/addresses/gitpod-db",
            "timeouts": null
          },
          "sensitive_attributes": [],
          "private": "eyJlMmJmYjczMC1lY2FhLTExZTYtOGY4OC0zNDM2M2JjN2M0YzAiOnsiY3JlYXRlIjoyNDAwMDAwMDAwMDAsImRlbGV0ZSI6MjQwMDAwMDAwMDAwfX0=",
          "dependencies": [
            "google_compute_network.gitpod"
          ]
        }
      ]
    },
    {
      "module": "module.database",
      "mode": "managed",
      "type": "google_compute_network_peering_routes_config",
      "name": "servicenetwork",
      "provider": "provider[\"registry.terraform.io/hashicorp/google\"]",
      "instances": [
        {
          "schema_version": 0,
          "attributes": {
            "export_custom_routes": true,
            "id": "projects/gpl-sh-090-3/global/networks/gitpod/networkPeerings/servicenetworking-googleapis-com",
            "import_custom_routes": true,
            "network": "gitpod",
            "peering": "servicenetworking-googleapis-com",
            "project": "gpl-sh-090-3",
            "timeouts": null
          },
          "sensitive_attributes": [],
          "private": "eyJlMmJmYjczMC1lY2FhLTExZTYtOGY4OC0zNDM2M2JjN2M0YzAiOnsiY3JlYXRlIjozNjAwMDAwMDAwMDAsImRlbGV0ZSI6MzYwMDAwMDAwMDAwLCJ1cGRhdGUiOjM2MDAwMDAwMDAwMH19",
          "dependencies": [
            "google_compute_network.gitpod",
            "module.database.google_compute_global_address.gitpod",
            "module.database.google_service_networking_connection.gitpod",
            "module.database.google_sql_database_instance.gitpod",
            "module.database.random_id.database"
          ]
        }
      ]
    },
    {
      "module": "module.database",
      "mode": "managed",
      "type": "google_project_iam_binding",
      "name": "gitpod_database",
      "provider": "provider[\"registry.terraform.io/hashicorp/google\"]",
      "instances": [
        {
          "schema_version": 0,
          "attributes": {
            "condition": [],
            "etag": "BwXBanSwj5I=",
            "id": "gpl-sh-090-3/roles/cloudsql.client",
            "members": [
              "serviceAccount:gitpod-db@gpl-sh-090-3.iam.gserviceaccount.com"
            ],
            "project": "gpl-sh-090-3",
            "role": "roles/cloudsql.client"
          },
          "sensitive_attributes": [],
          "private": "bnVsbA==",
          "dependencies": [
            "module.database.google_service_account.gitpod_database"
          ]
        }
      ]
    },
    {
      "module": "module.database",
      "mode": "managed",
      "type": "google_project_service",
      "name": "database",
      "provider": "provider[\"registry.terraform.io/hashicorp/google\"]",
      "instances": [
        {
          "index_key": 0,
          "schema_version": 0,
          "attributes": {
            "disable_dependent_services": false,
            "disable_on_destroy": false,
            "id": "gpl-sh-090-3/sql-component.googleapis.com",
            "project": "gpl-sh-090-3",
            "service": "sql-component.googleapis.com",
            "timeouts": null
          },
          "sensitive_attributes": [],
          "private": "eyJlMmJmYjczMC1lY2FhLTExZTYtOGY4OC0zNDM2M2JjN2M0YzAiOnsiY3JlYXRlIjoxMjAwMDAwMDAwMDAwLCJkZWxldGUiOjEyMDAwMDAwMDAwMDAsInJlYWQiOjYwMDAwMDAwMDAwMCwidXBkYXRlIjoxMjAwMDAwMDAwMDAwfX0="
        },
        {
          "index_key": 1,
          "schema_version": 0,
          "attributes": {
            "disable_dependent_services": false,
            "disable_on_destroy": false,
            "id": "gpl-sh-090-3/sqladmin.googleapis.com",
            "project": "gpl-sh-090-3",
            "service": "sqladmin.googleapis.com",
            "timeouts": null
          },
          "sensitive_attributes": [],
          "private": "eyJlMmJmYjczMC1lY2FhLTExZTYtOGY4OC0zNDM2M2JjN2M0YzAiOnsiY3JlYXRlIjoxMjAwMDAwMDAwMDAwLCJkZWxldGUiOjEyMDAwMDAwMDAwMDAsInJlYWQiOjYwMDAwMDAwMDAwMCwidXBkYXRlIjoxMjAwMDAwMDAwMDAwfX0="
        },
        {
          "index_key": 2,
          "schema_version": 0,
          "attributes": {
            "disable_dependent_services": false,
            "disable_on_destroy": false,
            "id": "gpl-sh-090-3/servicenetworking.googleapis.com",
            "project": "gpl-sh-090-3",
            "service": "servicenetworking.googleapis.com",
            "timeouts": null
          },
          "sensitive_attributes": [],
          "private": "eyJlMmJmYjczMC1lY2FhLTExZTYtOGY4OC0zNDM2M2JjN2M0YzAiOnsiY3JlYXRlIjoxMjAwMDAwMDAwMDAwLCJkZWxldGUiOjEyMDAwMDAwMDAwMDAsInJlYWQiOjYwMDAwMDAwMDAwMCwidXBkYXRlIjoxMjAwMDAwMDAwMDAwfX0="
        }
      ]
    },
    {
      "module": "module.database",
      "mode": "managed",
      "type": "google_service_account",
      "name": "gitpod_database",
      "provider": "provider[\"registry.terraform.io/hashicorp/google\"]",
      "instances": [
        {
          "schema_version": 0,
          "attributes": {
            "account_id": "gitpod-db",
            "description": "Gitpod Database Account gitpod-db",
            "display_name": "gitpod-db",
            "email": "gitpod-db@gpl-sh-090-3.iam.gserviceaccount.com",
            "id": "projects/gpl-sh-090-3/serviceAccounts/gitpod-db@gpl-sh-090-3.iam.gserviceaccount.com",
            "name": "projects/gpl-sh-090-3/serviceAccounts/gitpod-db@gpl-sh-090-3.iam.gserviceaccount.com",
            "project": "gpl-sh-090-3",
            "timeouts": null,
            "unique_id": "114026934685529940940"
          },
          "sensitive_attributes": [],
          "private": "eyJlMmJmYjczMC1lY2FhLTExZTYtOGY4OC0zNDM2M2JjN2M0YzAiOnsiY3JlYXRlIjozMDAwMDAwMDAwMDB9fQ=="
        }
      ]
    },
    {
      "module": "module.database",
      "mode": "managed",
      "type": "google_service_account_key",
      "name": "gitpod_database",
      "provider": "provider[\"registry.terraform.io/hashicorp/google\"]",
      "instances": [
        {
          "schema_version": 0,
          "attributes": {
            "id": "projects/gpl-sh-090-3/serviceAccounts/gitpod-db@gpl-sh-090-3.iam.gserviceaccount.com/keys/f249e3f3120dd5453d3939cf2cfa4c086731bccc",
            "keepers": null,
            "key_algorithm": "KEY_ALG_RSA_2048",
            "name": "projects/gpl-sh-090-3/serviceAccounts/gitpod-db@gpl-sh-090-3.iam.gserviceaccount.com/keys/f249e3f3120dd5453d3939cf2cfa4c086731bccc",
            "private_key": "ewogICJ0eXBlIjogInNlcnZpY2VfYWNjb3VudCIsCiAgInByb2plY3RfaWQiOiAiZ3BsLXNoLTA5MC0zIiwKICAicHJpdmF0ZV9rZXlfaWQiOiAiZjI0OWUzZjMxMjBkZDU0NTNkMzkzOWNmMmNmYTRjMDg2NzMxYmNjYyIsCiAgInByaXZhdGVfa2V5IjogIi0tLS0tQkVHSU4gUFJJVkFURSBLRVktLS0tLVxuTUlJRXZBSUJBREFOQmdrcWhraUc5dzBCQVFFRkFBU0NCS1l3Z2dTaUFnRUFBb0lCQVFDNStiOU9tNmNBeW9pTlxud0hVaXFjYVBVKzhWWDdpWnpMVXl1eDlZS3IydzNBQnlzR2p2RGNqMjZ4SjBtb1ZTcnlxVHJ2bG9WSmZlbHlGUlxuWnFFTTJtSkxoNXFaL2IxZ2ZCUU1XU2JqVTJwdWtvRVdmbEsrN1cvOHVPRWIzRnpwWEQwQlFGQUUxbmkrRGlUK1xuVjZVNUx0aUF3NkJoRjFqWXRwR0xzOFVWUlplOUhoQ0VKYzNQU3ZzQ3J4VzBkT1ZRYlI3L0IxaDBzQnp4MFRpelxub3dYc3d6dmFrUFZ6WW5rR2NhUm5lT1lSV1prRGt6cFBZcXZPZi9rR3hzaUcwYTJzRy9nZkFGQnJYdy9NNXlUK1xub1ptSDVVTUFHK2RjbUR5ZmQzcUJmOXg5WkNUUjRVMmVnZUVuMGtDQTczdkRqVGlQeGRsdHFTVFl0S25DSGMzVVxuRUxLeGpKczFBZ01CQUFFQ2dnRUFBTVU3bVNoRTYxaHJjMmJpTlZnTnRnZExmTU91UUpqY0FVOU1KSEhjNGxBdlxuQWtxZnpLbTZkT2RwWnFsRE55SDVvNjM4WTRYQ01VNWYrWFhhNGZJL3FQOXhVUVQvbFZnK1B3VFpoK1NQRXRFeFxuanJYTVF2VTUyd3FyQ0JJRUlvVmF6VmdHWE5iRW5ranh0MG9HcWJON2V5RVVWNEtnd0JrVmhrWWk0V0V0N1Q4aVxuVWtzcWlDZ0s1T0QxeS9NaUJ3ZDJHcUpCWGV0aHdwNGRTalhWRUJSNm9Nei9ORzE4WitHUjFNVHhMZ2xlcG90ZVxuS0cyajFyclJWeXlwSUZ1andLMUVrL1pkZW9OYloyU2VpVjU4N1VBanNpanJPWXlRbkh6TXJLY0NSRFduVG1pSFxuSC9aQlRMVUJlSEkzQUhUb3IyN1VnNVhQNHNVWUZJeFBwd2tLLzQwL3V3S0JnUUR3NjZVcUs3cEk1UHpmOG9XalxuOElnVGtINjk2aUR2ZWZEZ2Q0YlZ0RTYzUTlBUjFYMjVJZGFtZ1lWVGxVUEFvc0FxNG5VTnl4WmtCZ0U4RHQrdFxuRDhKdjE4Ty80VERHNytzV2IzL2R0UFRUSzR1ODI5VGNKaXkyUDdCZncvRUxOWmI2MXM3bFZNWkRUcFdrYlRPcVxuelltZFFYZUwxMlFRYWhISlFBWjVEY3Jpc3dLQmdRREZuYk0vMjVraVpYNm43MEs1Y1ZsZVVXK2RyVFpmNmhZdFxuZjJtNGpiL0JKSXNqVlpUQ1lDWlhvR1BUa01oWm8waERBYUNFclhYR0Nxdk9kR1R1M2xXRk80RDdOQTgvTXNSOVxuMVZyNDQyQ3hqVVBtTEJtQWU3dkRYQW9HTHVyVnFhWEJIRFBxYXBFK1RZVkRuRFdXM1pDczdpQXVZUW9GcFA4WlxuZDVHQVJNTGVkd0tCZ0hTOTZ6bmxHSTZzRDNGQlpzckxDbFZZcG1IR3F4RUFLTjNNYlpUdW0xb296UkZuUDFYUFxuZE9FWVVBL3hlM1JFS1JSZXlkUFdQbEpYcW85OHNaeDl6MzA4czRrdVNPR05ib0JmcFRrOHI0b0lSdDFNTlBnOFxuczF2WXZ0R1k5QnUzYXlLL3BsL3dWV1pXRlNNcEcyay8wZGhXMmVQMGluTjl3b0tmdU1NK0VMc0xBb0dBU2ZLMVxuUE5Rai9hY1ZPaXBpUVpxVTRxSityZlkvUHEwT0Y0QnlRMGxuMUJLa3JsZzhEbkNFYUkzd1RSOEVtZVpzQ0FiM1xuMWk1Q3dCVUdMWCtJdFlvbFhuSGgxaDZwQmZFdGJoa0VyZFlJUE9pcjI5bnN3Uk9NTTVLaGZhYlk0Wk5XSDJrNlxuVkNJRXI5ZTZZbzUxenpxaUJOUW0zclFaVi90aUtsbC83UXZPRUFrQ2dZQm9adm82bWp5d0tkUzdwV0Q4Uk9tN1xuVWx0TmFmVkhwQzNzYzBXVGxyUnBaTXBnT3hmTG5HcjhCTnhsOWZGSVorSUFTNGRFcFp4V1FnUTVRejE4S0V6WVxuNFpOQUtPQi9vdDM5cmo5UFh2akQzZFZnYS94MTFlOGxJU2ZEMis4eG1iMWVyUExETXBma091UjB0c29tTTVIL1xubVh1dW1ZLzNIK2xGYWdNNm80Rk93Zz09XG4tLS0tLUVORCBQUklWQVRFIEtFWS0tLS0tXG4iLAogICJjbGllbnRfZW1haWwiOiAiZ2l0cG9kLWRiQGdwbC1zaC0wOTAtMy5pYW0uZ3NlcnZpY2VhY2NvdW50LmNvbSIsCiAgImNsaWVudF9pZCI6ICIxMTQwMjY5MzQ2ODU1Mjk5NDA5NDAiLAogICJhdXRoX3VyaSI6ICJodHRwczovL2FjY291bnRzLmdvb2dsZS5jb20vby9vYXV0aDIvYXV0aCIsCiAgInRva2VuX3VyaSI6ICJodHRwczovL29hdXRoMi5nb29nbGVhcGlzLmNvbS90b2tlbiIsCiAgImF1dGhfcHJvdmlkZXJfeDUwOV9jZXJ0X3VybCI6ICJodHRwczovL3d3dy5nb29nbGVhcGlzLmNvbS9vYXV0aDIvdjEvY2VydHMiLAogICJjbGllbnRfeDUwOV9jZXJ0X3VybCI6ICJodHRwczovL3d3dy5nb29nbGVhcGlzLmNvbS9yb2JvdC92MS9tZXRhZGF0YS94NTA5L2dpdHBvZC1kYiU0MGdwbC1zaC0wOTAtMy5pYW0uZ3NlcnZpY2VhY2NvdW50LmNvbSIKfQo=",
            "private_key_type": "TYPE_GOOGLE_CREDENTIALS_FILE",
            "public_key": "LS0tLS1CRUdJTiBDRVJUSUZJQ0FURS0tLS0tCk1JSUMvRENDQWVTZ0F3SUJBZ0lJZnNSU2YxcWROaTh3RFFZSktvWklodmNOQVFFRkJRQXdJREVlTUJ3R0ExVUUKQXhNVk1URTBNREkyT1RNME5qZzFOVEk1T1RRd09UUXdNQ0FYRFRJeE1EVXdNekV3TXpBME9Gb1lEems1T1RreApNak14TWpNMU9UVTVXakFnTVI0d0hBWURWUVFERXhVeE1UUXdNalk1TXpRMk9EVTFNams1TkRBNU5EQXdnZ0VpCk1BMEdDU3FHU0liM0RRRUJBUVVBQTRJQkR3QXdnZ0VLQW9JQkFRQzUrYjlPbTZjQXlvaU53SFVpcWNhUFUrOFYKWDdpWnpMVXl1eDlZS3IydzNBQnlzR2p2RGNqMjZ4SjBtb1ZTcnlxVHJ2bG9WSmZlbHlGUlpxRU0ybUpMaDVxWgovYjFnZkJRTVdTYmpVMnB1a29FV2ZsSys3Vy84dU9FYjNGenBYRDBCUUZBRTFuaStEaVQrVjZVNUx0aUF3NkJoCkYxall0cEdMczhVVlJaZTlIaENFSmMzUFN2c0NyeFcwZE9WUWJSNy9CMWgwc0J6eDBUaXpvd1hzd3p2YWtQVnoKWW5rR2NhUm5lT1lSV1prRGt6cFBZcXZPZi9rR3hzaUcwYTJzRy9nZkFGQnJYdy9NNXlUK29abUg1VU1BRytkYwptRHlmZDNxQmY5eDlaQ1RSNFUyZWdlRW4wa0NBNzN2RGpUaVB4ZGx0cVNUWXRLbkNIYzNVRUxLeGpKczFBZ01CCkFBR2pPREEyTUF3R0ExVWRFd0VCL3dRQ01BQXdEZ1lEVlIwUEFRSC9CQVFEQWdlQU1CWUdBMVVkSlFFQi93UU0KTUFvR0NDc0dBUVVGQndNQ01BMEdDU3FHU0liM0RRRUJCUVVBQTRJQkFRQVBFdnljNnhva3htdVUyTDB1Y0QyaQpLM3AxMStyeUdCUTZvc0hqMGFYTlJKYjM0eHE1cGhOc3grTTkwK0pxUFRGRWFaQ1Vad2Q5Q1FPbWNZZHdqNDNZCkgyU3NBYy9kbjJkZnNOcWx2ejZoTFBubSsrdU5qcmg5MERHYlpGckxuZGhjcFdpVEErKzJpY0FvY0xIaHBvemMKS09GSjJZaWNTOUZlV1dYbTV3TGs4aGFDQVFYYllLTlg0WWhJdllUaHJZWlhvbUJiUWs1bVNidSt5MWNqSVA2UwpreFVyR3p3b1JNOGdkbWswbWJlRGUvS2hVcjNZbG5JSVRCWGZKMEFJUEtHLzVJVFoxTGd6WndOM3FhOTA1SDRFCmp0anl1VUJpK29weWZMZGd4K0MwNWFEWDk1dU9vTXhpQ1djMFFyWEx1TitEYVNmSWhDUDBNOUhmeEljdWw1T0wKLS0tLS1FTkQgQ0VSVElGSUNBVEUtLS0tLQo=",
            "public_key_data": null,
            "public_key_type": "TYPE_X509_PEM_FILE",
            "service_account_id": "projects/gpl-sh-090-3/serviceAccounts/gitpod-db@gpl-sh-090-3.iam.gserviceaccount.com",
            "valid_after": "2021-05-03T10:30:48Z",
            "valid_before": "9999-12-31T23:59:59Z"
          },
          "sensitive_attributes": [],
          "private": "bnVsbA==",
          "dependencies": [
            "module.database.google_service_account.gitpod_database"
          ]
        }
      ]
    },
    {
      "module": "module.database",
      "mode": "managed",
      "type": "google_service_networking_connection",
      "name": "gitpod",
      "provider": "provider[\"registry.terraform.io/hashicorp/google\"]",
      "instances": [
        {
          "schema_version": 0,
          "attributes": {
            "id": "projects%2Fgpl-sh-090-3%2Fglobal%2Fnetworks%2Fgitpod:servicenetworking.googleapis.com",
            "network": "projects/gpl-sh-090-3/global/networks/gitpod",
            "peering": "servicenetworking-googleapis-com",
            "reserved_peering_ranges": [
              "gitpod-db"
            ],
            "service": "servicenetworking.googleapis.com",
            "timeouts": null
          },
          "sensitive_attributes": [],
          "private": "eyJlMmJmYjczMC1lY2FhLTExZTYtOGY4OC0zNDM2M2JjN2M0YzAiOnsiY3JlYXRlIjo2MDAwMDAwMDAwMDAsImRlbGV0ZSI6NjAwMDAwMDAwMDAwLCJ1cGRhdGUiOjYwMDAwMDAwMDAwMH19",
          "dependencies": [
            "google_compute_network.gitpod",
            "module.database.google_compute_global_address.gitpod"
          ]
        }
      ]
    },
    {
      "module": "module.database",
      "mode": "managed",
      "type": "google_sql_database",
      "name": "gitpod",
      "provider": "provider[\"registry.terraform.io/hashicorp/google\"]",
      "instances": [
        {
          "schema_version": 0,
          "attributes": {
            "charset": "utf8mb4",
            "collation": "utf8mb4_bin",
            "id": "projects/gpl-sh-090-3/instances/gitpod-db-f68922fd/databases/gitpod",
            "instance": "gitpod-db-f68922fd",
            "name": "gitpod",
            "project": "gpl-sh-090-3",
            "self_link": "https://sqladmin.googleapis.com/sql/v1beta4/projects/gpl-sh-090-3/instances/gitpod-db-f68922fd/databases/gitpod",
            "timeouts": null
          },
          "sensitive_attributes": [],
          "private": "eyJlMmJmYjczMC1lY2FhLTExZTYtOGY4OC0zNDM2M2JjN2M0YzAiOnsiY3JlYXRlIjo5MDAwMDAwMDAwMDAsImRlbGV0ZSI6NjAwMDAwMDAwMDAwLCJ1cGRhdGUiOjYwMDAwMDAwMDAwMH19",
          "dependencies": [
            "google_compute_network.gitpod",
            "module.database.google_compute_global_address.gitpod",
            "module.database.google_service_networking_connection.gitpod",
            "module.database.google_sql_database_instance.gitpod",
            "module.database.random_id.database"
          ]
        }
      ]
    },
    {
      "module": "module.database",
      "mode": "managed",
      "type": "google_sql_database",
      "name": "gitpod_sessions",
      "provider": "provider[\"registry.terraform.io/hashicorp/google\"]",
      "instances": [
        {
          "schema_version": 0,
          "attributes": {
            "charset": "utf8mb4",
            "collation": "utf8mb4_bin",
            "id": "projects/gpl-sh-090-3/instances/gitpod-db-f68922fd/databases/gitpod-sessions",
            "instance": "gitpod-db-f68922fd",
            "name": "gitpod-sessions",
            "project": "gpl-sh-090-3",
            "self_link": "https://sqladmin.googleapis.com/sql/v1beta4/projects/gpl-sh-090-3/instances/gitpod-db-f68922fd/databases/gitpod-sessions",
            "timeouts": null
          },
          "sensitive_attributes": [],
          "private": "eyJlMmJmYjczMC1lY2FhLTExZTYtOGY4OC0zNDM2M2JjN2M0YzAiOnsiY3JlYXRlIjo5MDAwMDAwMDAwMDAsImRlbGV0ZSI6NjAwMDAwMDAwMDAwLCJ1cGRhdGUiOjYwMDAwMDAwMDAwMH19",
          "dependencies": [
            "google_compute_network.gitpod",
            "module.database.google_compute_global_address.gitpod",
            "module.database.google_service_networking_connection.gitpod",
            "module.database.google_sql_database_instance.gitpod",
            "module.database.random_id.database"
          ]
        }
      ]
    },
    {
      "module": "module.database",
      "mode": "managed",
      "type": "google_sql_database_instance",
      "name": "gitpod",
      "provider": "provider[\"registry.terraform.io/hashicorp/google\"]",
      "instances": [
        {
          "schema_version": 0,
          "attributes": {
            "clone": [],
            "connection_name": "gpl-sh-090-3:europe-west3:gitpod-db-f68922fd",
            "database_version": "MYSQL_5_7",
            "deletion_protection": true,
            "first_ip_address": "10.194.0.3",
            "id": "gitpod-db-f68922fd",
            "ip_address": [
              {
                "ip_address": "10.194.0.3",
                "time_to_retire": "",
                "type": "PRIVATE"
              }
            ],
            "master_instance_name": "",
            "name": "gitpod-db-f68922fd",
            "private_ip_address": "10.194.0.3",
            "project": "gpl-sh-090-3",
            "public_ip_address": "",
            "region": "europe-west3",
            "replica_configuration": [],
            "restore_backup_context": [],
            "root_password": null,
            "self_link": "https://sqladmin.googleapis.com/sql/v1beta4/projects/gpl-sh-090-3/instances/gitpod-db-f68922fd",
            "server_ca_cert": [
              {
                "cert": "-----BEGIN CERTIFICATE-----\nMIIDfzCCAmegAwIBAgIBADANBgkqhkiG9w0BAQsFADB3MS0wKwYDVQQuEyRhN2Vh\nZGUwOS1mYzU5LTQ5NzQtOWIyNS1iOGIwODUxN2VmZmIxIzAhBgNVBAMTGkdvb2ds\nZSBDbG91ZCBTUUwgU2VydmVyIENBMRQwEgYDVQQKEwtHb29nbGUsIEluYzELMAkG\nA1UEBhMCVVMwHhcNMjEwNTAzMTAxMjA5WhcNMzEwNTAxMTAxMzA5WjB3MS0wKwYD\nVQQuEyRhN2VhZGUwOS1mYzU5LTQ5NzQtOWIyNS1iOGIwODUxN2VmZmIxIzAhBgNV\nBAMTGkdvb2dsZSBDbG91ZCBTUUwgU2VydmVyIENBMRQwEgYDVQQKEwtHb29nbGUs\nIEluYzELMAkGA1UEBhMCVVMwggEiMA0GCSqGSIb3DQEBAQUAA4IBDwAwggEKAoIB\nAQDtV0orqDAe67zdZmszzvQFfnuohY7D0f9BG4XZJ/GXqticIwJlHoSf5aPShC4W\nY71IDnlKx/Dowypi6OoU6bJAglE7a04QbXkCdHTQhdQM2UDFp4E+FaCM3Vg2SuBK\nN+xe+zu06W/iOBeBLzuoZZD4Ni9UhaPWmIlDK8zGoYXOVC36nsYTbZww6hpGy/n3\n2aPZbomdOEOrzpRPvButPNfzpsbNLU3uRSCN0KjhUPW3adzJuj20eY8k7FcAsuIO\n+KR8KW3Jf5BIum/5XIHWZnBHyejfSLNV/CrbYTnuyyzp8JTyyfSW1ePJHlqa/O3w\npvSDCaTiYwonCdY+QOL19sRvAgMBAAGjFjAUMBIGA1UdEwEB/wQIMAYBAf8CAQAw\nDQYJKoZIhvcNAQELBQADggEBAETiPFxgc8L6MiAYQSgWwXxD85RRGGKYTc56WWPB\nwxGxZhF1NeQqsqMfBjya6Em1jv26pY1gjYCdSwPGKcSzGvN34ezpUA+Z794K/L8c\nPthvj4QqvaODXq6K3a/+d9MFEm0GVdHMumlqfhHu1n2ixk6IBRjEiEt5wRklheXL\nGxXi55dAj+yFQV9fOlbGPc5qaSajhw+28RuYow9QZzhsQEcXlrvlK46XWccC9QMi\nVAb1uS28cbhEjT3DlYqZqWMXYE1ZRrxIbaswnKZE7elAzeYp4bbzMvF7Mll6p4gc\nM7F63EMuGcdt9WMCw/Xzuw1OVgdwYbBWpfmEd+A6htGZvfM=\n-----END CERTIFICATE-----",
                "common_name": "C=US,O=Google\\, Inc,CN=Google Cloud SQL Server CA,dnQualifier=a7eade09-fc59-4974-9b25-b8b08517effb",
                "create_time": "2021-05-03T10:12:09.521Z",
                "expiration_time": "2031-05-01T10:13:09.521Z",
                "sha1_fingerprint": "2a5c815a3fc2206a7c9576a60becd33162c9a8be"
              }
            ],
            "service_account_email_address": "p681006032247-4ppdj2@gcp-sa-cloud-sql.iam.gserviceaccount.com",
            "settings": [
              {
                "activation_policy": "ALWAYS",
                "authorized_gae_applications": [],
                "availability_type": "ZONAL",
                "backup_configuration": [
                  {
                    "backup_retention_settings": [
                      {
                        "retained_backups": 7,
                        "retention_unit": "COUNT"
                      }
                    ],
                    "binary_log_enabled": false,
                    "enabled": false,
                    "location": "",
                    "point_in_time_recovery_enabled": false,
                    "start_time": "12:00",
                    "transaction_log_retention_days": 7
                  }
                ],
                "crash_safe_replication": false,
                "database_flags": [],
                "disk_autoresize": true,
                "disk_size": 10,
                "disk_type": "PD_SSD",
                "insights_config": [],
                "ip_configuration": [
                  {
                    "authorized_networks": [],
                    "ipv4_enabled": false,
                    "private_network": "projects/gpl-sh-090-3/global/networks/gitpod",
                    "require_ssl": false
                  }
                ],
                "location_preference": [
                  {
                    "follow_gae_application": "",
                    "zone": "europe-west3-a"
                  }
                ],
                "maintenance_window": [],
                "pricing_plan": "PER_USE",
                "replication_type": "SYNCHRONOUS",
                "tier": "db-f1-micro",
                "user_labels": {},
                "version": 1
              }
            ],
            "timeouts": null
          },
          "sensitive_attributes": [],
          "private": "eyJlMmJmYjczMC1lY2FhLTExZTYtOGY4OC0zNDM2M2JjN2M0YzAiOnsiY3JlYXRlIjoxODAwMDAwMDAwMDAwLCJkZWxldGUiOjE4MDAwMDAwMDAwMDAsInVwZGF0ZSI6MTgwMDAwMDAwMDAwMH19",
          "dependencies": [
            "google_compute_network.gitpod",
            "module.database.google_compute_global_address.gitpod",
            "module.database.google_service_networking_connection.gitpod",
            "module.database.random_id.database"
          ]
        }
      ]
    },
    {
      "module": "module.database",
      "mode": "managed",
      "type": "google_sql_user",
      "name": "gitpod",
      "provider": "provider[\"registry.terraform.io/hashicorp/google\"]",
      "instances": [
        {
          "schema_version": 1,
          "attributes": {
            "deletion_policy": null,
            "host": "10.%",
            "id": "gitpod/10.%/gitpod-db-f68922fd",
            "instance": "gitpod-db-f68922fd",
            "name": "gitpod",
            "password": "kqbPzZLO29P%N_tq",
            "project": "gpl-sh-090-3",
            "timeouts": null,
            "type": ""
          },
          "sensitive_attributes": [],
          "private": "eyJlMmJmYjczMC1lY2FhLTExZTYtOGY4OC0zNDM2M2JjN2M0YzAiOnsiY3JlYXRlIjo2MDAwMDAwMDAwMDAsImRlbGV0ZSI6NjAwMDAwMDAwMDAwLCJ1cGRhdGUiOjYwMDAwMDAwMDAwMH0sInNjaGVtYV92ZXJzaW9uIjoiMSJ9",
          "dependencies": [
            "google_compute_network.gitpod",
            "module.database.google_compute_global_address.gitpod",
            "module.database.google_service_networking_connection.gitpod",
            "module.database.google_sql_database_instance.gitpod",
            "module.database.random_id.database",
            "module.database.random_password.gitpod_db_user"
          ]
        }
      ]
    },
    {
      "module": "module.database",
      "mode": "managed",
      "type": "kubernetes_job",
      "name": "mysql_initializer",
      "provider": "provider[\"registry.terraform.io/hashicorp/kubernetes\"]",
      "instances": [
        {
          "schema_version": 1,
          "attributes": {
            "id": "default/gitpod-db-initialization",
            "metadata": [
              {
                "annotations": null,
                "generate_name": "",
                "generation": 0,
                "labels": {},
                "name": "gitpod-db-initialization",
                "namespace": "default",
                "resource_version": "",
                "self_link": "",
                "uid": ""
              }
            ],
            "spec": [
              {
                "active_deadline_seconds": 0,
                "backoff_limit": 4,
                "completions": 1,
                "manual_selector": false,
                "parallelism": 1,
                "selector": [],
                "template": [
                  {
                    "metadata": [
                      {
                        "annotations": null,
                        "generate_name": "",
                        "generation": 0,
                        "labels": null,
                        "name": "",
                        "resource_version": "",
                        "self_link": "",
                        "uid": ""
                      }
                    ],
                    "spec": [
                      {
                        "active_deadline_seconds": 0,
                        "affinity": [],
                        "automount_service_account_token": true,
                        "container": [
                          {
                            "args": null,
                            "command": [
                              "/init.sh",
                              "\u0026\u0026",
                              "echo",
                              "finished"
                            ],
                            "env": [
                              {
                                "name": "MYSQL_HOST",
                                "value": "",
                                "value_from": [
                                  {
                                    "config_map_key_ref": [],
                                    "field_ref": [],
                                    "resource_field_ref": [],
                                    "secret_key_ref": [
                                      {
                                        "key": "host",
                                        "name": "gitpod-database",
                                        "optional": false
                                      }
                                    ]
                                  }
                                ]
                              },
                              {
                                "name": "MYSQL_USER",
                                "value": "gitpod",
                                "value_from": []
                              },
                              {
                                "name": "MYSQL_PORT",
                                "value": "3306",
                                "value_from": []
                              },
                              {
                                "name": "MYSQL_ROOT_PASSWORD",
                                "value": "",
                                "value_from": [
                                  {
                                    "config_map_key_ref": [],
                                    "field_ref": [],
                                    "resource_field_ref": [],
                                    "secret_key_ref": [
                                      {
                                        "key": "password",
                                        "name": "gitpod-database",
                                        "optional": false
                                      }
                                    ]
                                  }
                                ]
                              }
                            ],
                            "env_from": [],
                            "image": "gcr.io/gitpod-io/db-migrations:v0.4.0-dev-selfhosted-gitpod-db-init.15",
                            "image_pull_policy": "",
                            "lifecycle": [],
                            "liveness_probe": [],
                            "name": "db-initialization",
                            "port": [],
                            "readiness_probe": [],
                            "resources": [],
                            "security_context": [],
                            "startup_probe": [],
                            "stdin": false,
                            "stdin_once": false,
                            "termination_message_path": "/dev/termination-log",
                            "termination_message_policy": "",
                            "tty": false,
                            "volume_mount": [],
                            "working_dir": ""
                          }
                        ],
                        "dns_config": [],
                        "dns_policy": "ClusterFirst",
                        "enable_service_links": true,
                        "host_aliases": [],
                        "host_ipc": false,
                        "host_network": false,
                        "host_pid": false,
                        "hostname": "",
                        "image_pull_secrets": [],
                        "init_container": [],
                        "node_name": "",
                        "node_selector": null,
                        "priority_class_name": "",
                        "readiness_gate": [],
                        "restart_policy": "Never",
                        "security_context": [],
                        "service_account_name": "",
                        "share_process_namespace": false,
                        "subdomain": "",
                        "termination_grace_period_seconds": 30,
                        "toleration": [],
                        "topology_spread_constraint": [],
                        "volume": []
                      }
                    ]
                  }
                ],
                "ttl_seconds_after_finished": ""
              }
            ],
            "timeouts": null,
            "wait_for_completion": true
          },
          "sensitive_attributes": [],
          "private": "eyJlMmJmYjczMC1lY2FhLTExZTYtOGY4OC0zNDM2M2JjN2M0YzAiOnsiY3JlYXRlIjo2MDAwMDAwMDAwMCwiZGVsZXRlIjo2MDAwMDAwMDAwMCwidXBkYXRlIjo2MDAwMDAwMDAwMH0sInNjaGVtYV92ZXJzaW9uIjoiMSJ9",
          "dependencies": [
            "data.google_client_config.provider",
            "module.kubernetes.google_container_cluster.gitpod"
          ]
        }
      ]
    },
    {
      "module": "module.database",
      "mode": "managed",
      "type": "kubernetes_secret",
      "name": "database",
      "provider": "provider[\"registry.terraform.io/hashicorp/kubernetes\"]",
      "instances": [
        {
          "schema_version": 0,
          "attributes": {
            "data": {
              "credentials.json": "{\n  \"type\": \"service_account\",\n  \"project_id\": \"gpl-sh-090-3\",\n  \"private_key_id\": \"f249e3f3120dd5453d3939cf2cfa4c086731bccc\",\n  \"private_key\": \"-----BEGIN PRIVATE KEY-----\\nMIIEvAIBADANBgkqhkiG9w0BAQEFAASCBKYwggSiAgEAAoIBAQC5+b9Om6cAyoiN\\nwHUiqcaPU+8VX7iZzLUyux9YKr2w3ABysGjvDcj26xJ0moVSryqTrvloVJfelyFR\\nZqEM2mJLh5qZ/b1gfBQMWSbjU2pukoEWflK+7W/8uOEb3FzpXD0BQFAE1ni+DiT+\\nV6U5LtiAw6BhF1jYtpGLs8UVRZe9HhCEJc3PSvsCrxW0dOVQbR7/B1h0sBzx0Tiz\\nowXswzvakPVzYnkGcaRneOYRWZkDkzpPYqvOf/kGxsiG0a2sG/gfAFBrXw/M5yT+\\noZmH5UMAG+dcmDyfd3qBf9x9ZCTR4U2egeEn0kCA73vDjTiPxdltqSTYtKnCHc3U\\nELKxjJs1AgMBAAECggEAAMU7mShE61hrc2biNVgNtgdLfMOuQJjcAU9MJHHc4lAv\\nAkqfzKm6dOdpZqlDNyH5o638Y4XCMU5f+XXa4fI/qP9xUQT/lVg+PwTZh+SPEtEx\\njrXMQvU52wqrCBIEIoVazVgGXNbEnkjxt0oGqbN7eyEUV4KgwBkVhkYi4WEt7T8i\\nUksqiCgK5OD1y/MiBwd2GqJBXethwp4dSjXVEBR6oMz/NG18Z+GR1MTxLglepote\\nKG2j1rrRVyypIFujwK1Ek/ZdeoNbZ2SeiV587UAjsijrOYyQnHzMrKcCRDWnTmiH\\nH/ZBTLUBeHI3AHTor27Ug5XP4sUYFIxPpwkK/40/uwKBgQDw66UqK7pI5Pzf8oWj\\n8IgTkH696iDvefDgd4bVtE63Q9AR1X25IdamgYVTlUPAosAq4nUNyxZkBgE8Dt+t\\nD8Jv18O/4TDG7+sWb3/dtPTTK4u829TcJiy2P7Bfw/ELNZb61s7lVMZDTpWkbTOq\\nzYmdQXeL12QQahHJQAZ5DcriswKBgQDFnbM/25kiZX6n70K5cVleUW+drTZf6hYt\\nf2m4jb/BJIsjVZTCYCZXoGPTkMhZo0hDAaCErXXGCqvOdGTu3lWFO4D7NA8/MsR9\\n1Vr442CxjUPmLBmAe7vDXAoGLurVqaXBHDPqapE+TYVDnDWW3ZCs7iAuYQoFpP8Z\\nd5GARMLedwKBgHS96znlGI6sD3FBZsrLClVYpmHGqxEAKN3MbZTum1oozRFnP1XP\\ndOEYUA/xe3REKRReydPWPlJXqo98sZx9z308s4kuSOGNboBfpTk8r4oIRt1MNPg8\\ns1vYvtGY9Bu3ayK/pl/wVWZWFSMpG2k/0dhW2eP0inN9woKfuMM+ELsLAoGASfK1\\nPNQj/acVOipiQZqU4qJ+rfY/Pq0OF4ByQ0ln1BKkrlg8DnCEaI3wTR8EmeZsCAb3\\n1i5CwBUGLX+ItYolXnHh1h6pBfEtbhkErdYIPOir29nswROMM5KhfabY4ZNWH2k6\\nVCIEr9e6Yo51zzqiBNQm3rQZV/tiKll/7QvOEAkCgYBoZvo6mjywKdS7pWD8ROm7\\nUltNafVHpC3sc0WTlrRpZMpgOxfLnGr8BNxl9fFIZ+IAS4dEpZxWQgQ5Qz18KEzY\\n4ZNAKOB/ot39rj9PXvjD3dVga/x11e8lISfD2+8xmb1erPLDMpfkOuR0tsomM5H/\\nmXuumY/3H+lFagM6o4FOwg==\\n-----END PRIVATE KEY-----\\n\",\n  \"client_email\": \"gitpod-db@gpl-sh-090-3.iam.gserviceaccount.com\",\n  \"client_id\": \"114026934685529940940\",\n  \"auth_uri\": \"https://accounts.google.com/o/oauth2/auth\",\n  \"token_uri\": \"https://oauth2.googleapis.com/token\",\n  \"auth_provider_x509_cert_url\": \"https://www.googleapis.com/oauth2/v1/certs\",\n  \"client_x509_cert_url\": \"https://www.googleapis.com/robot/v1/metadata/x509/gitpod-db%40gpl-sh-090-3.iam.gserviceaccount.com\"\n}\n"
            },
            "id": "default/gcloud-sql-token",
            "metadata": [
              {
                "annotations": {},
                "generate_name": "",
                "generation": 0,
                "labels": {},
                "name": "gcloud-sql-token",
                "namespace": "default",
                "resource_version": "13498",
                "self_link": "",
                "uid": "e0e84d80-0155-41df-8b3a-8a91cdcca53a"
              }
            ],
            "type": "Opaque"
          },
          "sensitive_attributes": [],
          "private": "bnVsbA==",
          "dependencies": [
            "data.google_client_config.provider",
            "google_compute_network.gitpod",
            "module.database.google_service_account.gitpod_database",
            "module.database.google_service_account_key.gitpod_database",
            "module.kubernetes.google_compute_subnetwork.gitpod",
            "module.kubernetes.google_container_cluster.gitpod"
          ]
        }
      ]
    },
    {
      "module": "module.database",
      "mode": "managed",
      "type": "kubernetes_secret",
      "name": "gitpod_database",
      "provider": "provider[\"registry.terraform.io/hashicorp/kubernetes\"]",
      "instances": [
        {
          "schema_version": 0,
          "attributes": {
            "data": {
              "host": "10.194.0.3",
              "password": "kqbPzZLO29P%N_tq",
              "user": "gitpod"
            },
            "id": "default/gitpod-database",
            "metadata": [
              {
                "annotations": {},
                "generate_name": "",
                "generation": 0,
                "labels": {},
                "name": "gitpod-database",
                "namespace": "default",
                "resource_version": "10294",
                "self_link": "",
                "uid": "0968b070-098a-4c35-a12f-22eb4786c064"
              }
            ],
            "type": "Opaque"
          },
          "sensitive_attributes": [],
          "private": "bnVsbA==",
          "dependencies": [
            "data.google_client_config.provider",
            "google_compute_network.gitpod",
            "module.database.google_compute_global_address.gitpod",
            "module.database.google_service_networking_connection.gitpod",
            "module.database.google_sql_database_instance.gitpod",
            "module.database.google_sql_user.gitpod",
            "module.database.random_id.database",
            "module.database.random_password.gitpod_db_user",
            "module.kubernetes.google_compute_subnetwork.gitpod",
            "module.kubernetes.google_container_cluster.gitpod"
          ]
        }
      ]
    },
    {
      "module": "module.database",
      "mode": "managed",
      "type": "random_id",
      "name": "database",
      "provider": "provider[\"registry.terraform.io/hashicorp/random\"]",
      "instances": [
        {
          "schema_version": 0,
          "attributes": {
            "b64_std": "9oki/Q==",
            "b64_url": "9oki_Q",
            "byte_length": 4,
            "dec": "4136182525",
            "hex": "f68922fd",
            "id": "9oki_Q",
            "keepers": null,
            "prefix": null
          },
          "sensitive_attributes": [],
          "private": "bnVsbA=="
        }
      ]
    },
    {
      "module": "module.database",
      "mode": "managed",
      "type": "random_password",
      "name": "gitpod_db_user",
      "provider": "provider[\"registry.terraform.io/hashicorp/random\"]",
      "instances": [
        {
          "schema_version": 0,
          "attributes": {
            "id": "none",
            "keepers": null,
            "length": 16,
            "lower": true,
            "min_lower": 0,
            "min_numeric": 0,
            "min_special": 0,
            "min_upper": 0,
            "number": true,
            "override_special": "_%@",
            "result": "kqbPzZLO29P%N_tq",
            "special": true,
            "upper": true
          },
          "sensitive_attributes": [],
          "private": "bnVsbA=="
        }
      ]
    },
    {
      "module": "module.dns",
      "mode": "data",
      "type": "template_file",
      "name": "values",
      "provider": "provider[\"registry.terraform.io/hashicorp/template\"]",
      "instances": [
        {
          "schema_version": 0,
          "attributes": {
            "filename": null,
            "id": "ce2b088886435098847ab6a3e962d4da983869be4db01c79a2562ef56ecc7ce9",
            "rendered": "# Copyright (c) 2020 Gitpod GmbH. All rights reserved.\n# Licensed under the MIT License. See License-MIT.txt in the project root for license information.\n\nhostname: gpl.gitpod-self-hosted.com\ncomponents:\n  proxy:\n    loadBalancerIP: 35.242.237.190\n\nbranding:\n  homepage: gpl.gitpod-self-hosted.com\n  redirectUrlIfNotAuthenticated: /workspaces/\n  redirectUrlAfterLogout: gpl.gitpod-self-hosted.com\n",
            "template": "# Copyright (c) 2020 Gitpod GmbH. All rights reserved.\n# Licensed under the MIT License. See License-MIT.txt in the project root for license information.\n\nhostname: ${hostname}\ncomponents:\n  proxy:\n    loadBalancerIP: ${loadBalancerIP}\n\nbranding:\n  homepage: ${hostname}\n  redirectUrlIfNotAuthenticated: /workspaces/\n  redirectUrlAfterLogout: ${hostname}\n",
            "vars": {
              "hostname": "gpl.gitpod-self-hosted.com",
              "loadBalancerIP": "35.242.237.190"
            }
          },
          "sensitive_attributes": []
        }
      ]
    },
    {
      "module": "module.dns",
      "mode": "managed",
      "type": "google_compute_address",
      "name": "gitpod",
      "provider": "provider[\"registry.terraform.io/hashicorp/google\"]",
      "instances": [
        {
          "schema_version": 0,
          "attributes": {
            "address": "35.242.237.190",
            "address_type": "EXTERNAL",
            "creation_timestamp": "2021-05-03T03:42:08.267-07:00",
            "description": "",
            "id": "projects/gpl-sh-090-3/regions/europe-west3/addresses/gitpod-dns",
            "name": "gitpod-dns",
            "network_tier": "PREMIUM",
            "project": "gpl-sh-090-3",
            "purpose": "",
            "region": "europe-west3",
            "self_link": "https://www.googleapis.com/compute/v1/projects/gpl-sh-090-3/regions/europe-west3/addresses/gitpod-dns",
            "subnetwork": "",
            "timeouts": null,
            "users": []
          },
          "sensitive_attributes": [],
          "private": "eyJlMmJmYjczMC1lY2FhLTExZTYtOGY4OC0zNDM2M2JjN2M0YzAiOnsiY3JlYXRlIjoyNDAwMDAwMDAwMDAsImRlbGV0ZSI6MjQwMDAwMDAwMDAwfX0="
        }
      ]
    },
    {
      "module": "module.dns",
      "mode": "managed",
      "type": "google_dns_managed_zone",
      "name": "gitpod",
      "provider": "provider[\"registry.terraform.io/hashicorp/google\"]",
      "instances": [
        {
          "schema_version": 0,
          "attributes": {
            "description": "Gitpod DNS zone",
            "dns_name": "gpl.gitpod-self-hosted.com.",
            "dnssec_config": [],
            "force_destroy": false,
            "forwarding_config": [],
            "id": "projects/gpl-sh-090-3/managedZones/gpl-gitpod-self-hosted-com",
            "labels": {},
            "name": "gpl-gitpod-self-hosted-com",
            "name_servers": [
              "ns-cloud-d1.googledomains.com.",
              "ns-cloud-d2.googledomains.com.",
              "ns-cloud-d3.googledomains.com.",
              "ns-cloud-d4.googledomains.com."
            ],
            "peering_config": [],
            "private_visibility_config": [],
            "project": "gpl-sh-090-3",
            "timeouts": null,
            "visibility": "public"
          },
          "sensitive_attributes": [],
          "private": "eyJlMmJmYjczMC1lY2FhLTExZTYtOGY4OC0zNDM2M2JjN2M0YzAiOnsiY3JlYXRlIjoyNDAwMDAwMDAwMDAsImRlbGV0ZSI6MjQwMDAwMDAwMDAwLCJ1cGRhdGUiOjI0MDAwMDAwMDAwMH19"
        }
      ]
    },
    {
      "module": "module.dns",
      "mode": "managed",
      "type": "google_dns_record_set",
      "name": "gitpod",
      "provider": "provider[\"registry.terraform.io/hashicorp/google\"]",
      "instances": [
        {
          "index_key": 0,
          "schema_version": 0,
          "attributes": {
            "id": "projects/gpl-sh-090-3/managedZones/gpl-gitpod-self-hosted-com/rrsets/gpl.gitpod-self-hosted.com./A",
            "managed_zone": "gpl-gitpod-self-hosted-com",
            "name": "gpl.gitpod-self-hosted.com.",
            "project": "gpl-sh-090-3",
            "rrdatas": [
              "35.242.237.190"
            ],
            "timeouts": null,
            "ttl": 300,
            "type": "A"
          },
          "sensitive_attributes": [],
          "private": "eyJlMmJmYjczMC1lY2FhLTExZTYtOGY4OC0zNDM2M2JjN2M0YzAiOnsiY3JlYXRlIjoyNDAwMDAwMDAwMDAsImRlbGV0ZSI6MjQwMDAwMDAwMDAwLCJ1cGRhdGUiOjI0MDAwMDAwMDAwMH19",
          "dependencies": [
            "module.dns.google_compute_address.gitpod",
            "module.dns.google_dns_managed_zone.gitpod"
          ]
        },
        {
          "index_key": 1,
          "schema_version": 0,
          "attributes": {
            "id": "projects/gpl-sh-090-3/managedZones/gpl-gitpod-self-hosted-com/rrsets/*.gpl.gitpod-self-hosted.com./A",
            "managed_zone": "gpl-gitpod-self-hosted-com",
            "name": "*.gpl.gitpod-self-hosted.com.",
            "project": "gpl-sh-090-3",
            "rrdatas": [
              "35.242.237.190"
            ],
            "timeouts": null,
            "ttl": 300,
            "type": "A"
          },
          "sensitive_attributes": [],
          "private": "eyJlMmJmYjczMC1lY2FhLTExZTYtOGY4OC0zNDM2M2JjN2M0YzAiOnsiY3JlYXRlIjoyNDAwMDAwMDAwMDAsImRlbGV0ZSI6MjQwMDAwMDAwMDAwLCJ1cGRhdGUiOjI0MDAwMDAwMDAwMH19",
          "dependencies": [
            "module.dns.google_compute_address.gitpod",
            "module.dns.google_dns_managed_zone.gitpod"
          ]
        },
        {
          "index_key": 2,
          "schema_version": 0,
          "attributes": {
            "id": "projects/gpl-sh-090-3/managedZones/gpl-gitpod-self-hosted-com/rrsets/*.ws.gpl.gitpod-self-hosted.com./A",
            "managed_zone": "gpl-gitpod-self-hosted-com",
            "name": "*.ws.gpl.gitpod-self-hosted.com.",
            "project": "gpl-sh-090-3",
            "rrdatas": [
              "35.242.237.190"
            ],
            "timeouts": null,
            "ttl": 300,
            "type": "A"
          },
          "sensitive_attributes": [],
          "private": "eyJlMmJmYjczMC1lY2FhLTExZTYtOGY4OC0zNDM2M2JjN2M0YzAiOnsiY3JlYXRlIjoyNDAwMDAwMDAwMDAsImRlbGV0ZSI6MjQwMDAwMDAwMDAwLCJ1cGRhdGUiOjI0MDAwMDAwMDAwMH19",
          "dependencies": [
            "module.dns.google_compute_address.gitpod",
            "module.dns.google_dns_managed_zone.gitpod"
          ]
        }
      ]
    },
    {
      "module": "module.dns",
      "mode": "managed",
      "type": "google_project_iam_member",
      "name": "dns",
      "provider": "provider[\"registry.terraform.io/hashicorp/google\"]",
      "instances": [
        {
          "schema_version": 0,
          "attributes": {
            "condition": [],
            "etag": "BwXBarPJw/M=",
            "id": "gpl-sh-090-3/roles/dns.admin/serviceAccount:gitpod-dns@gpl-sh-090-3.iam.gserviceaccount.com",
            "member": "serviceAccount:gitpod-dns@gpl-sh-090-3.iam.gserviceaccount.com",
            "project": "gpl-sh-090-3",
            "role": "roles/dns.admin"
          },
          "sensitive_attributes": [],
          "private": "bnVsbA==",
          "dependencies": [
            "module.dns.google_service_account.dns"
          ]
        }
      ]
    },
    {
      "module": "module.dns",
      "mode": "managed",
      "type": "google_project_service",
      "name": "dns",
      "provider": "provider[\"registry.terraform.io/hashicorp/google\"]",
      "instances": [
        {
          "index_key": 0,
          "schema_version": 0,
          "attributes": {
            "disable_dependent_services": false,
            "disable_on_destroy": false,
            "id": "gpl-sh-090-3/dns.googleapis.com",
            "project": "gpl-sh-090-3",
            "service": "dns.googleapis.com",
            "timeouts": null
          },
          "sensitive_attributes": [],
          "private": "eyJlMmJmYjczMC1lY2FhLTExZTYtOGY4OC0zNDM2M2JjN2M0YzAiOnsiY3JlYXRlIjoxMjAwMDAwMDAwMDAwLCJkZWxldGUiOjEyMDAwMDAwMDAwMDAsInJlYWQiOjYwMDAwMDAwMDAwMCwidXBkYXRlIjoxMjAwMDAwMDAwMDAwfX0="
        },
        {
          "index_key": 1,
          "schema_version": 0,
          "attributes": {
            "disable_dependent_services": false,
            "disable_on_destroy": false,
            "id": "gpl-sh-090-3/compute.googleapis.com",
            "project": "gpl-sh-090-3",
            "service": "compute.googleapis.com",
            "timeouts": null
          },
          "sensitive_attributes": [],
          "private": "eyJlMmJmYjczMC1lY2FhLTExZTYtOGY4OC0zNDM2M2JjN2M0YzAiOnsiY3JlYXRlIjoxMjAwMDAwMDAwMDAwLCJkZWxldGUiOjEyMDAwMDAwMDAwMDAsInJlYWQiOjYwMDAwMDAwMDAwMCwidXBkYXRlIjoxMjAwMDAwMDAwMDAwfX0="
        }
      ]
    },
    {
      "module": "module.dns",
      "mode": "managed",
      "type": "google_service_account",
      "name": "dns",
      "provider": "provider[\"registry.terraform.io/hashicorp/google\"]",
      "instances": [
        {
          "schema_version": 0,
          "attributes": {
            "account_id": "gitpod-dns",
            "description": "Gitpod DNS Admin gitpod-dns",
            "display_name": "gitpod-dns",
            "email": "gitpod-dns@gpl-sh-090-3.iam.gserviceaccount.com",
            "id": "projects/gpl-sh-090-3/serviceAccounts/gitpod-dns@gpl-sh-090-3.iam.gserviceaccount.com",
            "name": "projects/gpl-sh-090-3/serviceAccounts/gitpod-dns@gpl-sh-090-3.iam.gserviceaccount.com",
            "project": "gpl-sh-090-3",
            "timeouts": null,
            "unique_id": "101308488843856540721"
          },
          "sensitive_attributes": [],
          "private": "eyJlMmJmYjczMC1lY2FhLTExZTYtOGY4OC0zNDM2M2JjN2M0YzAiOnsiY3JlYXRlIjozMDAwMDAwMDAwMDB9fQ=="
        }
      ]
    },
    {
      "module": "module.dns",
      "mode": "managed",
      "type": "google_service_account_key",
      "name": "dns",
      "provider": "provider[\"registry.terraform.io/hashicorp/google\"]",
      "instances": [
        {
          "schema_version": 0,
          "attributes": {
            "id": "projects/gpl-sh-090-3/serviceAccounts/gitpod-dns@gpl-sh-090-3.iam.gserviceaccount.com/keys/cb427556940495766c68b34d6ee05955bd50161e",
            "keepers": null,
            "key_algorithm": "KEY_ALG_RSA_2048",
            "name": "projects/gpl-sh-090-3/serviceAccounts/gitpod-dns@gpl-sh-090-3.iam.gserviceaccount.com/keys/cb427556940495766c68b34d6ee05955bd50161e",
            "private_key": "ewogICJ0eXBlIjogInNlcnZpY2VfYWNjb3VudCIsCiAgInByb2plY3RfaWQiOiAiZ3BsLXNoLTA5MC0zIiwKICAicHJpdmF0ZV9rZXlfaWQiOiAiY2I0Mjc1NTY5NDA0OTU3NjZjNjhiMzRkNmVlMDU5NTViZDUwMTYxZSIsCiAgInByaXZhdGVfa2V5IjogIi0tLS0tQkVHSU4gUFJJVkFURSBLRVktLS0tLVxuTUlJRXZ3SUJBREFOQmdrcWhraUc5dzBCQVFFRkFBU0NCS2t3Z2dTbEFnRUFBb0lCQVFDd3lGb01iQ2ZLc3JOTlxuM3dSWWt5bjZDV1EwN1Bad290SFdLbTlmZEpaSWhydjRHbFJyNkVaQzFDZWhHbjkzVEROekdBaTh0Y2VXeFpOdVxuQVpGWjRNLzJHM1JpdWRwa0xyRTBLMTU1c2Y1VzhndkVPVmZHSEVMS2gydUlmNkFNRnNSMUVYMXZ2YitBcHdVY1xud1pQK1B3b0RZRk52c3ZvbDNCaG1wSWxkS1Z2bTkrVUlkaU85RHFzbFd0VlgxRFRYUE5FY2pqbmtwblh3OHo4K1xuQUtJUjhEQ29RSmN6K2hCaGZ6d2RwNW1xTHpJaG9MS0hRQzdJNjBTTUJPMXJYeUtqSUFDbjhzUWVyL3lrNm1yYlxuTXU5THVCYUdCRmdDNE9zenFldkplVW4xRzRFSWs3VTVSSXdpWWFmb01QYzY5ZWhuT2huQ0gyZ2JGUUpKVW9rN1xublRCQjZoelhBZ01CQUFFQ2dnRUFGbzdQbVhEZVRhblZOMi9vYzJUK29PazhpdG14N2dMWXc5Q21aWWZRVUJ1TFxuNE1kN1U1NzZyWXhrMTM4MHhLNzBqR1hhRE9VbFBXMU9EV1lsMEtlSjRkMmUvRTlsanJobWp1eFBJZUxwNXRqN1xuL0xpcHovTWdrcmRmckF0SHRrTXhlUlFYbUNxZVJTRzFoVXN1UWUzSldVK2NBS1RWOFZRa2M1ODE2QUswWWhtMFxuS0JibVhNNmFhbXNZUjJFRnA3MGFLSnZveFcxTkR2L3JJTWFOS1g4Z24vblNETWFlZHFnZG5JS0N1NEJ5dHgwelxuaDNTdVBrNVJOc240RjZMb214VmRCaVpUaGFFSWR5aGZYQ1hyWnM0VjhYL05RdytIZE01a2szay81anc3a0RlV1xubHBCcXZaODJKRUp2UVhhUzV6UTRkNzVYZ1Z3QmJhcEp2QVp4S1BoZ0FRS0JnUURZM211OFlFeGZoNFFaS2hmVVxuOVJXcFZpMkNFMGllZ1l2VDFrNmxQS0Z0aHUvcUovbFJ0RXVneVdBRFVTbmdLU2NiTXpoZDZud0xZRWxIRkdzcVxuUmV1eXpFd1V4U0p1S0syWDF2akxBUStRUnhVZ2lOMFdYQ3cydHhlaUlVcFl3dmg3djFWNlV2TDZlNnliSmpwUlxuU2NCVFpGazRyQ2RtY3djeFFxSHRtcDl5T1FLQmdRRFFya1lMQVFQZXhOcVNKTXhOVkZxd2FwbW54dVVjeGQwbVxuZkdEb2JIRVFpNXVOZjM0ZGRDOFJaRWFoZ3JnbWVVczVlSzFiRUN3aXozam9rNE9pMytEME13OEt2U3NxZXI0WVxuR2tVRFA4Rnd0U0E3OWQ1STlEVy9JeG5nL0d6YmU0ejVzaldQYTl6RUxMNkpyUXRMR2Y0SG9mbFBjVVVJbWk0NFxuR3hrNVhZZkhqd0tCZ1FEQ0RKc1lEbzZuOStreVh5Qzk4Nkt6UjZJbXZyeCszK25PM2ZhM0VYNWNNNTVleGUvblxudE16ckRPVTFjcDFtcjB3SG9aZ3hLTXhmbllOVDc2aElSaEkxaFdvYU41NnNOUWZIVXBxQmd1eDdLNjl5MGlRSlxuaXVZZyswbFJVRHBuRytZZFRFSGUxM1FFdno3ZUFLR3o5S3I3czFIR1RQeGdSbExNT0JRT09BbXR1UUtCZ1FDSlxuV1ZzU25RMXVEMFVKRVoxQ2ZIWGdUWmxxdTFkTE05UVdJNkVvK1U4Rm84MnpPU25KdXhITHNhTm5aSUZPR1dGd1xucDBQNmZzOTk3ZTVYcmRmaldOVllCVTh1TTBuNUFLYWplSTdaejVuRFZBT3VVMnFGdSs2d0tpczdVUWxaQUozT1xuTHdSZnJJKzJzdmlKNTFKYWtQWUpFZ3ZreE5tNkNyakhCdGI0VWQ0dmN3S0JnUURIbGZhSUpsZ0VoQlYxeWR5R1xudWx3dVhxaGx1R2dBaUNodjRRMXZQZnJjTXNSTTFVb1BQZmFXeVdrWG5CYjl0NTByREFqQ0ozRlpNVk91Nnk0Q1xuME1Lc0RwSFNPeGNPbjcvU3pBTnlJZUlaK1U1dC9DNnNBemp6RWd5ekMxdmU3R3lTNmxLRHgzdDhmZWJRNEhlTlxuUnJrdzBZKzdEbE9IR0N4TDFpK01CNmV2RWc9PVxuLS0tLS1FTkQgUFJJVkFURSBLRVktLS0tLVxuIiwKICAiY2xpZW50X2VtYWlsIjogImdpdHBvZC1kbnNAZ3BsLXNoLTA5MC0zLmlhbS5nc2VydmljZWFjY291bnQuY29tIiwKICAiY2xpZW50X2lkIjogIjEwMTMwODQ4ODg0Mzg1NjU0MDcyMSIsCiAgImF1dGhfdXJpIjogImh0dHBzOi8vYWNjb3VudHMuZ29vZ2xlLmNvbS9vL29hdXRoMi9hdXRoIiwKICAidG9rZW5fdXJpIjogImh0dHBzOi8vb2F1dGgyLmdvb2dsZWFwaXMuY29tL3Rva2VuIiwKICAiYXV0aF9wcm92aWRlcl94NTA5X2NlcnRfdXJsIjogImh0dHBzOi8vd3d3Lmdvb2dsZWFwaXMuY29tL29hdXRoMi92MS9jZXJ0cyIsCiAgImNsaWVudF94NTA5X2NlcnRfdXJsIjogImh0dHBzOi8vd3d3Lmdvb2dsZWFwaXMuY29tL3JvYm90L3YxL21ldGFkYXRhL3g1MDkvZ2l0cG9kLWRucyU0MGdwbC1zaC0wOTAtMy5pYW0uZ3NlcnZpY2VhY2NvdW50LmNvbSIKfQo=",
            "private_key_type": "TYPE_GOOGLE_CREDENTIALS_FILE",
            "public_key": "LS0tLS1CRUdJTiBDRVJUSUZJQ0FURS0tLS0tCk1JSUMvRENDQWVTZ0F3SUJBZ0lJQmNTSm5xS2UwOTB3RFFZSktvWklodmNOQVFFRkJRQXdJREVlTUJ3R0ExVUUKQXhNVk1UQXhNekE0TkRnNE9EUXpPRFUyTlRRd056SXhNQ0FYRFRJeE1EVXdNekV3TkRneU5sb1lEems1T1RreApNak14TWpNMU9UVTVXakFnTVI0d0hBWURWUVFERXhVeE1ERXpNRGcwT0RnNE5ETTROVFkxTkRBM01qRXdnZ0VpCk1BMEdDU3FHU0liM0RRRUJBUVVBQTRJQkR3QXdnZ0VLQW9JQkFRQ3d5Rm9NYkNmS3NyTk4zd1JZa3luNkNXUTAKN1Bad290SFdLbTlmZEpaSWhydjRHbFJyNkVaQzFDZWhHbjkzVEROekdBaTh0Y2VXeFpOdUFaRlo0TS8yRzNSaQp1ZHBrTHJFMEsxNTVzZjVXOGd2RU9WZkdIRUxLaDJ1SWY2QU1Gc1IxRVgxdnZiK0Fwd1Vjd1pQK1B3b0RZRk52CnN2b2wzQmhtcElsZEtWdm05K1VJZGlPOURxc2xXdFZYMURUWFBORWNqam5rcG5Ydzh6OCtBS0lSOERDb1FKY3oKK2hCaGZ6d2RwNW1xTHpJaG9MS0hRQzdJNjBTTUJPMXJYeUtqSUFDbjhzUWVyL3lrNm1yYk11OUx1QmFHQkZnQwo0T3N6cWV2SmVVbjFHNEVJazdVNVJJd2lZYWZvTVBjNjllaG5PaG5DSDJnYkZRSkpVb2s3blRCQjZoelhBZ01CCkFBR2pPREEyTUF3R0ExVWRFd0VCL3dRQ01BQXdEZ1lEVlIwUEFRSC9CQVFEQWdlQU1CWUdBMVVkSlFFQi93UU0KTUFvR0NDc0dBUVVGQndNQ01BMEdDU3FHU0liM0RRRUJCUVVBQTRJQkFRQVV2Tk9CKzJ3THBxY2RjdmszUkw0ZwpLZ3R3dTdYM0hZY2xkRFA3NGs0VWpGZW1yNWpPU2RSNDNRTEFXOUhSdkptcWk2U3gydUFIeXJHRFlwdEdyMEFpCi9Ob0ZPVFRZRDlyUFRQb1dwYkpTT3EyRFYxWkNnZkpCMEt1NjNwdWRIZTJuL0ZqNmhIK2tONnZlT0p1SDZhc0oKbmRRUFIxWnl0cnhjTXd4UWZ1N1NGUzYrRlE5WU0yeFIyUjhSS0s4aThoSlBnSmZCZDV1UVI1dlVoSGpJSDZ3eApCR3o5RDlUb0sycFN2VHNEamM2cU5hbmw1eEdlUWFiQUNYTUsxUzZEWk9jTXlSK2MyNERKTTdCSzZWK28zUEZGCmZxWEV6M3Q4bHQxbHd1WkJETWlBS0d3OG83VmlZQUJLUlpINlZRWWt4ZWFLTFdIdmJYRnFZY0haU1Z1eGZHQ1YKLS0tLS1FTkQgQ0VSVElGSUNBVEUtLS0tLQo=",
            "public_key_data": null,
            "public_key_type": "TYPE_X509_PEM_FILE",
            "service_account_id": "projects/gpl-sh-090-3/serviceAccounts/gitpod-dns@gpl-sh-090-3.iam.gserviceaccount.com",
            "valid_after": "2021-05-03T10:48:26Z",
            "valid_before": "9999-12-31T23:59:59Z"
          },
          "sensitive_attributes": [],
          "private": "bnVsbA==",
          "dependencies": [
            "module.dns.google_service_account.dns"
          ]
        }
      ]
    },
    {
      "module": "module.dns",
      "mode": "managed",
      "type": "kubernetes_secret",
      "name": "dns",
      "provider": "provider[\"registry.terraform.io/hashicorp/kubernetes\"]",
      "instances": [
        {
          "schema_version": 0,
          "attributes": {
            "data": {
              "key.json": "{\n  \"type\": \"service_account\",\n  \"project_id\": \"gpl-sh-090-3\",\n  \"private_key_id\": \"cb427556940495766c68b34d6ee05955bd50161e\",\n  \"private_key\": \"-----BEGIN PRIVATE KEY-----\\nMIIEvwIBADANBgkqhkiG9w0BAQEFAASCBKkwggSlAgEAAoIBAQCwyFoMbCfKsrNN\\n3wRYkyn6CWQ07PZwotHWKm9fdJZIhrv4GlRr6EZC1CehGn93TDNzGAi8tceWxZNu\\nAZFZ4M/2G3RiudpkLrE0K155sf5W8gvEOVfGHELKh2uIf6AMFsR1EX1vvb+ApwUc\\nwZP+PwoDYFNvsvol3BhmpIldKVvm9+UIdiO9DqslWtVX1DTXPNEcjjnkpnXw8z8+\\nAKIR8DCoQJcz+hBhfzwdp5mqLzIhoLKHQC7I60SMBO1rXyKjIACn8sQer/yk6mrb\\nMu9LuBaGBFgC4OszqevJeUn1G4EIk7U5RIwiYafoMPc69ehnOhnCH2gbFQJJUok7\\nnTBB6hzXAgMBAAECggEAFo7PmXDeTanVN2/oc2T+oOk8itmx7gLYw9CmZYfQUBuL\\n4Md7U576rYxk1380xK70jGXaDOUlPW1ODWYl0KeJ4d2e/E9ljrhmjuxPIeLp5tj7\\n/Lipz/MgkrdfrAtHtkMxeRQXmCqeRSG1hUsuQe3JWU+cAKTV8VQkc5816AK0Yhm0\\nKBbmXM6aamsYR2EFp70aKJvoxW1NDv/rIMaNKX8gn/nSDMaedqgdnIKCu4Bytx0z\\nh3SuPk5RNsn4F6LomxVdBiZThaEIdyhfXCXrZs4V8X/NQw+HdM5kk3k/5jw7kDeW\\nlpBqvZ82JEJvQXaS5zQ4d75XgVwBbapJvAZxKPhgAQKBgQDY3mu8YExfh4QZKhfU\\n9RWpVi2CE0iegYvT1k6lPKFthu/qJ/lRtEugyWADUSngKScbMzhd6nwLYElHFGsq\\nReuyzEwUxSJuKK2X1vjLAQ+QRxUgiN0WXCw2txeiIUpYwvh7v1V6UvL6e6ybJjpR\\nScBTZFk4rCdmcwcxQqHtmp9yOQKBgQDQrkYLAQPexNqSJMxNVFqwapmnxuUcxd0m\\nfGDobHEQi5uNf34ddC8RZEahgrgmeUs5eK1bECwiz3jok4Oi3+D0Mw8KvSsqer4Y\\nGkUDP8FwtSA79d5I9DW/Ixng/Gzbe4z5sjWPa9zELL6JrQtLGf4HoflPcUUImi44\\nGxk5XYfHjwKBgQDCDJsYDo6n9+kyXyC986KzR6Imvrx+3+nO3fa3EX5cM55exe/n\\ntMzrDOU1cp1mr0wHoZgxKMxfnYNT76hIRhI1hWoaN56sNQfHUpqBgux7K69y0iQJ\\niuYg+0lRUDpnG+YdTEHe13QEvz7eAKGz9Kr7s1HGTPxgRlLMOBQOOAmtuQKBgQCJ\\nWVsSnQ1uD0UJEZ1CfHXgTZlqu1dLM9QWI6Eo+U8Fo82zOSnJuxHLsaNnZIFOGWFw\\np0P6fs997e5XrdfjWNVYBU8uM0n5AKajeI7Zz5nDVAOuU2qFu+6wKis7UQlZAJ3O\\nLwRfrI+2sviJ51JakPYJEgvkxNm6CrjHBtb4Ud4vcwKBgQDHlfaIJlgEhBV1ydyG\\nulwuXqhluGgAiChv4Q1vPfrcMsRM1UoPPfaWyWkXnBb9t50rDAjCJ3FZMVOu6y4C\\n0MKsDpHSOxcOn7/SzANyIeIZ+U5t/C6sAzjzEgyzC1ve7GyS6lKDx3t8febQ4HeN\\nRrkw0Y+7DlOHGCxL1i+MB6evEg==\\n-----END PRIVATE KEY-----\\n\",\n  \"client_email\": \"gitpod-dns@gpl-sh-090-3.iam.gserviceaccount.com\",\n  \"client_id\": \"101308488843856540721\",\n  \"auth_uri\": \"https://accounts.google.com/o/oauth2/auth\",\n  \"token_uri\": \"https://oauth2.googleapis.com/token\",\n  \"auth_provider_x509_cert_url\": \"https://www.googleapis.com/oauth2/v1/certs\",\n  \"client_x509_cert_url\": \"https://www.googleapis.com/robot/v1/metadata/x509/gitpod-dns%40gpl-sh-090-3.iam.gserviceaccount.com\"\n}\n"
            },
            "id": "default/gitpod-dns",
            "metadata": [
              {
                "annotations": null,
                "generate_name": "",
                "generation": 0,
                "labels": null,
                "name": "gitpod-dns",
                "namespace": "default",
                "resource_version": "18799",
                "self_link": "",
                "uid": "8b374c9d-d5fa-4b68-bb55-b83a066f6997"
              }
            ],
            "type": "Opaque"
          },
          "sensitive_attributes": [],
          "private": "bnVsbA==",
          "dependencies": [
            "data.google_client_config.provider",
            "module.dns.google_service_account.dns",
            "module.dns.google_service_account_key.dns",
            "module.kubernetes.google_container_cluster.gitpod"
          ]
        }
      ]
    },
    {
      "module": "module.kubernetes",
      "mode": "managed",
      "type": "google_compute_subnetwork",
      "name": "gitpod",
      "provider": "provider[\"registry.terraform.io/hashicorp/google\"]",
      "instances": [
        {
          "schema_version": 0,
          "attributes": {
            "creation_timestamp": "2021-05-03T02:47:23.520-07:00",
            "description": "",
            "fingerprint": null,
            "gateway_address": "10.23.0.1",
            "id": "projects/gpl-sh-090-3/regions/europe-west3/subnetworks/gitpod-subnet",
            "ip_cidr_range": "10.23.0.0/16",
            "log_config": [],
            "name": "gitpod-subnet",
            "network": "https://www.googleapis.com/compute/v1/projects/gpl-sh-090-3/global/networks/gitpod",
            "private_ip_google_access": true,
            "private_ipv6_google_access": "DISABLE_GOOGLE_ACCESS",
            "project": "gpl-sh-090-3",
            "region": "europe-west3",
            "secondary_ip_range": [
              {
                "ip_cidr_range": "10.72.0.0/14",
                "range_name": "gke-gitpod-pods-124423b3"
              },
              {
                "ip_cidr_range": "10.76.0.0/20",
                "range_name": "gke-gitpod-services-124423b3"
              }
            ],
            "self_link": "https://www.googleapis.com/compute/v1/projects/gpl-sh-090-3/regions/europe-west3/subnetworks/gitpod-subnet",
            "timeouts": null
          },
          "sensitive_attributes": [],
          "private": "eyJlMmJmYjczMC1lY2FhLTExZTYtOGY4OC0zNDM2M2JjN2M0YzAiOnsiY3JlYXRlIjozNjAwMDAwMDAwMDAsImRlbGV0ZSI6MzYwMDAwMDAwMDAwLCJ1cGRhdGUiOjM2MDAwMDAwMDAwMH19",
          "dependencies": [
            "google_compute_network.gitpod"
          ]
        }
      ]
    },
    {
      "module": "module.kubernetes",
      "mode": "managed",
      "type": "google_container_cluster",
      "name": "gitpod",
      "provider": "provider[\"registry.terraform.io/hashicorp/google\"]",
      "instances": [
        {
          "schema_version": 1,
          "attributes": {
            "addons_config": [
              {
                "cloudrun_config": [],
                "horizontal_pod_autoscaling": [],
                "http_load_balancing": [],
                "network_policy_config": [
                  {
                    "disabled": false
                  }
                ]
              }
            ],
            "authenticator_groups_config": [],
            "cluster_autoscaling": [
              {
                "auto_provisioning_defaults": [],
                "enabled": false,
                "resource_limits": []
              }
            ],
            "cluster_ipv4_cidr": "10.72.0.0/14",
            "database_encryption": [
              {
                "key_name": "",
                "state": "DECRYPTED"
              }
            ],
            "datapath_provider": "",
            "default_max_pods_per_node": 110,
            "default_snat_status": [
              {
                "disabled": false
              }
            ],
            "description": "",
            "enable_autopilot": false,
            "enable_binary_authorization": false,
            "enable_intranode_visibility": false,
            "enable_kubernetes_alpha": false,
            "enable_legacy_abac": false,
            "enable_shielded_nodes": false,
            "enable_tpu": false,
            "endpoint": "35.246.188.98",
            "id": "projects/gpl-sh-090-3/locations/europe-west3/clusters/gitpod",
            "initial_node_count": 1,
            "instance_group_urls": [
              "https://www.googleapis.com/compute/v1/projects/gpl-sh-090-3/zones/europe-west3-a/instanceGroups/gke-gitpod-nodepool-0-55cc245a-grp",
              "https://www.googleapis.com/compute/v1/projects/gpl-sh-090-3/zones/europe-west3-b/instanceGroups/gke-gitpod-nodepool-0-ab90e42d-grp",
              "https://www.googleapis.com/compute/v1/projects/gpl-sh-090-3/zones/europe-west3-c/instanceGroups/gke-gitpod-nodepool-0-bd520db7-grp"
            ],
            "ip_allocation_policy": [
              {
                "cluster_ipv4_cidr_block": "10.72.0.0/14",
                "cluster_secondary_range_name": "gke-gitpod-pods-124423b3",
                "services_ipv4_cidr_block": "10.76.0.0/20",
                "services_secondary_range_name": "gke-gitpod-services-124423b3"
              }
            ],
            "label_fingerprint": "a9dc16a7",
            "location": "europe-west3",
            "logging_service": "logging.googleapis.com/kubernetes",
            "maintenance_policy": [],
            "master_auth": [
              {
                "client_certificate": "LS0tLS1CRUdJTiBDRVJUSUZJQ0FURS0tLS0tCk1JSUMrekNDQWVPZ0F3SUJBZ0lRUHlqL1RIZE1XdmRtNnRsd3ZvK1EyakFOQmdrcWhraUc5dzBCQVFzRkFEQXYKTVMwd0t3WURWUVFERXlSbFltTTRNRFEwWkMxak1HVXpMVFJqTmpjdE9UQTBOeTFoWlRsaU56SXdaVEJsWldVdwpIaGNOTWpFd05UQXpNRGswTnpRMVdoY05Nall3TlRBeU1EazBOelExV2pBUk1ROHdEUVlEVlFRREV3WmpiR2xsCmJuUXdnZ0VpTUEwR0NTcUdTSWIzRFFFQkFRVUFBNElCRHdBd2dnRUtBb0lCQVFEWXFBNC9FOFhDV0EvUlo5bTcKTUZJVlpRVFQvUjQzYlhyVzk1cTBtOTBpRG93QzRNclVOeWdxTzRwaG5WM3dFOTFKR0o3ZExVck5ZaWxwd2tISwpJSlVLRmRwQ3pCeXpFT0dZdVhZbWRjUkNONWVRcFF3c1d3cm50MlE1RTgxbTBCemJQMkY1U3FiVmphVCs0OUIvCkhZUzFkS3ZyWXlWQW9DUzJWQmtCM1VuNXVPMXNMOFp0ZTljVldBbTNRM00xYit4UThhczcxMlVFaklJMXdlV0oKNU56Z1VxUnRFUVZFNkpjNVFub01LMXUrbXZQSm95T2I4OXAvSDhtbmpzQmUybGZ0RzFLNzQxM0szWEhqRlB4cwpnY1hpcnU3VUhNTDIzNG95a0RuVTdBQURkOGpoeEFqNDczY1Era0UwWHNwMVBFbVRSVUlsYVNJcXNUOG1GenB1CkhqeE5BZ01CQUFHak1UQXZNQXdHQTFVZEV3RUIvd1FDTUFBd0h3WURWUjBqQkJnd0ZvQVVSRXRTUWFNeGhEbWoKb29CTUpScERUZkVXRXpzd0RRWUpLb1pJaHZjTkFRRUxCUUFEZ2dFQkFDMHZYZnFEK2NyRTlCSit6amhQYW1oaQphcWlNdzE4emo0ZzZaeFMxRkc2aDlIVi90aUJ3YUZMMm92K0M4MzhmY2FJSis1Tm5xVjRPWHVFeDFoY1lLSWlPCnpPQUhNMjYrSjViUlpYYnVnWHEwdytldXQwQ2IzUTRHS0dGR2JFTVcwR1Q4RjgzR0kyZFcwRWU0Ujc2Z29ObnkKeVFLOFJZbmR0M2NveTBLTE52blBTKzJXWlpTM1lEQUR3UTlVTXdwRDV6TkJxVWpHWFd3N2RkOHE0MlN5d1lpdwp6ZkRlNmNrZjVQSE5aOXhFT091OFFKaGhEM3VPL0xRU1pwVlFIak53YmFUMEZwU3IvOFFXU3Jnbjd1blBPV2JpCmVlMkxmeU1UUXd4N0Y5S25lRWhyNzBwclhuK2lnenkzWXpBaFB4WTRYS0RlZ1MwTldHNWJMS0pUODFJMEV3Yz0KLS0tLS1FTkQgQ0VSVElGSUNBVEUtLS0tLQo=",
                "client_certificate_config": [
                  {
                    "issue_client_certificate": true
                  }
                ],
                "client_key": "LS0tLS1CRUdJTiBSU0EgUFJJVkFURSBLRVktLS0tLQpNSUlFcEFJQkFBS0NBUUVBMktnT1B4UEZ3bGdQMFdmWnV6QlNGV1VFMC8wZU4yMTYxdmVhdEp2ZElnNk1BdURLCjFEY29LanVLWVoxZDhCUGRTUmllM1MxS3pXSXBhY0pCeWlDVkNoWGFRc3djc3hEaG1MbDJKblhFUWplWGtLVU0KTEZzSzU3ZGtPUlBOWnRBYzJ6OWhlVXFtMVkyay91UFFmeDJFdFhTcjYyTWxRS0FrdGxRWkFkMUorYmp0YkMvRwpiWHZYRlZnSnQwTnpOVy9zVVBHck85ZGxCSXlDTmNIbGllVGM0RktrYlJFRlJPaVhPVUo2REN0YnZwcnp5YU1qCm0vUGFmeC9KcDQ3QVh0cFg3UnRTdStOZHl0MXg0eFQ4YklIRjRxN3UxQnpDOXQrS01wQTUxT3dBQTNmSTRjUUkKK085M0VQcEJORjdLZFR4SmswVkNKV2tpS3JFL0poYzZiaDQ4VFFJREFRQUJBb0lCQUFlS29BWlRrSjV4ZE1tQQpBU3o2STExUnlSOTg3OVNUbDhOTVZxTURTdWtBMHlCVmhWSHFRcGhudnFzanNHMm5MMXg0UWkxbVFuU1FQbXRMClF3Ri9iVml1eG94dE1QR052S0NWa2hhSUltY0FxdUt5MEEvcU1tQzYrajdmWU5hN2wwbU5kUDNsR3BZVDZtS2gKK1BPM3loTUw1dUVZY0NkRis4a3A5NzNnSDA5VkwyUFpvczhQN0NiSU95RiswdFBRek8rZGFHcnVZYnBiZ1lXaQpMNnJ1S1ZZMkZUN21nV1hZc1NtVDZ6K1NmVjFYbmdsV2tLaTRCKzZaMzcwU2xGbURaRm1hRk9MQUQ5QjEvQXhtCm5MYllMSzd5NjBnMExzN3ZPWmh5SFhsdW1uT2J3N1dlZnl3Qi9mQnduUlMvWkNUOTZPOVEzMFd6MlJYQWdneTMKZGFWZWpNa0NnWUVBL1lDQVhMc0c4Q3FkR3grQXBmbWhuMzVONmhJSUpHcW9VM1g1bU9mVUFnaE01L2lqdEJueQowQk9KUDRxTW1WR2NZVnRJLzlEcVE5SllRbVhCa3J4c1BXb1pJeGRzT1dCSS9WVUxaZE5FRUlhajNkOUlnNnh1Cm1JTjVnS1QxQksrcWlzWUdHQStyVWxwZURzcjJySFNCSFk0TmpxMFNRMTZzM3BYaWRSVTQvQ2tDZ1lFQTJzcWIKRGlqOWdVQmQyeUFjdytkZjUzK1dRYXdlV1ZpLytqY0ZIY3ZxS2xaY3RmbmJBWUpCcWtiWTNhVmRBWkZpTGh5egpoZEFRNU5sTHkvRHduc1RoMzN3eTZ5MzN4Q2hrcGh6S1Q5STdtZWg1V2cycFdaNytuZys5OEYyb1JlYTZmcEF6CnkyM3liUDE0ZXhiWU5VMHNvajc1MjcrVnc5TTNmTHV3cGZId3c0VUNnWUIzMHovWmxVWW9TOXhMTDg3ZHBXdXkKT2orVi9zUCtnclBpRDRmVnNPOVRycHk3b1ptdnpmd3FRckhEYVRnZ1dLVTBsN09meUI2VHhGK1hzd1dXMkozSgpRZGR6OE9SbEVwQXR2djlPT0ZpWi95cUIrOE1KQ242VWRNRC8vL2taSi9mUzlOdDRrQitKSTlJRjZBWkZhaVNGCjFkbXVzVHhLdi91eWt1S2lPVS9nVVFLQmdRQzl2bC9pVStJbUtiQTd6UW1sVEE5OE1NWWFoaTU3eGVBWUc0Y3cKWkJ2Y1E3RjdrQWhDc3JoSDk5RXp4NmwxSnFSQzRWay9mMFpuY1p1dWJuSCsvemYwSFQzN2Y0NFViQU45bkJKSQpUMGFwSDFlK3BZSnMydHB1TWJERHVEV3JDWUpMS0x3Q2ZJTjF5Z3lta3hWR2hIdGs2Y0MrdHRRblZCSVc5cDhvCkN6NkdFUUtCZ1FEY3NVNHQrKzAvM3JQRm1peSt3czRPdVU4VEZRc3N2UnpIL0pFbGlhV2h0ZDFKNGxPRXhIZ3IKQ3h4eTg2YUFwRTVqeG1ndUpDYUNwNk9EMFl4ME5JTC9haVAvamRxRDZHdUxRMmVUUFN4T3BpTlRMS2UyRm8xUAphcVdES1BGZmFTaG9yYk1rSmt6ZUdzdUJWS1A1U0dsaHBzM0ZVcllVK2JiTUFxd2ZLc3JtVFE9PQotLS0tLUVORCBSU0EgUFJJVkFURSBLRVktLS0tLQo=",
                "cluster_ca_certificate": "LS0tLS1CRUdJTiBDRVJUSUZJQ0FURS0tLS0tCk1JSURLakNDQWhLZ0F3SUJBZ0lRTUFaY0xPUnNhSmpCYzdENjRhRXlhVEFOQmdrcWhraUc5dzBCQVFzRkFEQXYKTVMwd0t3WURWUVFERXlSbFltTTRNRFEwWkMxak1HVXpMVFJqTmpjdE9UQTBOeTFoWlRsaU56SXdaVEJsWldVdwpIaGNOTWpFd05UQXpNRGcwTnpRMVdoY05Nall3TlRBeU1EazBOelExV2pBdk1TMHdLd1lEVlFRREV5UmxZbU00Ck1EUTBaQzFqTUdVekxUUmpOamN0T1RBME55MWhaVGxpTnpJd1pUQmxaV1V3Z2dFaU1BMEdDU3FHU0liM0RRRUIKQVFVQUE0SUJEd0F3Z2dFS0FvSUJBUUM3RTE3VE85ZmRPYitTQXZzZ21HcHNYd2htb3R2dm9IMEYvWGlVMFZPYgo1Slo3MGJtMk40WnBiaTJVMTNEWXJ4clg3WHh3VzRIcStIaC9qN1J1c3c0NVJ2SUVremk1ZXpHd09TaTJ0cms4CjYwM2F5bVhRT2d6NFJjQmtMeHVOWW9wd0xKY29qWk9zMktjUnFIeUhwMEZvSkJlMWdVVVdzSWJGdFZLQVM4RFEKM0VvMzJhbnpqcU5jdUhVVnExaEZtRDY1ZG9XNGJIeDNERHIxN2VYVi9leUJjY1BxQmNqUkJET0grV1dwR25zMApMRmdCZkZaWm82TkFsdlZMUk85MDlsMUVvL1l4WmpRMmE1cjlWMklyQktvK0gwSTd6N1hpYWY3b3R1UHVJaWE3Ck01S3JlZFZwNUVlZkFhbmtNS1h2T05RazJFYnlzeFlhbEhlQitkZ0Y2SXBuQWdNQkFBR2pRakJBTUE0R0ExVWQKRHdFQi93UUVBd0lDQkRBUEJnTlZIUk1CQWY4RUJUQURBUUgvTUIwR0ExVWREZ1FXQkJSRVMxSkJvekdFT2FPaQpnRXdsR2tOTjhSWVRPekFOQmdrcWhraUc5dzBCQVFzRkFBT0NBUUVBQ2I2NUdYR2lhSXpZQnlObkhQUHRJWVJPCnJmWUk0WHphaVNFNnkvNUYvUTRYajJHM0R4UzhFSWFJQzlaU202UFYyWkYwK1FDUUI0UDdWV3VNTFFVdElrL1UKSTNJWFdmQ05pU2ozc2tqZ3k2cDZwdUhkd3hIL0MrWkRuUDlERW16OXVSTjdsUmc0VXRzeHVBb3E3UkFCRktwZQpmRjRoTXVud2JINFZsN1NEN2YrWkVWd3hjZ3FuNHdLRERVYXMvc0hqQXAxVVFBUUc5K3RtcjFUdHBoTEwyREY0CkYvSVArWTFLV2kwVmU1aFFzMHZiak9wYWJCZDl0SVg0VFBHUGI3TS84ZmN5ajJsM0Fya1VWdUVKQ3ZCUExlTkcKaFBmWG1wS25QeDF3NGYyTnovYi9ic21RZmpOZ0Q1NVhubmY0UzNOTG1QTHg5NUhCYmNnSzJKZ3VmUUhnNnc9PQotLS0tLUVORCBDRVJUSUZJQ0FURS0tLS0tCg==",
                "password": "",
                "username": ""
              }
            ],
            "master_authorized_networks_config": [],
            "master_version": "1.16.15-gke.14800",
            "min_master_version": "1.16",
            "monitoring_service": "monitoring.googleapis.com/kubernetes",
            "name": "gitpod",
            "network": "projects/gpl-sh-090-3/global/networks/gitpod",
            "network_policy": [
              {
                "enabled": true,
                "provider": "CALICO"
              }
            ],
            "networking_mode": "VPC_NATIVE",
            "node_config": [
              {
                "disk_size_gb": 100,
                "disk_type": "pd-ssd",
                "guest_accelerator": [],
                "image_type": "UBUNTU_CONTAINERD",
                "labels": {
                  "gitpod.io/workload_meta": "true",
                  "gitpod.io/workload_workspace": "true"
                },
                "local_ssd_count": 1,
                "machine_type": "n2-standard-8",
                "metadata": {
                  "disable-legacy-endpoints": "true"
                },
                "min_cpu_platform": "",
                "oauth_scopes": [
                  "https://www.googleapis.com/auth/devstorage.read_write",
                  "https://www.googleapis.com/auth/logging.write",
                  "https://www.googleapis.com/auth/monitoring"
                ],
                "preemptible": false,
                "service_account": "gitpod-nodes@gpl-sh-090-3.iam.gserviceaccount.com",
                "shielded_instance_config": [
                  {
                    "enable_integrity_monitoring": true,
                    "enable_secure_boot": false
                  }
                ],
                "tags": [],
                "taint": [],
                "workload_metadata_config": [
                  {
                    "node_metadata": "SECURE"
                  }
                ]
              }
            ],
            "node_locations": [
              "europe-west3-a",
              "europe-west3-b",
              "europe-west3-c"
            ],
            "node_pool": [
              {
                "autoscaling": [],
                "initial_node_count": 1,
                "instance_group_urls": [
                  "https://www.googleapis.com/compute/v1/projects/gpl-sh-090-3/zones/europe-west3-a/instanceGroupManagers/gke-gitpod-nodepool-0-55cc245a-grp",
                  "https://www.googleapis.com/compute/v1/projects/gpl-sh-090-3/zones/europe-west3-b/instanceGroupManagers/gke-gitpod-nodepool-0-ab90e42d-grp",
                  "https://www.googleapis.com/compute/v1/projects/gpl-sh-090-3/zones/europe-west3-c/instanceGroupManagers/gke-gitpod-nodepool-0-bd520db7-grp"
                ],
                "management": [
                  {
                    "auto_repair": true,
                    "auto_upgrade": true
                  }
                ],
                "max_pods_per_node": 110,
                "name": "nodepool-0",
                "name_prefix": "",
                "node_config": [
                  {
                    "disk_size_gb": 100,
                    "disk_type": "pd-ssd",
                    "guest_accelerator": [],
                    "image_type": "UBUNTU_CONTAINERD",
                    "labels": {
                      "gitpod.io/workload_meta": "true",
                      "gitpod.io/workload_workspace": "true"
                    },
                    "local_ssd_count": 1,
                    "machine_type": "n2-standard-8",
                    "metadata": {
                      "disable-legacy-endpoints": "true"
                    },
                    "min_cpu_platform": "",
                    "oauth_scopes": [
                      "https://www.googleapis.com/auth/devstorage.read_write",
                      "https://www.googleapis.com/auth/logging.write",
                      "https://www.googleapis.com/auth/monitoring"
                    ],
                    "preemptible": false,
                    "service_account": "gitpod-nodes@gpl-sh-090-3.iam.gserviceaccount.com",
                    "shielded_instance_config": [
                      {
                        "enable_integrity_monitoring": true,
                        "enable_secure_boot": false
                      }
                    ],
                    "tags": [],
                    "taint": [],
                    "workload_metadata_config": [
                      {
                        "node_metadata": "SECURE"
                      }
                    ]
                  }
                ],
                "node_count": 1,
                "node_locations": [
                  "europe-west3-a",
                  "europe-west3-b",
                  "europe-west3-c"
                ],
                "upgrade_settings": [
                  {
                    "max_surge": 1,
                    "max_unavailable": 0
                  }
                ],
                "version": "1.16.15-gke.14800"
              }
            ],
            "node_version": "1.16.15-gke.14800",
            "operation": null,
            "pod_security_policy_config": [
              {
                "enabled": true
              }
            ],
            "private_cluster_config": [],
            "private_ipv6_google_access": "",
            "project": "gpl-sh-090-3",
            "release_channel": [
              {
                "channel": "UNSPECIFIED"
              }
            ],
            "remove_default_node_pool": true,
            "resource_labels": {},
            "resource_usage_export_config": [],
            "self_link": "https://container.googleapis.com/v1beta1/projects/gpl-sh-090-3/locations/europe-west3/clusters/gitpod",
            "services_ipv4_cidr": "10.76.0.0/20",
            "subnetwork": "projects/gpl-sh-090-3/regions/europe-west3/subnetworks/gitpod-subnet",
            "timeouts": null,
            "tpu_ipv4_cidr_block": "",
            "vertical_pod_autoscaling": [],
            "workload_identity_config": []
          },
          "sensitive_attributes": [],
          "private": "eyJlMmJmYjczMC1lY2FhLTExZTYtOGY4OC0zNDM2M2JjN2M0YzAiOnsiY3JlYXRlIjoyNDAwMDAwMDAwMDAwLCJkZWxldGUiOjI0MDAwMDAwMDAwMDAsInJlYWQiOjI0MDAwMDAwMDAwMDAsInVwZGF0ZSI6MzYwMDAwMDAwMDAwMH0sInNjaGVtYV92ZXJzaW9uIjoiMSJ9",
          "dependencies": [
            "google_compute_network.gitpod",
            "module.kubernetes.google_compute_subnetwork.gitpod"
          ]
        }
      ]
    },
    {
      "module": "module.kubernetes",
      "mode": "managed",
      "type": "google_container_node_pool",
      "name": "gitpod",
      "provider": "provider[\"registry.terraform.io/hashicorp/google\"]",
      "instances": [
        {
          "schema_version": 1,
          "attributes": {
            "autoscaling": [],
            "cluster": "gitpod",
            "id": "projects/gpl-sh-090-3/locations/europe-west3/clusters/gitpod/nodePools/nodepool-0",
            "initial_node_count": 1,
            "instance_group_urls": [
              "https://www.googleapis.com/compute/v1/projects/gpl-sh-090-3/zones/europe-west3-a/instanceGroupManagers/gke-gitpod-nodepool-0-55cc245a-grp",
              "https://www.googleapis.com/compute/v1/projects/gpl-sh-090-3/zones/europe-west3-b/instanceGroupManagers/gke-gitpod-nodepool-0-ab90e42d-grp",
              "https://www.googleapis.com/compute/v1/projects/gpl-sh-090-3/zones/europe-west3-c/instanceGroupManagers/gke-gitpod-nodepool-0-bd520db7-grp"
            ],
            "location": "europe-west3",
            "management": [
              {
                "auto_repair": true,
                "auto_upgrade": true
              }
            ],
            "max_pods_per_node": 110,
            "name": "nodepool-0",
            "name_prefix": "",
            "node_config": [
              {
                "disk_size_gb": 100,
                "disk_type": "pd-ssd",
                "guest_accelerator": [],
                "image_type": "UBUNTU_CONTAINERD",
                "labels": {
                  "gitpod.io/workload_meta": "true",
                  "gitpod.io/workload_workspace": "true"
                },
                "local_ssd_count": 1,
                "machine_type": "n2-standard-8",
                "metadata": {
                  "disable-legacy-endpoints": "true"
                },
                "min_cpu_platform": "",
                "oauth_scopes": [
                  "https://www.googleapis.com/auth/devstorage.read_write",
                  "https://www.googleapis.com/auth/logging.write",
                  "https://www.googleapis.com/auth/monitoring"
                ],
                "preemptible": false,
                "service_account": "gitpod-nodes@gpl-sh-090-3.iam.gserviceaccount.com",
                "shielded_instance_config": [
                  {
                    "enable_integrity_monitoring": true,
                    "enable_secure_boot": false
                  }
                ],
                "tags": null,
                "taint": [],
                "workload_metadata_config": [
                  {
                    "node_metadata": "SECURE"
                  }
                ]
              }
            ],
            "node_count": 1,
            "node_locations": [
              "europe-west3-a",
              "europe-west3-b",
              "europe-west3-c"
            ],
            "operation": null,
            "project": "gpl-sh-090-3",
            "timeouts": null,
            "upgrade_settings": [
              {
                "max_surge": 1,
                "max_unavailable": 0
              }
            ],
            "version": "1.16.15-gke.14800"
          },
          "sensitive_attributes": [],
          "private": "eyJlMmJmYjczMC1lY2FhLTExZTYtOGY4OC0zNDM2M2JjN2M0YzAiOnsiY3JlYXRlIjoxODAwMDAwMDAwMDAwLCJkZWxldGUiOjE4MDAwMDAwMDAwMDAsInVwZGF0ZSI6MTgwMDAwMDAwMDAwMH0sInNjaGVtYV92ZXJzaW9uIjoiMSJ9",
          "dependencies": [
            "google_compute_network.gitpod",
            "module.kubernetes.google_compute_subnetwork.gitpod",
            "module.kubernetes.google_container_cluster.gitpod",
            "module.kubernetes.google_service_account.gitpod"
          ]
        }
      ]
    },
    {
      "module": "module.kubernetes",
      "mode": "managed",
      "type": "google_project_iam_member",
      "name": "gitpod",
      "provider": "provider[\"registry.terraform.io/hashicorp/google\"]",
      "instances": [
        {
          "index_key": 0,
          "schema_version": 0,
          "attributes": {
            "condition": [],
            "etag": "BwXBaTrs5tY=",
            "id": "gpl-sh-090-3/roles/clouddebugger.agent/serviceAccount:gitpod-nodes@gpl-sh-090-3.iam.gserviceaccount.com",
            "member": "serviceAccount:gitpod-nodes@gpl-sh-090-3.iam.gserviceaccount.com",
            "project": "gpl-sh-090-3",
            "role": "roles/clouddebugger.agent"
          },
          "sensitive_attributes": [],
          "private": "bnVsbA==",
          "dependencies": [
            "module.kubernetes.google_service_account.gitpod"
          ]
        },
        {
          "index_key": 1,
          "schema_version": 0,
          "attributes": {
            "condition": [],
            "etag": "BwXBaTrs5tY=",
            "id": "gpl-sh-090-3/roles/cloudtrace.agent/serviceAccount:gitpod-nodes@gpl-sh-090-3.iam.gserviceaccount.com",
            "member": "serviceAccount:gitpod-nodes@gpl-sh-090-3.iam.gserviceaccount.com",
            "project": "gpl-sh-090-3",
            "role": "roles/cloudtrace.agent"
          },
          "sensitive_attributes": [],
          "private": "bnVsbA==",
          "dependencies": [
            "module.kubernetes.google_service_account.gitpod"
          ]
        },
        {
          "index_key": 2,
          "schema_version": 0,
          "attributes": {
            "condition": [],
            "etag": "BwXBaTrs5tY=",
            "id": "gpl-sh-090-3/roles/errorreporting.writer/serviceAccount:gitpod-nodes@gpl-sh-090-3.iam.gserviceaccount.com",
            "member": "serviceAccount:gitpod-nodes@gpl-sh-090-3.iam.gserviceaccount.com",
            "project": "gpl-sh-090-3",
            "role": "roles/errorreporting.writer"
          },
          "sensitive_attributes": [],
          "private": "bnVsbA==",
          "dependencies": [
            "module.kubernetes.google_service_account.gitpod"
          ]
        },
        {
          "index_key": 3,
          "schema_version": 0,
          "attributes": {
            "condition": [],
            "etag": "BwXBaTrs5tY=",
            "id": "gpl-sh-090-3/roles/logging.viewer/serviceAccount:gitpod-nodes@gpl-sh-090-3.iam.gserviceaccount.com",
            "member": "serviceAccount:gitpod-nodes@gpl-sh-090-3.iam.gserviceaccount.com",
            "project": "gpl-sh-090-3",
            "role": "roles/logging.viewer"
          },
          "sensitive_attributes": [],
          "private": "bnVsbA==",
          "dependencies": [
            "module.kubernetes.google_service_account.gitpod"
          ]
        },
        {
          "index_key": 4,
          "schema_version": 0,
          "attributes": {
            "condition": [],
            "etag": "BwXBaTrs5tY=",
            "id": "gpl-sh-090-3/roles/logging.logWriter/serviceAccount:gitpod-nodes@gpl-sh-090-3.iam.gserviceaccount.com",
            "member": "serviceAccount:gitpod-nodes@gpl-sh-090-3.iam.gserviceaccount.com",
            "project": "gpl-sh-090-3",
            "role": "roles/logging.logWriter"
          },
          "sensitive_attributes": [],
          "private": "bnVsbA==",
          "dependencies": [
            "module.kubernetes.google_service_account.gitpod"
          ]
        },
        {
          "index_key": 5,
          "schema_version": 0,
          "attributes": {
            "condition": [],
            "etag": "BwXBaTrs5tY=",
            "id": "gpl-sh-090-3/roles/monitoring.metricWriter/serviceAccount:gitpod-nodes@gpl-sh-090-3.iam.gserviceaccount.com",
            "member": "serviceAccount:gitpod-nodes@gpl-sh-090-3.iam.gserviceaccount.com",
            "project": "gpl-sh-090-3",
            "role": "roles/monitoring.metricWriter"
          },
          "sensitive_attributes": [],
          "private": "bnVsbA==",
          "dependencies": [
            "module.kubernetes.google_service_account.gitpod"
          ]
        },
        {
          "index_key": 6,
          "schema_version": 0,
          "attributes": {
            "condition": [],
            "etag": "BwXBaTrs5tY=",
            "id": "gpl-sh-090-3/roles/monitoring.viewer/serviceAccount:gitpod-nodes@gpl-sh-090-3.iam.gserviceaccount.com",
            "member": "serviceAccount:gitpod-nodes@gpl-sh-090-3.iam.gserviceaccount.com",
            "project": "gpl-sh-090-3",
            "role": "roles/monitoring.viewer"
          },
          "sensitive_attributes": [],
          "private": "bnVsbA==",
          "dependencies": [
            "module.kubernetes.google_service_account.gitpod"
          ]
        },
        {
          "index_key": 7,
          "schema_version": 0,
          "attributes": {
            "condition": [],
            "etag": "BwXBaTrs5tY=",
            "id": "gpl-sh-090-3/roles/storage.admin/serviceAccount:gitpod-nodes@gpl-sh-090-3.iam.gserviceaccount.com",
            "member": "serviceAccount:gitpod-nodes@gpl-sh-090-3.iam.gserviceaccount.com",
            "project": "gpl-sh-090-3",
            "role": "roles/storage.admin"
          },
          "sensitive_attributes": [],
          "private": "bnVsbA==",
          "dependencies": [
            "module.kubernetes.google_service_account.gitpod"
          ]
        },
        {
          "index_key": 8,
          "schema_version": 0,
          "attributes": {
            "condition": [],
            "etag": "BwXBaTrs5tY=",
            "id": "gpl-sh-090-3/roles/storage.objectAdmin/serviceAccount:gitpod-nodes@gpl-sh-090-3.iam.gserviceaccount.com",
            "member": "serviceAccount:gitpod-nodes@gpl-sh-090-3.iam.gserviceaccount.com",
            "project": "gpl-sh-090-3",
            "role": "roles/storage.objectAdmin"
          },
          "sensitive_attributes": [],
          "private": "bnVsbA==",
          "dependencies": [
            "module.kubernetes.google_service_account.gitpod"
          ]
        }
      ]
    },
    {
      "module": "module.kubernetes",
      "mode": "managed",
      "type": "google_project_service",
      "name": "kubernetes",
      "provider": "provider[\"registry.terraform.io/hashicorp/google\"]",
      "instances": [
        {
          "index_key": 0,
          "schema_version": 0,
          "attributes": {
            "disable_dependent_services": false,
            "disable_on_destroy": false,
            "id": "gpl-sh-090-3/iam.googleapis.com",
            "project": "gpl-sh-090-3",
            "service": "iam.googleapis.com",
            "timeouts": null
          },
          "sensitive_attributes": [],
          "private": "eyJlMmJmYjczMC1lY2FhLTExZTYtOGY4OC0zNDM2M2JjN2M0YzAiOnsiY3JlYXRlIjoxMjAwMDAwMDAwMDAwLCJkZWxldGUiOjEyMDAwMDAwMDAwMDAsInJlYWQiOjYwMDAwMDAwMDAwMCwidXBkYXRlIjoxMjAwMDAwMDAwMDAwfX0="
        },
        {
          "index_key": 1,
          "schema_version": 0,
          "attributes": {
            "disable_dependent_services": false,
            "disable_on_destroy": false,
            "id": "gpl-sh-090-3/compute.googleapis.com",
            "project": "gpl-sh-090-3",
            "service": "compute.googleapis.com",
            "timeouts": null
          },
          "sensitive_attributes": [],
          "private": "eyJlMmJmYjczMC1lY2FhLTExZTYtOGY4OC0zNDM2M2JjN2M0YzAiOnsiY3JlYXRlIjoxMjAwMDAwMDAwMDAwLCJkZWxldGUiOjEyMDAwMDAwMDAwMDAsInJlYWQiOjYwMDAwMDAwMDAwMCwidXBkYXRlIjoxMjAwMDAwMDAwMDAwfX0="
        },
        {
          "index_key": 2,
          "schema_version": 0,
          "attributes": {
            "disable_dependent_services": false,
            "disable_on_destroy": false,
            "id": "gpl-sh-090-3/container.googleapis.com",
            "project": "gpl-sh-090-3",
            "service": "container.googleapis.com",
            "timeouts": null
          },
          "sensitive_attributes": [],
          "private": "eyJlMmJmYjczMC1lY2FhLTExZTYtOGY4OC0zNDM2M2JjN2M0YzAiOnsiY3JlYXRlIjoxMjAwMDAwMDAwMDAwLCJkZWxldGUiOjEyMDAwMDAwMDAwMDAsInJlYWQiOjYwMDAwMDAwMDAwMCwidXBkYXRlIjoxMjAwMDAwMDAwMDAwfX0="
        },
        {
          "index_key": 3,
          "schema_version": 0,
          "attributes": {
            "disable_dependent_services": false,
            "disable_on_destroy": false,
            "id": "gpl-sh-090-3/logging.googleapis.com",
            "project": "gpl-sh-090-3",
            "service": "logging.googleapis.com",
            "timeouts": null
          },
          "sensitive_attributes": [],
          "private": "eyJlMmJmYjczMC1lY2FhLTExZTYtOGY4OC0zNDM2M2JjN2M0YzAiOnsiY3JlYXRlIjoxMjAwMDAwMDAwMDAwLCJkZWxldGUiOjEyMDAwMDAwMDAwMDAsInJlYWQiOjYwMDAwMDAwMDAwMCwidXBkYXRlIjoxMjAwMDAwMDAwMDAwfX0="
        }
      ]
    },
    {
      "module": "module.kubernetes",
      "mode": "managed",
      "type": "google_service_account",
      "name": "gitpod",
      "provider": "provider[\"registry.terraform.io/hashicorp/google\"]",
      "instances": [
        {
          "schema_version": 0,
          "attributes": {
            "account_id": "gitpod-nodes",
            "description": "Gitpod Nodes gitpod",
            "display_name": "gitpod-nodes",
            "email": "gitpod-nodes@gpl-sh-090-3.iam.gserviceaccount.com",
            "id": "projects/gpl-sh-090-3/serviceAccounts/gitpod-nodes@gpl-sh-090-3.iam.gserviceaccount.com",
            "name": "projects/gpl-sh-090-3/serviceAccounts/gitpod-nodes@gpl-sh-090-3.iam.gserviceaccount.com",
            "project": "gpl-sh-090-3",
            "timeouts": null,
            "unique_id": "116547914369594240352"
          },
          "sensitive_attributes": [],
          "private": "eyJlMmJmYjczMC1lY2FhLTExZTYtOGY4OC0zNDM2M2JjN2M0YzAiOnsiY3JlYXRlIjozMDAwMDAwMDAwMDB9fQ=="
        }
      ]
    },
    {
      "module": "module.registry",
      "mode": "data",
      "type": "template_file",
      "name": "registry",
      "provider": "provider[\"registry.terraform.io/hashicorp/template\"]",
      "instances": [
        {
          "schema_version": 0,
          "attributes": {
            "filename": null,
            "id": "0dd07e6a868d098c25f3e464b7ad15ae956cfcd8d623a4c7fd87aa542731eea3",
            "rendered": "{\n\t\"auths\": {\n\t\t\"gcr.io\": {\n\t\t\t\"auth\": \"X2pzb25fa2V5OiB7CiAgInR5cGUiOiAic2VydmljZV9hY2NvdW50IiwKICAicHJvamVjdF9pZCI6ICJncGwtc2gtMDkwLTMiLAogICJwcml2YXRlX2tleV9pZCI6ICJkMWVkN2E0ZWVmMmFiZTUwN2NjOTQzNWMxOTY0ZDllMWY4ZDA5NjA4IiwKICAicHJpdmF0ZV9rZXkiOiAiLS0tLS1CRUdJTiBQUklWQVRFIEtFWS0tLS0tXG5NSUlFdlFJQkFEQU5CZ2txaGtpRzl3MEJBUUVGQUFTQ0JLY3dnZ1NqQWdFQUFvSUJBUURQeVhUZXNLVWxnODhlXG5WRll3OElvQjRDbWMramxQOXZ5SWE4a2piY1oxS3lxd2p6N2ZoU1NhOU4vNVpVK2pWQnZlcW9YeHFqbE1XdW1uXG5Sdkw4V21OUHoySmovbEx0WDZKU1Z5TUJ5M3FkSUg5VEVlejRBck1TMDZpeEx3TW05TG5XU1RubkJlNjdEYnUyXG41UjRCdHBvd0hUZDIvSXdjYnc1dXJWRVVlckJUdGpSdjFIVG9OcFYva2ZjZDRGVWVyanZjL3llTzFmTEhYR21lXG5ZV3RYM2JNM2tmclZqb1o1RUloUVRPRmptSllwQ1hhMjBDbVZSRUtYZXpMTmdzOHkyczVPaTY0VjVBbW9iWGJ3XG5ML2Y2bVVKZm02NFM4QUhVWGdTc1VXbFFTM3dRb1l5SXhWV2htYUkvSnVzczFRZWFaS211OHV5QytJbmpMdVVKXG52S0hJWlpWQkFnTUJBQUVDZ2dFQUFZUDRwRDhwbFRKMjZrTzNOVGdyNllPWENod1JHdkkwT1ZKLzd4QTM2RmJlXG5RdGRvbi95Nm5aNjNtM3dQcnFOSWFNRlpwTCtYRjJWNldzdjdyYmVERGV2M1RiOW5IM0FaSVB5ZHRyK2pMMDR6XG5YNG03N3JzbVR6YlgvaUxYcFFzWDUrWTAwK2lKS3pnWWJHY1RadlBNQUJuV2M3bTMwK1ZEZDY4djdqUk80TzFwXG42WGtIU3NaRFpmaWVsdHAzNE1IUXJpM3NxU2VwS1hNRVJvMWtudkVIUmJxZlg1T0Q2bW9XMEJMZStPOTN6UDc2XG5wMWJVQXdwT01jV2JDSHFQNC9ET3lhMTJoelgxc2orTHpXMkg5bU5OQUkvdjRjZk8yU2F4MHpQNGpPQmJReFNIXG42UDVuRXFZeVlwVVVCTjlCYkVYSHdySEVqWjdEK2x2ekYvWFlxdFFSb1FLQmdRRDF3cGJ6L0pPb0dyVWdOZ29TXG4yQlNQYVhNV1FxY1pQZHZINGNGc3EveCtadFRlQVd4a21wTmd6UEI3TXRqRmplRXNwUTlkQVJIZ2tLQTVKTVlDXG54YzIyMmt0b3Fnbmhqek1PS21mMDJ0alpnbStsUVIrbTUwVmNTdDlONVhjS1BOa0pTVFRpZFBCdlBDU05YalJXXG5kcUhmSmRkWThCMWJ1aHNRaUVocTBZMWREUUtCZ1FEWWNkTU5XQThFMVZKZEZFSU5JbGlpMEdsWGFnQ2ZHZ0ppXG54VjhaUlQwMWV4cklHbG9hYUtsOEM1QlRBNGFtbFdKUlpaUW94RHBLYTZZUENWc2d4cWJ4dEdKdjU5ZUhVVlVwXG5EZWRteUZCRWhOWWJMaGphOHJKZ3EzYUdFNVVzZ1dyTFJNQ2RkTkZaSjdjUXRtRldXS3hIbW4rWUw1c2d0RnoxXG53a29hd09UVUJRS0JnUUNDd2I2NUgvaWI1MkhaT29kUGtXSVhENTdwQ0J1SjVZeXJJNlZiSVlLYzZpOTEwMElOXG5vT1NyQ3o4ai9XQ3ljNU9Md21LVE5EK0R3TTlPdUE4V2FKSFVLUDhZTitnNzk0bk5qcWh5OFlHUThNSmdKVzhtXG55VVB4SC9FQnJBWVREMTdXZnZuQlIwQ3BubEZBV2cvMHRQZlpGM1FsWU5QdCt1M3RkT1U2MkRXamZRS0JnRUlhXG5LUm1uTGhjTXl6V3dEU2dUdUR3cEtETFJKZFZ4VFE4N05mcnl3V25HNmZ2NHlGSE9hd3grUDVxS3RpSEQ5NTNpXG5SdWhZWFhFREJWa01RMjkwRytJdmMreTNRb1NLRzFjSmJ3VmQ0ZDI3TCtSbkpLSWhnc2F4TnVabHJxWkQ5QWlXXG5PN2theHlEU1Z6OWNZOGZLRnZ0YlBPS09qM0xpZ28xdnc4LzkzeVM5QW9HQU14RzcxVlM1cjFROHZQTWtrcGxPXG52cTEyK1U1L3pkU2FhSWkwTEYyMlZiNGE2UmJqY2YzSDM0V3NQS1J0Q2FtMG52TnNsbXFrY3RLc2RDRnp0Y0NMXG5SQTk5ZTNINTU1WkZCcU03TEhHNnFMMjRCbC9IcnJnSWVoNVFMaVdubEo5VDBkNEMrYlVsS3JwRHJnZDdzekJqXG51dG5ZVVpwakRXWjZQWWUyTjQvYVFuWT1cbi0tLS0tRU5EIFBSSVZBVEUgS0VZLS0tLS1cbiIsCiAgImNsaWVudF9lbWFpbCI6ICJnaXRwb2QtcmVnaXN0cnlAZ3BsLXNoLTA5MC0zLmlhbS5nc2VydmljZWFjY291bnQuY29tIiwKICAiY2xpZW50X2lkIjogIjExMjg0MjA4ODk2ODU1NDEzMTI5NSIsCiAgImF1dGhfdXJpIjogImh0dHBzOi8vYWNjb3VudHMuZ29vZ2xlLmNvbS9vL29hdXRoMi9hdXRoIiwKICAidG9rZW5fdXJpIjogImh0dHBzOi8vb2F1dGgyLmdvb2dsZWFwaXMuY29tL3Rva2VuIiwKICAiYXV0aF9wcm92aWRlcl94NTA5X2NlcnRfdXJsIjogImh0dHBzOi8vd3d3Lmdvb2dsZWFwaXMuY29tL29hdXRoMi92MS9jZXJ0cyIsCiAgImNsaWVudF94NTA5X2NlcnRfdXJsIjogImh0dHBzOi8vd3d3Lmdvb2dsZWFwaXMuY29tL3JvYm90L3YxL21ldGFkYXRhL3g1MDkvZ2l0cG9kLXJlZ2lzdHJ5JTQwZ3BsLXNoLTA5MC0zLmlhbS5nc2VydmljZWFjY291bnQuY29tIgp9Cg==\"\n\t\t}\n\t}\n}",
            "template": "{\n\t\"auths\": {\n\t\t\"gcr.io\": {\n\t\t\t\"auth\": \"${auth}\"\n\t\t}\n\t}\n}",
            "vars": {
              "auth": "X2pzb25fa2V5OiB7CiAgInR5cGUiOiAic2VydmljZV9hY2NvdW50IiwKICAicHJvamVjdF9pZCI6ICJncGwtc2gtMDkwLTMiLAogICJwcml2YXRlX2tleV9pZCI6ICJkMWVkN2E0ZWVmMmFiZTUwN2NjOTQzNWMxOTY0ZDllMWY4ZDA5NjA4IiwKICAicHJpdmF0ZV9rZXkiOiAiLS0tLS1CRUdJTiBQUklWQVRFIEtFWS0tLS0tXG5NSUlFdlFJQkFEQU5CZ2txaGtpRzl3MEJBUUVGQUFTQ0JLY3dnZ1NqQWdFQUFvSUJBUURQeVhUZXNLVWxnODhlXG5WRll3OElvQjRDbWMramxQOXZ5SWE4a2piY1oxS3lxd2p6N2ZoU1NhOU4vNVpVK2pWQnZlcW9YeHFqbE1XdW1uXG5Sdkw4V21OUHoySmovbEx0WDZKU1Z5TUJ5M3FkSUg5VEVlejRBck1TMDZpeEx3TW05TG5XU1RubkJlNjdEYnUyXG41UjRCdHBvd0hUZDIvSXdjYnc1dXJWRVVlckJUdGpSdjFIVG9OcFYva2ZjZDRGVWVyanZjL3llTzFmTEhYR21lXG5ZV3RYM2JNM2tmclZqb1o1RUloUVRPRmptSllwQ1hhMjBDbVZSRUtYZXpMTmdzOHkyczVPaTY0VjVBbW9iWGJ3XG5ML2Y2bVVKZm02NFM4QUhVWGdTc1VXbFFTM3dRb1l5SXhWV2htYUkvSnVzczFRZWFaS211OHV5QytJbmpMdVVKXG52S0hJWlpWQkFnTUJBQUVDZ2dFQUFZUDRwRDhwbFRKMjZrTzNOVGdyNllPWENod1JHdkkwT1ZKLzd4QTM2RmJlXG5RdGRvbi95Nm5aNjNtM3dQcnFOSWFNRlpwTCtYRjJWNldzdjdyYmVERGV2M1RiOW5IM0FaSVB5ZHRyK2pMMDR6XG5YNG03N3JzbVR6YlgvaUxYcFFzWDUrWTAwK2lKS3pnWWJHY1RadlBNQUJuV2M3bTMwK1ZEZDY4djdqUk80TzFwXG42WGtIU3NaRFpmaWVsdHAzNE1IUXJpM3NxU2VwS1hNRVJvMWtudkVIUmJxZlg1T0Q2bW9XMEJMZStPOTN6UDc2XG5wMWJVQXdwT01jV2JDSHFQNC9ET3lhMTJoelgxc2orTHpXMkg5bU5OQUkvdjRjZk8yU2F4MHpQNGpPQmJReFNIXG42UDVuRXFZeVlwVVVCTjlCYkVYSHdySEVqWjdEK2x2ekYvWFlxdFFSb1FLQmdRRDF3cGJ6L0pPb0dyVWdOZ29TXG4yQlNQYVhNV1FxY1pQZHZINGNGc3EveCtadFRlQVd4a21wTmd6UEI3TXRqRmplRXNwUTlkQVJIZ2tLQTVKTVlDXG54YzIyMmt0b3Fnbmhqek1PS21mMDJ0alpnbStsUVIrbTUwVmNTdDlONVhjS1BOa0pTVFRpZFBCdlBDU05YalJXXG5kcUhmSmRkWThCMWJ1aHNRaUVocTBZMWREUUtCZ1FEWWNkTU5XQThFMVZKZEZFSU5JbGlpMEdsWGFnQ2ZHZ0ppXG54VjhaUlQwMWV4cklHbG9hYUtsOEM1QlRBNGFtbFdKUlpaUW94RHBLYTZZUENWc2d4cWJ4dEdKdjU5ZUhVVlVwXG5EZWRteUZCRWhOWWJMaGphOHJKZ3EzYUdFNVVzZ1dyTFJNQ2RkTkZaSjdjUXRtRldXS3hIbW4rWUw1c2d0RnoxXG53a29hd09UVUJRS0JnUUNDd2I2NUgvaWI1MkhaT29kUGtXSVhENTdwQ0J1SjVZeXJJNlZiSVlLYzZpOTEwMElOXG5vT1NyQ3o4ai9XQ3ljNU9Md21LVE5EK0R3TTlPdUE4V2FKSFVLUDhZTitnNzk0bk5qcWh5OFlHUThNSmdKVzhtXG55VVB4SC9FQnJBWVREMTdXZnZuQlIwQ3BubEZBV2cvMHRQZlpGM1FsWU5QdCt1M3RkT1U2MkRXamZRS0JnRUlhXG5LUm1uTGhjTXl6V3dEU2dUdUR3cEtETFJKZFZ4VFE4N05mcnl3V25HNmZ2NHlGSE9hd3grUDVxS3RpSEQ5NTNpXG5SdWhZWFhFREJWa01RMjkwRytJdmMreTNRb1NLRzFjSmJ3VmQ0ZDI3TCtSbkpLSWhnc2F4TnVabHJxWkQ5QWlXXG5PN2theHlEU1Z6OWNZOGZLRnZ0YlBPS09qM0xpZ28xdnc4LzkzeVM5QW9HQU14RzcxVlM1cjFROHZQTWtrcGxPXG52cTEyK1U1L3pkU2FhSWkwTEYyMlZiNGE2UmJqY2YzSDM0V3NQS1J0Q2FtMG52TnNsbXFrY3RLc2RDRnp0Y0NMXG5SQTk5ZTNINTU1WkZCcU03TEhHNnFMMjRCbC9IcnJnSWVoNVFMaVdubEo5VDBkNEMrYlVsS3JwRHJnZDdzekJqXG51dG5ZVVpwakRXWjZQWWUyTjQvYVFuWT1cbi0tLS0tRU5EIFBSSVZBVEUgS0VZLS0tLS1cbiIsCiAgImNsaWVudF9lbWFpbCI6ICJnaXRwb2QtcmVnaXN0cnlAZ3BsLXNoLTA5MC0zLmlhbS5nc2VydmljZWFjY291bnQuY29tIiwKICAiY2xpZW50X2lkIjogIjExMjg0MjA4ODk2ODU1NDEzMTI5NSIsCiAgImF1dGhfdXJpIjogImh0dHBzOi8vYWNjb3VudHMuZ29vZ2xlLmNvbS9vL29hdXRoMi9hdXRoIiwKICAidG9rZW5fdXJpIjogImh0dHBzOi8vb2F1dGgyLmdvb2dsZWFwaXMuY29tL3Rva2VuIiwKICAiYXV0aF9wcm92aWRlcl94NTA5X2NlcnRfdXJsIjogImh0dHBzOi8vd3d3Lmdvb2dsZWFwaXMuY29tL29hdXRoMi92MS9jZXJ0cyIsCiAgImNsaWVudF94NTA5X2NlcnRfdXJsIjogImh0dHBzOi8vd3d3Lmdvb2dsZWFwaXMuY29tL3JvYm90L3YxL21ldGFkYXRhL3g1MDkvZ2l0cG9kLXJlZ2lzdHJ5JTQwZ3BsLXNoLTA5MC0zLmlhbS5nc2VydmljZWFjY291bnQuY29tIgp9Cg=="
            }
          },
          "sensitive_attributes": []
        }
      ]
    },
    {
      "module": "module.registry",
      "mode": "data",
      "type": "template_file",
      "name": "values",
      "provider": "provider[\"registry.terraform.io/hashicorp/template\"]",
      "instances": [
        {
          "schema_version": 0,
          "attributes": {
            "filename": null,
            "id": "a6789ed2a5dffa868e3e7c7faff1782038c9859ad9360a35eeda5ecf08ddf442",
            "rendered": "# Copyright (c) 2020 Gitpod GmbH. All rights reserved.\n# Licensed under the MIT License. See License-MIT.txt in the project root for license information.\n\ncomponents:\n  imageBuilder:\n    registryCerts: []\n    registry:\n      name: \"gcr.io/gpl-sh-090-3\"\n      secretName: gitpod-registry\n\n  workspace:\n    pullSecret:\n      secretName: gitpod-registry\n\ndocker-registry:\n  enabled: false\n",
            "template": "# Copyright (c) 2020 Gitpod GmbH. All rights reserved.\n# Licensed under the MIT License. See License-MIT.txt in the project root for license information.\n\ncomponents:\n  imageBuilder:\n    registryCerts: []\n    registry:\n      name: \"gcr.io/${project}\"\n      secretName: ${secretName}\n\n  workspace:\n    pullSecret:\n      secretName: ${secretName}\n\ndocker-registry:\n  enabled: false\n",
            "vars": {
              "project": "gpl-sh-090-3",
              "secretName": "gitpod-registry"
            }
          },
          "sensitive_attributes": []
        }
      ]
    },
    {
      "module": "module.registry",
      "mode": "managed",
      "type": "google_project_iam_member",
      "name": "gitpod_registry",
      "provider": "provider[\"registry.terraform.io/hashicorp/google\"]",
      "instances": [
        {
          "schema_version": 0,
          "attributes": {
            "condition": [],
            "etag": "BwXBapkqi6A=",
            "id": "gpl-sh-090-3/roles/storage.admin/serviceAccount:gitpod-registry@gpl-sh-090-3.iam.gserviceaccount.com",
            "member": "serviceAccount:gitpod-registry@gpl-sh-090-3.iam.gserviceaccount.com",
            "project": "gpl-sh-090-3",
            "role": "roles/storage.admin"
          },
          "sensitive_attributes": [],
          "private": "bnVsbA==",
          "dependencies": [
            "module.registry.google_service_account.gitpod_registry"
          ]
        }
      ]
    },
    {
      "module": "module.registry",
      "mode": "managed",
      "type": "google_project_service",
      "name": "gitpod_registry",
      "provider": "provider[\"registry.terraform.io/hashicorp/google\"]",
      "instances": [
        {
          "index_key": 0,
          "schema_version": 0,
          "attributes": {
            "disable_dependent_services": false,
            "disable_on_destroy": false,
            "id": "gpl-sh-090-3/containerregistry.googleapis.com",
            "project": "gpl-sh-090-3",
            "service": "containerregistry.googleapis.com",
            "timeouts": null
          },
          "sensitive_attributes": [],
          "private": "eyJlMmJmYjczMC1lY2FhLTExZTYtOGY4OC0zNDM2M2JjN2M0YzAiOnsiY3JlYXRlIjoxMjAwMDAwMDAwMDAwLCJkZWxldGUiOjEyMDAwMDAwMDAwMDAsInJlYWQiOjYwMDAwMDAwMDAwMCwidXBkYXRlIjoxMjAwMDAwMDAwMDAwfX0="
        }
      ]
    },
    {
      "module": "module.registry",
      "mode": "managed",
      "type": "google_service_account",
      "name": "gitpod_registry",
      "provider": "provider[\"registry.terraform.io/hashicorp/google\"]",
      "instances": [
        {
          "schema_version": 0,
          "attributes": {
            "account_id": "gitpod-registry",
            "description": "Gitpod Registry ",
            "display_name": "gitpod-registry",
            "email": "gitpod-registry@gpl-sh-090-3.iam.gserviceaccount.com",
            "id": "projects/gpl-sh-090-3/serviceAccounts/gitpod-registry@gpl-sh-090-3.iam.gserviceaccount.com",
            "name": "projects/gpl-sh-090-3/serviceAccounts/gitpod-registry@gpl-sh-090-3.iam.gserviceaccount.com",
            "project": "gpl-sh-090-3",
            "timeouts": null,
            "unique_id": "112842088968554131295"
          },
          "sensitive_attributes": [],
          "private": "eyJlMmJmYjczMC1lY2FhLTExZTYtOGY4OC0zNDM2M2JjN2M0YzAiOnsiY3JlYXRlIjozMDAwMDAwMDAwMDB9fQ=="
        }
      ]
    },
    {
      "module": "module.registry",
      "mode": "managed",
      "type": "google_service_account_key",
      "name": "gitpod_registry",
      "provider": "provider[\"registry.terraform.io/hashicorp/google\"]",
      "instances": [
        {
          "schema_version": 0,
          "attributes": {
            "id": "projects/gpl-sh-090-3/serviceAccounts/gitpod-registry@gpl-sh-090-3.iam.gserviceaccount.com/keys/d1ed7a4eef2abe507cc9435c1964d9e1f8d09608",
            "keepers": null,
            "key_algorithm": "KEY_ALG_RSA_2048",
            "name": "projects/gpl-sh-090-3/serviceAccounts/gitpod-registry@gpl-sh-090-3.iam.gserviceaccount.com/keys/d1ed7a4eef2abe507cc9435c1964d9e1f8d09608",
            "private_key": "ewogICJ0eXBlIjogInNlcnZpY2VfYWNjb3VudCIsCiAgInByb2plY3RfaWQiOiAiZ3BsLXNoLTA5MC0zIiwKICAicHJpdmF0ZV9rZXlfaWQiOiAiZDFlZDdhNGVlZjJhYmU1MDdjYzk0MzVjMTk2NGQ5ZTFmOGQwOTYwOCIsCiAgInByaXZhdGVfa2V5IjogIi0tLS0tQkVHSU4gUFJJVkFURSBLRVktLS0tLVxuTUlJRXZRSUJBREFOQmdrcWhraUc5dzBCQVFFRkFBU0NCS2N3Z2dTakFnRUFBb0lCQVFEUHlYVGVzS1VsZzg4ZVxuVkZZdzhJb0I0Q21jK2psUDl2eUlhOGtqYmNaMUt5cXdqejdmaFNTYTlOLzVaVStqVkJ2ZXFvWHhxamxNV3VtblxuUnZMOFdtTlB6MkpqL2xMdFg2SlNWeU1CeTNxZElIOVRFZXo0QXJNUzA2aXhMd01tOUxuV1NUbm5CZTY3RGJ1MlxuNVI0QnRwb3dIVGQyL0l3Y2J3NXVyVkVVZXJCVHRqUnYxSFRvTnBWL2tmY2Q0RlVlcmp2Yy95ZU8xZkxIWEdtZVxuWVd0WDNiTTNrZnJWam9aNUVJaFFUT0ZqbUpZcENYYTIwQ21WUkVLWGV6TE5nczh5MnM1T2k2NFY1QW1vYlhid1xuTC9mNm1VSmZtNjRTOEFIVVhnU3NVV2xRUzN3UW9ZeUl4VldobWFJL0p1c3MxUWVhWkttdTh1eUMrSW5qTHVVSlxudktISVpaVkJBZ01CQUFFQ2dnRUFBWVA0cEQ4cGxUSjI2a08zTlRncjZZT1hDaHdSR3ZJME9WSi83eEEzNkZiZVxuUXRkb24veTZuWjYzbTN3UHJxTklhTUZacEwrWEYyVjZXc3Y3cmJlRERldjNUYjluSDNBWklQeWR0citqTDA0elxuWDRtNzdyc21UemJYL2lMWHBRc1g1K1kwMCtpSkt6Z1liR2NUWnZQTUFCbldjN20zMCtWRGQ2OHY3alJPNE8xcFxuNlhrSFNzWkRaZmllbHRwMzRNSFFyaTNzcVNlcEtYTUVSbzFrbnZFSFJicWZYNU9ENm1vVzBCTGUrTzkzelA3NlxucDFiVUF3cE9NY1diQ0hxUDQvRE95YTEyaHpYMXNqK0x6VzJIOW1OTkFJL3Y0Y2ZPMlNheDB6UDRqT0JiUXhTSFxuNlA1bkVxWXlZcFVVQk45QmJFWEh3ckhFalo3RCtsdnpGL1hZcXRRUm9RS0JnUUQxd3Biei9KT29HclVnTmdvU1xuMkJTUGFYTVdRcWNaUGR2SDRjRnNxL3grWnRUZUFXeGttcE5nelBCN010akZqZUVzcFE5ZEFSSGdrS0E1Sk1ZQ1xueGMyMjJrdG9xZ25oanpNT0ttZjAydGpaZ20rbFFSK201MFZjU3Q5TjVYY0tQTmtKU1RUaWRQQnZQQ1NOWGpSV1xuZHFIZkpkZFk4QjFidWhzUWlFaHEwWTFkRFFLQmdRRFljZE1OV0E4RTFWSmRGRUlOSWxpaTBHbFhhZ0NmR2dKaVxueFY4WlJUMDFleHJJR2xvYWFLbDhDNUJUQTRhbWxXSlJaWlFveERwS2E2WVBDVnNneHFieHRHSnY1OWVIVVZVcFxuRGVkbXlGQkVoTlliTGhqYThySmdxM2FHRTVVc2dXckxSTUNkZE5GWko3Y1F0bUZXV0t4SG1uK1lMNXNndEZ6MVxud2tvYXdPVFVCUUtCZ1FDQ3diNjVIL2liNTJIWk9vZFBrV0lYRDU3cENCdUo1WXlySTZWYklZS2M2aTkxMDBJTlxub09TckN6OGovV0N5YzVPTHdtS1RORCtEd005T3VBOFdhSkhVS1A4WU4rZzc5NG5OanFoeThZR1E4TUpnSlc4bVxueVVQeEgvRUJyQVlURDE3V2Z2bkJSMENwbmxGQVdnLzB0UGZaRjNRbFlOUHQrdTN0ZE9VNjJEV2pmUUtCZ0VJYVxuS1JtbkxoY015eld3RFNnVHVEd3BLRExSSmRWeFRRODdOZnJ5d1duRzZmdjR5RkhPYXd4K1A1cUt0aUhEOTUzaVxuUnVoWVhYRURCVmtNUTI5MEcrSXZjK3kzUW9TS0cxY0pid1ZkNGQyN0wrUm5KS0loZ3NheE51WmxycVpEOUFpV1xuTzdrYXh5RFNWejljWThmS0Z2dGJQT0tPajNMaWdvMXZ3OC85M3lTOUFvR0FNeEc3MVZTNXIxUTh2UE1ra3BsT1xudnExMitVNS96ZFNhYUlpMExGMjJWYjRhNlJiamNmM0gzNFdzUEtSdENhbTBudk5zbG1xa2N0S3NkQ0Z6dGNDTFxuUkE5OWUzSDU1NVpGQnFNN0xIRzZxTDI0QmwvSHJyZ0llaDVRTGlXbmxKOVQwZDRDK2JVbEtycERyZ2Q3c3pCalxudXRuWVVacGpEV1o2UFllMk40L2FRblk9XG4tLS0tLUVORCBQUklWQVRFIEtFWS0tLS0tXG4iLAogICJjbGllbnRfZW1haWwiOiAiZ2l0cG9kLXJlZ2lzdHJ5QGdwbC1zaC0wOTAtMy5pYW0uZ3NlcnZpY2VhY2NvdW50LmNvbSIsCiAgImNsaWVudF9pZCI6ICIxMTI4NDIwODg5Njg1NTQxMzEyOTUiLAogICJhdXRoX3VyaSI6ICJodHRwczovL2FjY291bnRzLmdvb2dsZS5jb20vby9vYXV0aDIvYXV0aCIsCiAgInRva2VuX3VyaSI6ICJodHRwczovL29hdXRoMi5nb29nbGVhcGlzLmNvbS90b2tlbiIsCiAgImF1dGhfcHJvdmlkZXJfeDUwOV9jZXJ0X3VybCI6ICJodHRwczovL3d3dy5nb29nbGVhcGlzLmNvbS9vYXV0aDIvdjEvY2VydHMiLAogICJjbGllbnRfeDUwOV9jZXJ0X3VybCI6ICJodHRwczovL3d3dy5nb29nbGVhcGlzLmNvbS9yb2JvdC92MS9tZXRhZGF0YS94NTA5L2dpdHBvZC1yZWdpc3RyeSU0MGdwbC1zaC0wOTAtMy5pYW0uZ3NlcnZpY2VhY2NvdW50LmNvbSIKfQo=",
            "private_key_type": "TYPE_GOOGLE_CREDENTIALS_FILE",
            "public_key": "LS0tLS1CRUdJTiBDRVJUSUZJQ0FURS0tLS0tCk1JSUMvRENDQWVTZ0F3SUJBZ0lJU3ZqNFF5RmlPVUl3RFFZSktvWklodmNOQVFFRkJRQXdJREVlTUJ3R0ExVUUKQXhNVk1URXlPRFF5TURnNE9UWTROVFUwTVRNeE1qazFNQ0FYRFRJeE1EVXdNekV3TkRBMU9Wb1lEems1T1RreApNak14TWpNMU9UVTVXakFnTVI0d0hBWURWUVFERXhVeE1USTROREl3T0RnNU5qZzFOVFF4TXpFeU9UVXdnZ0VpCk1BMEdDU3FHU0liM0RRRUJBUVVBQTRJQkR3QXdnZ0VLQW9JQkFRRFB5WFRlc0tVbGc4OGVWRll3OElvQjRDbWMKK2psUDl2eUlhOGtqYmNaMUt5cXdqejdmaFNTYTlOLzVaVStqVkJ2ZXFvWHhxamxNV3VtblJ2TDhXbU5QejJKagovbEx0WDZKU1Z5TUJ5M3FkSUg5VEVlejRBck1TMDZpeEx3TW05TG5XU1RubkJlNjdEYnUyNVI0QnRwb3dIVGQyCi9Jd2NidzV1clZFVWVyQlR0alJ2MUhUb05wVi9rZmNkNEZVZXJqdmMveWVPMWZMSFhHbWVZV3RYM2JNM2tmclYKam9aNUVJaFFUT0ZqbUpZcENYYTIwQ21WUkVLWGV6TE5nczh5MnM1T2k2NFY1QW1vYlhid0wvZjZtVUpmbTY0Uwo4QUhVWGdTc1VXbFFTM3dRb1l5SXhWV2htYUkvSnVzczFRZWFaS211OHV5QytJbmpMdVVKdktISVpaVkJBZ01CCkFBR2pPREEyTUF3R0ExVWRFd0VCL3dRQ01BQXdEZ1lEVlIwUEFRSC9CQVFEQWdlQU1CWUdBMVVkSlFFQi93UU0KTUFvR0NDc0dBUVVGQndNQ01BMEdDU3FHU0liM0RRRUJCUVVBQTRJQkFRQWo3QWxvVmtEMlJnMEVmYmpCYWgvcwpoQlB1ZlVUR0kyWWRvcFI1UzdMekJZOUtaR0RGVmlJaG52UVVNQTd5blBaL0lWK2dPMmZRUlpiWDJDSU5YTlB6CkhIY1ZQbjgvRDdTcFN0cisrUHVlRkxHRG5VNElSWjhQaWRJbnhsMStEdXZiNXMzUkJmV1NnMU9lc3paNndxNzcKKzMySWdNVEpFOGdiakhPc2RWemc0aUxzZk40RHI1QWVFQXhwSlo2N3BTY21rN3NFVWQ0NFVJRDFZUCtpSStBUApnSGtoLzU3YjlZbFYxaDhrNEJQdU5tZmhQRDR0N04xWjk1bGYrL0o4OWFkcnBzb0Q0NzAvdmVOdUZaODcyZ0x3CkFSaU1WOU9qZ1UxY2pLaG1qdFBJSEZuT01tb0JMbzZndEdPR3pJOFVhOVBBQnlWbWxsemFFcERjTXlXMWtGK0MKLS0tLS1FTkQgQ0VSVElGSUNBVEUtLS0tLQo=",
            "public_key_data": null,
            "public_key_type": "TYPE_X509_PEM_FILE",
            "service_account_id": "projects/gpl-sh-090-3/serviceAccounts/gitpod-registry@gpl-sh-090-3.iam.gserviceaccount.com",
            "valid_after": "2021-05-03T10:40:59Z",
            "valid_before": "9999-12-31T23:59:59Z"
          },
          "sensitive_attributes": [],
          "private": "bnVsbA==",
          "dependencies": [
            "module.registry.google_service_account.gitpod_registry"
          ]
        }
      ]
    },
    {
      "module": "module.registry",
      "mode": "managed",
      "type": "kubernetes_secret",
      "name": "registry",
      "provider": "provider[\"registry.terraform.io/hashicorp/kubernetes\"]",
      "instances": [
        {
          "schema_version": 0,
          "attributes": {
            "data": {
              ".dockerconfigjson": "{\n\t\"auths\": {\n\t\t\"gcr.io\": {\n\t\t\t\"auth\": \"X2pzb25fa2V5OiB7CiAgInR5cGUiOiAic2VydmljZV9hY2NvdW50IiwKICAicHJvamVjdF9pZCI6ICJncGwtc2gtMDkwLTMiLAogICJwcml2YXRlX2tleV9pZCI6ICJkMWVkN2E0ZWVmMmFiZTUwN2NjOTQzNWMxOTY0ZDllMWY4ZDA5NjA4IiwKICAicHJpdmF0ZV9rZXkiOiAiLS0tLS1CRUdJTiBQUklWQVRFIEtFWS0tLS0tXG5NSUlFdlFJQkFEQU5CZ2txaGtpRzl3MEJBUUVGQUFTQ0JLY3dnZ1NqQWdFQUFvSUJBUURQeVhUZXNLVWxnODhlXG5WRll3OElvQjRDbWMramxQOXZ5SWE4a2piY1oxS3lxd2p6N2ZoU1NhOU4vNVpVK2pWQnZlcW9YeHFqbE1XdW1uXG5Sdkw4V21OUHoySmovbEx0WDZKU1Z5TUJ5M3FkSUg5VEVlejRBck1TMDZpeEx3TW05TG5XU1RubkJlNjdEYnUyXG41UjRCdHBvd0hUZDIvSXdjYnc1dXJWRVVlckJUdGpSdjFIVG9OcFYva2ZjZDRGVWVyanZjL3llTzFmTEhYR21lXG5ZV3RYM2JNM2tmclZqb1o1RUloUVRPRmptSllwQ1hhMjBDbVZSRUtYZXpMTmdzOHkyczVPaTY0VjVBbW9iWGJ3XG5ML2Y2bVVKZm02NFM4QUhVWGdTc1VXbFFTM3dRb1l5SXhWV2htYUkvSnVzczFRZWFaS211OHV5QytJbmpMdVVKXG52S0hJWlpWQkFnTUJBQUVDZ2dFQUFZUDRwRDhwbFRKMjZrTzNOVGdyNllPWENod1JHdkkwT1ZKLzd4QTM2RmJlXG5RdGRvbi95Nm5aNjNtM3dQcnFOSWFNRlpwTCtYRjJWNldzdjdyYmVERGV2M1RiOW5IM0FaSVB5ZHRyK2pMMDR6XG5YNG03N3JzbVR6YlgvaUxYcFFzWDUrWTAwK2lKS3pnWWJHY1RadlBNQUJuV2M3bTMwK1ZEZDY4djdqUk80TzFwXG42WGtIU3NaRFpmaWVsdHAzNE1IUXJpM3NxU2VwS1hNRVJvMWtudkVIUmJxZlg1T0Q2bW9XMEJMZStPOTN6UDc2XG5wMWJVQXdwT01jV2JDSHFQNC9ET3lhMTJoelgxc2orTHpXMkg5bU5OQUkvdjRjZk8yU2F4MHpQNGpPQmJReFNIXG42UDVuRXFZeVlwVVVCTjlCYkVYSHdySEVqWjdEK2x2ekYvWFlxdFFSb1FLQmdRRDF3cGJ6L0pPb0dyVWdOZ29TXG4yQlNQYVhNV1FxY1pQZHZINGNGc3EveCtadFRlQVd4a21wTmd6UEI3TXRqRmplRXNwUTlkQVJIZ2tLQTVKTVlDXG54YzIyMmt0b3Fnbmhqek1PS21mMDJ0alpnbStsUVIrbTUwVmNTdDlONVhjS1BOa0pTVFRpZFBCdlBDU05YalJXXG5kcUhmSmRkWThCMWJ1aHNRaUVocTBZMWREUUtCZ1FEWWNkTU5XQThFMVZKZEZFSU5JbGlpMEdsWGFnQ2ZHZ0ppXG54VjhaUlQwMWV4cklHbG9hYUtsOEM1QlRBNGFtbFdKUlpaUW94RHBLYTZZUENWc2d4cWJ4dEdKdjU5ZUhVVlVwXG5EZWRteUZCRWhOWWJMaGphOHJKZ3EzYUdFNVVzZ1dyTFJNQ2RkTkZaSjdjUXRtRldXS3hIbW4rWUw1c2d0RnoxXG53a29hd09UVUJRS0JnUUNDd2I2NUgvaWI1MkhaT29kUGtXSVhENTdwQ0J1SjVZeXJJNlZiSVlLYzZpOTEwMElOXG5vT1NyQ3o4ai9XQ3ljNU9Md21LVE5EK0R3TTlPdUE4V2FKSFVLUDhZTitnNzk0bk5qcWh5OFlHUThNSmdKVzhtXG55VVB4SC9FQnJBWVREMTdXZnZuQlIwQ3BubEZBV2cvMHRQZlpGM1FsWU5QdCt1M3RkT1U2MkRXamZRS0JnRUlhXG5LUm1uTGhjTXl6V3dEU2dUdUR3cEtETFJKZFZ4VFE4N05mcnl3V25HNmZ2NHlGSE9hd3grUDVxS3RpSEQ5NTNpXG5SdWhZWFhFREJWa01RMjkwRytJdmMreTNRb1NLRzFjSmJ3VmQ0ZDI3TCtSbkpLSWhnc2F4TnVabHJxWkQ5QWlXXG5PN2theHlEU1Z6OWNZOGZLRnZ0YlBPS09qM0xpZ28xdnc4LzkzeVM5QW9HQU14RzcxVlM1cjFROHZQTWtrcGxPXG52cTEyK1U1L3pkU2FhSWkwTEYyMlZiNGE2UmJqY2YzSDM0V3NQS1J0Q2FtMG52TnNsbXFrY3RLc2RDRnp0Y0NMXG5SQTk5ZTNINTU1WkZCcU03TEhHNnFMMjRCbC9IcnJnSWVoNVFMaVdubEo5VDBkNEMrYlVsS3JwRHJnZDdzekJqXG51dG5ZVVpwakRXWjZQWWUyTjQvYVFuWT1cbi0tLS0tRU5EIFBSSVZBVEUgS0VZLS0tLS1cbiIsCiAgImNsaWVudF9lbWFpbCI6ICJnaXRwb2QtcmVnaXN0cnlAZ3BsLXNoLTA5MC0zLmlhbS5nc2VydmljZWFjY291bnQuY29tIiwKICAiY2xpZW50X2lkIjogIjExMjg0MjA4ODk2ODU1NDEzMTI5NSIsCiAgImF1dGhfdXJpIjogImh0dHBzOi8vYWNjb3VudHMuZ29vZ2xlLmNvbS9vL29hdXRoMi9hdXRoIiwKICAidG9rZW5fdXJpIjogImh0dHBzOi8vb2F1dGgyLmdvb2dsZWFwaXMuY29tL3Rva2VuIiwKICAiYXV0aF9wcm92aWRlcl94NTA5X2NlcnRfdXJsIjogImh0dHBzOi8vd3d3Lmdvb2dsZWFwaXMuY29tL29hdXRoMi92MS9jZXJ0cyIsCiAgImNsaWVudF94NTA5X2NlcnRfdXJsIjogImh0dHBzOi8vd3d3Lmdvb2dsZWFwaXMuY29tL3JvYm90L3YxL21ldGFkYXRhL3g1MDkvZ2l0cG9kLXJlZ2lzdHJ5JTQwZ3BsLXNoLTA5MC0zLmlhbS5nc2VydmljZWFjY291bnQuY29tIgp9Cg==\"\n\t\t}\n\t}\n}"
            },
            "id": "default/gitpod-registry",
            "metadata": [
              {
                "annotations": null,
                "generate_name": "",
                "generation": 0,
                "labels": null,
                "name": "gitpod-registry",
                "namespace": "default",
                "resource_version": "16569",
                "self_link": "",
                "uid": "6ba415b6-0515-4ecc-a4ea-fe8d086de2f8"
              }
            ],
            "type": "kubernetes.io/dockerconfigjson"
          },
          "sensitive_attributes": [],
          "private": "bnVsbA==",
          "dependencies": [
            "data.google_client_config.provider",
            "module.kubernetes.google_container_cluster.gitpod",
            "module.registry.data.template_file.registry",
            "module.registry.google_service_account.gitpod_registry",
            "module.registry.google_service_account_key.gitpod_registry"
          ]
        }
      ]
    },
    {
      "module": "module.storage",
      "mode": "data",
      "type": "template_file",
      "name": "values",
      "provider": "provider[\"registry.terraform.io/hashicorp/template\"]",
      "instances": [
        {
          "schema_version": 0,
          "attributes": {
            "filename": null,
            "id": "b153ed4bdbcbe293c5284b8fac073b869023f99475d17539b511eee26941e262",
            "rendered": "# Copyright (c) 2020 Gitpod GmbH. All rights reserved.\n# Licensed under the MIT License. See License-MIT.txt in the project root for license information.\n\ncomponents:\n\n  contentService:\n    remoteStorage:\n      kind: gcloud\n      # Not strictly necessary, but nice-to-have\n      backupTrail:\n        enabled: true\n        maxLength: 3\n      gcloud:\n        parallelUpload: 6\n        maximumBackupSize: 32212254720 # 30 GiB\n        projectId: gpl-sh-090-3\n        region: europe-west3\n        credentialsFile: /credentials/key.json\n        tmpdir: /mnt/sync-tmp\n\n  wsDaemon:\n    hostWorkspaceArea: /var/gitpod/workspaces\n    containerRuntime:\n      runtime: containerd\n      containerd:\n        socket: /run/containerd/containerd.sock\n      nodeRoots:\n        - /var/lib\n    # we want to be as compatible as possible, so disable those\n    userNamespaces:\n      shiftfsModuleLoader:\n        enabled: false\n      # seccompProfileInstaller:\n      #   enabled: true\n    volumes:\n    - name: gcloud-creds\n      secret:\n        secretName: gcloud-creds\n    - name: gcloud-tmp\n      hostPath:\n        path: /mnt/disks/ssd0/sync-tmp\n        type: DirectoryOrCreate\n    volumeMounts:\n    - mountPath: /credentials\n      name: gcloud-creds\n    - mountPath: /mnt/sync-tmp\n      name: gcloud-tmp\n\n  wsManager:\n    volumes:\n    - name: gcloud-creds\n      secret:\n        secretName: gcloud-creds\n    volumeMounts:\n    - mountPath: /credentials\n      name: gcloud-creds\n\nminio:\n  enabled: false\n",
            "template": "# Copyright (c) 2020 Gitpod GmbH. All rights reserved.\n# Licensed under the MIT License. See License-MIT.txt in the project root for license information.\n\ncomponents:\n\n  contentService:\n    remoteStorage:\n      kind: gcloud\n      # Not strictly necessary, but nice-to-have\n      backupTrail:\n        enabled: true\n        maxLength: 3\n      gcloud:\n        parallelUpload: 6\n        maximumBackupSize: 32212254720 # 30 GiB\n        projectId: ${project}\n        region: ${region}\n        credentialsFile: /credentials/key.json\n        tmpdir: /mnt/sync-tmp\n\n  wsDaemon:\n    hostWorkspaceArea: /var/gitpod/workspaces\n    containerRuntime:\n      runtime: containerd\n      containerd:\n        socket: /run/containerd/containerd.sock\n      nodeRoots:\n        - /var/lib\n    # we want to be as compatible as possible, so disable those\n    userNamespaces:\n      shiftfsModuleLoader:\n        enabled: false\n      # seccompProfileInstaller:\n      #   enabled: true\n    volumes:\n    - name: gcloud-creds\n      secret:\n        secretName: ${secretName}\n    - name: gcloud-tmp\n      hostPath:\n        path: /mnt/disks/ssd0/sync-tmp\n        type: DirectoryOrCreate\n    volumeMounts:\n    - mountPath: /credentials\n      name: gcloud-creds\n    - mountPath: /mnt/sync-tmp\n      name: gcloud-tmp\n\n  wsManager:\n    volumes:\n    - name: gcloud-creds\n      secret:\n        secretName: ${secretName}\n    volumeMounts:\n    - mountPath: /credentials\n      name: gcloud-creds\n\nminio:\n  enabled: false\n",
            "vars": {
              "project": "gpl-sh-090-3",
              "region": "europe-west3",
              "secretName": "gcloud-creds"
            }
          },
          "sensitive_attributes": []
        }
      ]
    },
    {
      "module": "module.storage",
      "mode": "managed",
      "type": "google_project_iam_member",
      "name": "gitpod_storage",
      "provider": "provider[\"registry.terraform.io/hashicorp/google\"]",
      "instances": [
        {
          "schema_version": 0,
          "attributes": {
            "condition": [],
            "etag": "BwXBapv+BEo=",
            "id": "gpl-sh-090-3/roles/storage.admin/serviceAccount:gitpod-storage@gpl-sh-090-3.iam.gserviceaccount.com",
            "member": "serviceAccount:gitpod-storage@gpl-sh-090-3.iam.gserviceaccount.com",
            "project": "gpl-sh-090-3",
            "role": "roles/storage.admin"
          },
          "sensitive_attributes": [],
          "private": "bnVsbA==",
          "dependencies": [
            "module.storage.google_service_account.gitpod_storage"
          ]
        }
      ]
    },
    {
      "module": "module.storage",
      "mode": "managed",
      "type": "google_project_service",
      "name": "storage",
      "provider": "provider[\"registry.terraform.io/hashicorp/google\"]",
      "instances": [
        {
          "index_key": 0,
          "schema_version": 0,
          "attributes": {
            "disable_dependent_services": false,
            "disable_on_destroy": false,
            "id": "gpl-sh-090-3/storage-api.googleapis.com",
            "project": "gpl-sh-090-3",
            "service": "storage-api.googleapis.com",
            "timeouts": null
          },
          "sensitive_attributes": [],
          "private": "eyJlMmJmYjczMC1lY2FhLTExZTYtOGY4OC0zNDM2M2JjN2M0YzAiOnsiY3JlYXRlIjoxMjAwMDAwMDAwMDAwLCJkZWxldGUiOjEyMDAwMDAwMDAwMDAsInJlYWQiOjYwMDAwMDAwMDAwMCwidXBkYXRlIjoxMjAwMDAwMDAwMDAwfX0="
        },
        {
          "index_key": 1,
          "schema_version": 0,
          "attributes": {
            "disable_dependent_services": false,
            "disable_on_destroy": false,
            "id": "gpl-sh-090-3/storage-component.googleapis.com",
            "project": "gpl-sh-090-3",
            "service": "storage-component.googleapis.com",
            "timeouts": null
          },
          "sensitive_attributes": [],
          "private": "eyJlMmJmYjczMC1lY2FhLTExZTYtOGY4OC0zNDM2M2JjN2M0YzAiOnsiY3JlYXRlIjoxMjAwMDAwMDAwMDAwLCJkZWxldGUiOjEyMDAwMDAwMDAwMDAsInJlYWQiOjYwMDAwMDAwMDAwMCwidXBkYXRlIjoxMjAwMDAwMDAwMDAwfX0="
        }
      ]
    },
    {
      "module": "module.storage",
      "mode": "managed",
      "type": "google_service_account",
      "name": "gitpod_storage",
      "provider": "provider[\"registry.terraform.io/hashicorp/google\"]",
      "instances": [
        {
          "schema_version": 0,
          "attributes": {
            "account_id": "gitpod-storage",
            "description": "gitpod-workspace-syncer",
            "display_name": "gitpod-storage",
            "email": "gitpod-storage@gpl-sh-090-3.iam.gserviceaccount.com",
            "id": "projects/gpl-sh-090-3/serviceAccounts/gitpod-storage@gpl-sh-090-3.iam.gserviceaccount.com",
            "name": "projects/gpl-sh-090-3/serviceAccounts/gitpod-storage@gpl-sh-090-3.iam.gserviceaccount.com",
            "project": "gpl-sh-090-3",
            "timeouts": null,
            "unique_id": "114284941115824702053"
          },
          "sensitive_attributes": [],
          "private": "eyJlMmJmYjczMC1lY2FhLTExZTYtOGY4OC0zNDM2M2JjN2M0YzAiOnsiY3JlYXRlIjozMDAwMDAwMDAwMDB9fQ=="
        }
      ]
    },
    {
      "module": "module.storage",
      "mode": "managed",
      "type": "google_service_account_key",
      "name": "gitpod_storage",
      "provider": "provider[\"registry.terraform.io/hashicorp/google\"]",
      "instances": [
        {
          "schema_version": 0,
          "attributes": {
            "id": "projects/gpl-sh-090-3/serviceAccounts/gitpod-storage@gpl-sh-090-3.iam.gserviceaccount.com/keys/428592efd55c9e5d7ffef6449b95d14250ad6272",
            "keepers": null,
            "key_algorithm": "KEY_ALG_RSA_2048",
            "name": "projects/gpl-sh-090-3/serviceAccounts/gitpod-storage@gpl-sh-090-3.iam.gserviceaccount.com/keys/428592efd55c9e5d7ffef6449b95d14250ad6272",
            "private_key": "ewogICJ0eXBlIjogInNlcnZpY2VfYWNjb3VudCIsCiAgInByb2plY3RfaWQiOiAiZ3BsLXNoLTA5MC0zIiwKICAicHJpdmF0ZV9rZXlfaWQiOiAiNDI4NTkyZWZkNTVjOWU1ZDdmZmVmNjQ0OWI5NWQxNDI1MGFkNjI3MiIsCiAgInByaXZhdGVfa2V5IjogIi0tLS0tQkVHSU4gUFJJVkFURSBLRVktLS0tLVxuTUlJRXZnSUJBREFOQmdrcWhraUc5dzBCQVFFRkFBU0NCS2d3Z2dTa0FnRUFBb0lCQVFEUXJJeW0xcnBMbWkrVlxuSFlXWFNLZnBxQ2V1UmNtSUtoQUlKRzYyWHlrb1FZUWp6NWM3OUI3ZGtZY3FqNWhmeVZsODdseVF0OWpWM0d4Mlxud0xsSnRpZWxrZ3oxY3JoUC9XWXlEMWo2aFJhOWN4WEhIWXRzckxHUVdMc014UXJVcDRGQjR1V0lQK1k5dGUxWFxuQVZmME5Ra2hMUTJoNHl2N09ncmRnc1BLeEhaVW5OUytJdThkcHFkd1p5VktGWW44K0diU29DMkxTS0NPV09VT1xuRWY2bzRhQlVLTGRSSlppS1B5d1BJVDBpSzlwb1U5S3k1bnBpc1pNYXE5K3NCQkNxNVNqdUVwNXpnRDZRNWxsN1xuYTFyWGVXN0U0V0htQkdlVndjUFVkVTBUejhacUE4TDZaS2t5S1o0ejdDa0V0RVV4L0RrMlNidXFTK2N4NjZ6MVxuU3JPWElnbG5BZ01CQUFFQ2dnRUFWZ3RvWGQwNTZUVzFQQi8xdDNsaW41TFNkZVpaNFBjek1DQlJ0SXFOcm9kQlxuWlFEUzVBcFg5ZFh0cmN1VE1hQVZjZEhad21URW1QNndqTkVRTmdoUjFkQmczbzdFMkZydEdtUkF0T0JQRGFSWVxuVFFmdU4wd0lWYlI0d0oyNVJ4R2cxMW1uZXVTYVhFVFpqbUJEODdNd3hnak5UNzBjSkJYOVovUmxKb1dYSTNEZVxuOTFIUWMwK0dLODZKYXMvMEI1K2FIeFFqVE00ODVINHVDOFVFczlGbUFXUFFZREFpaWRpcmxiemNFVm1nYU5YS1xuUUZqRHVHSnJiOEttbWI0Sk0yKzl3TUdJNzgvUzdYOHZvN0o4NnRjZFlwYzhodUllVXJhR05KWDZKZi85OVAweFxuVTZOaFd4UVJoZ0RmV3RteUVLazdWRGVXS2RPK2t5UzBaV2RvQ0FTc0dRS0JnUUR3aWtmYS9mUzA5N1kwTUVRRlxuMndLenhrWS8wRy9MY2w4bDl0Mk5FQWdIL2NBTnVIdjk0QjJIRFBGNmMxcGUxcjczNEtZQVAwUVEybUdFU0ZCeVxuRlA2R3NzSVdrVDJmMXpVeGN6eHhSU3FYUVU2bVd5TEYyVFZIMzFOQ2tDTUdHdFg3YWc0SzQ2Y3hnMU9IdUQyRFxualMzM1M1S0FSSUFqaFEwQkYwTmd6aSsxR1FLQmdRRGVGZlhYdWR1cHFES09wdFFxV0RkcTdBdUxJZ25pRENzMVxuNk1DU2RoWkVvUmo0bW1WaGFKUlN6MlYyRzlXZXVwem14blVnODRHT1RLU0o3WUMxK2FqTTFBQmdQQ3hJMjE1SVxuZ0tta1RnbnViKzhhNFVrUEFkVXRpRVkzbHBZNE1yRCt2Z2FiaEdkSExndnBSak9jWlhnMUd0T05xelVOQTIzSlxuczhVM0N4VUNmd0tCZ1FDck9nUkVnNXI2WjRzd1ExdG92NnFBeHBlalBZRVhWZWNkWTBuNjdIcUxGYnJ0Q1hKYVxuR250cWMzQkNObk1TSjlQeEo5MkRONFlBYVRRWnNsQnhwVGc2TW0ydkd0eS9ON2NKNkhvU042WkYzWnRiR0d6OFxuWWM1bnh6WEJvRkVPTzNRdmNDTm01UDlUWTZUR2JBUjk3TFhYMzlmOXJzVjRnM0hxWU9ENXZFeUJvUUtCZ0M0SlxuKzJiM1BwUlRLL2ZxbWIwVmdKZUh5M1RTWDU0ZXk2NW5TOVNRNmxqYjFLTmt6bk45REpLR01CQm1BTWpoQXJuTVxubG1kNFUzaytaalc1cUo4UTNHOXAyNUlYcDA2TE8yWm9WY0tiOHU4ZEFVSmZSWmY0MTBxVEg0dFNpbDJvRkkwYVxuczUvMXVMdEd6bTFUZ2t0L3RZVzh3L0p3ZFpUM0N3RnZaUWplSVVMZEFvR0JBSTVhYVdtU0FRdVQxKzBYS2kzV1xuZXZ4Mis3eFkxZDdHT0ZKYm41VDl4czk5RE85RGdlYnZ6OGh0c0tzZVB5ZjVzMkNaeTlERjJMWEQ1d3N1d2lGaFxuZkt0cDdxbytBUkZFOUE4SjVmUXNvMHd2ei9IUzFReGxwYW1RbjJVOEVOd3JIU1hkSFdGT3RLbzhsSTVDT0RFVFxueXpGN2pxak5ZY3FXU2lGZGZ0VmVwWUJ3XG4tLS0tLUVORCBQUklWQVRFIEtFWS0tLS0tXG4iLAogICJjbGllbnRfZW1haWwiOiAiZ2l0cG9kLXN0b3JhZ2VAZ3BsLXNoLTA5MC0zLmlhbS5nc2VydmljZWFjY291bnQuY29tIiwKICAiY2xpZW50X2lkIjogIjExNDI4NDk0MTExNTgyNDcwMjA1MyIsCiAgImF1dGhfdXJpIjogImh0dHBzOi8vYWNjb3VudHMuZ29vZ2xlLmNvbS9vL29hdXRoMi9hdXRoIiwKICAidG9rZW5fdXJpIjogImh0dHBzOi8vb2F1dGgyLmdvb2dsZWFwaXMuY29tL3Rva2VuIiwKICAiYXV0aF9wcm92aWRlcl94NTA5X2NlcnRfdXJsIjogImh0dHBzOi8vd3d3Lmdvb2dsZWFwaXMuY29tL29hdXRoMi92MS9jZXJ0cyIsCiAgImNsaWVudF94NTA5X2NlcnRfdXJsIjogImh0dHBzOi8vd3d3Lmdvb2dsZWFwaXMuY29tL3JvYm90L3YxL21ldGFkYXRhL3g1MDkvZ2l0cG9kLXN0b3JhZ2UlNDBncGwtc2gtMDkwLTMuaWFtLmdzZXJ2aWNlYWNjb3VudC5jb20iCn0K",
            "private_key_type": "TYPE_GOOGLE_CREDENTIALS_FILE",
            "public_key": "LS0tLS1CRUdJTiBDRVJUSUZJQ0FURS0tLS0tCk1JSUMvRENDQWVTZ0F3SUJBZ0lJUDJPWGtkaVNPcHN3RFFZSktvWklodmNOQVFFRkJRQXdJREVlTUJ3R0ExVUUKQXhNVk1URTBNamcwT1RReE1URTFPREkwTnpBeU1EVXpNQ0FYRFRJeE1EVXdNekV3TkRFME5sb1lEems1T1RreApNak14TWpNMU9UVTVXakFnTVI0d0hBWURWUVFERXhVeE1UUXlPRFE1TkRFeE1UVTRNalEzTURJd05UTXdnZ0VpCk1BMEdDU3FHU0liM0RRRUJBUVVBQTRJQkR3QXdnZ0VLQW9JQkFRRFFySXltMXJwTG1pK1ZIWVdYU0tmcHFDZXUKUmNtSUtoQUlKRzYyWHlrb1FZUWp6NWM3OUI3ZGtZY3FqNWhmeVZsODdseVF0OWpWM0d4MndMbEp0aWVsa2d6MQpjcmhQL1dZeUQxajZoUmE5Y3hYSEhZdHNyTEdRV0xzTXhRclVwNEZCNHVXSVArWTl0ZTFYQVZmME5Ra2hMUTJoCjR5djdPZ3JkZ3NQS3hIWlVuTlMrSXU4ZHBxZHdaeVZLRlluOCtHYlNvQzJMU0tDT1dPVU9FZjZvNGFCVUtMZFIKSlppS1B5d1BJVDBpSzlwb1U5S3k1bnBpc1pNYXE5K3NCQkNxNVNqdUVwNXpnRDZRNWxsN2ExclhlVzdFNFdIbQpCR2VWd2NQVWRVMFR6OFpxQThMNlpLa3lLWjR6N0NrRXRFVXgvRGsyU2J1cVMrY3g2NnoxU3JPWElnbG5BZ01CCkFBR2pPREEyTUF3R0ExVWRFd0VCL3dRQ01BQXdEZ1lEVlIwUEFRSC9CQVFEQWdlQU1CWUdBMVVkSlFFQi93UU0KTUFvR0NDc0dBUVVGQndNQ01BMEdDU3FHU0liM0RRRUJCUVVBQTRJQkFRQ3k1QVJGakhvU1JMQlpOU2E5djZSKwozVlNvMERGNE1mQzNYU2d0SG9QeVpQcUF1TGxrVjNQZFUxZzF3TlRpY002UXF6dVJ0VVdCeEk1MUp5cXo4VGc4ClJhQ2MvQ3o0NWt5T05mendvZGNzb3dhL3hQOXlDNG5EVmdsaEt4TzVYUDZITGplYmhtcHBrTE1DMzd5WjVVbjkKemF4c251RVZUMVVXZVhjSDYyYU1OeDFxVEVEWkJsRSt6dDdSUEhKR1ZBeHk4YzRhSXVVN21BTEZobjR6THBxWQpLMHVHYTlmUmRJbm5QNDMycWQvZWwva3lUbDlEYmlKdzNDUzRGSVZsZ3Z1ZitlUVdpTGxlZUhtcElYYzM1L2taCkFzNWtXM3M0WUlwWEhGNEtRbHAvTVgwK3QvN25Wc0R4WkQ5a21uR3hvdU0vMldEaVl0dkVUUW9xQVNONmVLaVYKLS0tLS1FTkQgQ0VSVElGSUNBVEUtLS0tLQo=",
            "public_key_data": null,
            "public_key_type": "TYPE_X509_PEM_FILE",
            "service_account_id": "projects/gpl-sh-090-3/serviceAccounts/gitpod-storage@gpl-sh-090-3.iam.gserviceaccount.com",
            "valid_after": "2021-05-03T10:41:46Z",
            "valid_before": "9999-12-31T23:59:59Z"
          },
          "sensitive_attributes": [],
          "private": "bnVsbA==",
          "dependencies": [
            "module.storage.google_service_account.gitpod_storage"
          ]
        }
      ]
    },
    {
      "module": "module.storage",
      "mode": "managed",
      "type": "kubernetes_secret",
      "name": "storage",
      "provider": "provider[\"registry.terraform.io/hashicorp/kubernetes\"]",
      "instances": [
        {
          "schema_version": 0,
          "attributes": {
            "data": {
              "key.json": "{\n  \"type\": \"service_account\",\n  \"project_id\": \"gpl-sh-090-3\",\n  \"private_key_id\": \"428592efd55c9e5d7ffef6449b95d14250ad6272\",\n  \"private_key\": \"-----BEGIN PRIVATE KEY-----\\nMIIEvgIBADANBgkqhkiG9w0BAQEFAASCBKgwggSkAgEAAoIBAQDQrIym1rpLmi+V\\nHYWXSKfpqCeuRcmIKhAIJG62XykoQYQjz5c79B7dkYcqj5hfyVl87lyQt9jV3Gx2\\nwLlJtielkgz1crhP/WYyD1j6hRa9cxXHHYtsrLGQWLsMxQrUp4FB4uWIP+Y9te1X\\nAVf0NQkhLQ2h4yv7OgrdgsPKxHZUnNS+Iu8dpqdwZyVKFYn8+GbSoC2LSKCOWOUO\\nEf6o4aBUKLdRJZiKPywPIT0iK9poU9Ky5npisZMaq9+sBBCq5SjuEp5zgD6Q5ll7\\na1rXeW7E4WHmBGeVwcPUdU0Tz8ZqA8L6ZKkyKZ4z7CkEtEUx/Dk2SbuqS+cx66z1\\nSrOXIglnAgMBAAECggEAVgtoXd056TW1PB/1t3lin5LSdeZZ4PczMCBRtIqNrodB\\nZQDS5ApX9dXtrcuTMaAVcdHZwmTEmP6wjNEQNghR1dBg3o7E2FrtGmRAtOBPDaRY\\nTQfuN0wIVbR4wJ25RxGg11mneuSaXETZjmBD87MwxgjNT70cJBX9Z/RlJoWXI3De\\n91HQc0+GK86Jas/0B5+aHxQjTM485H4uC8UEs9FmAWPQYDAiidirlbzcEVmgaNXK\\nQFjDuGJrb8Kmmb4JM2+9wMGI78/S7X8vo7J86tcdYpc8huIeUraGNJX6Jf/99P0x\\nU6NhWxQRhgDfWtmyEKk7VDeWKdO+kyS0ZWdoCASsGQKBgQDwikfa/fS097Y0MEQF\\n2wKzxkY/0G/Lcl8l9t2NEAgH/cANuHv94B2HDPF6c1pe1r734KYAP0QQ2mGESFBy\\nFP6GssIWkT2f1zUxczxxRSqXQU6mWyLF2TVH31NCkCMGGtX7ag4K46cxg1OHuD2D\\njS33S5KARIAjhQ0BF0Ngzi+1GQKBgQDeFfXXudupqDKOptQqWDdq7AuLIgniDCs1\\n6MCSdhZEoRj4mmVhaJRSz2V2G9WeupzmxnUg84GOTKSJ7YC1+ajM1ABgPCxI215I\\ngKmkTgnub+8a4UkPAdUtiEY3lpY4MrD+vgabhGdHLgvpRjOcZXg1GtONqzUNA23J\\ns8U3CxUCfwKBgQCrOgREg5r6Z4swQ1tov6qAxpejPYEXVecdY0n67HqLFbrtCXJa\\nGntqc3BCNnMSJ9PxJ92DN4YAaTQZslBxpTg6Mm2vGty/N7cJ6HoSN6ZF3ZtbGGz8\\nYc5nxzXBoFEOO3QvcCNm5P9TY6TGbAR97LXX39f9rsV4g3HqYOD5vEyBoQKBgC4J\\n+2b3PpRTK/fqmb0VgJeHy3TSX54ey65nS9SQ6ljb1KNkznN9DJKGMBBmAMjhArnM\\nlmd4U3k+ZjW5qJ8Q3G9p25IXp06LO2ZoVcKb8u8dAUJfRZf410qTH4tSil2oFI0a\\ns5/1uLtGzm1Tgkt/tYW8w/JwdZT3CwFvZQjeIULdAoGBAI5aaWmSAQuT1+0XKi3W\\nevx2+7xY1d7GOFJbn5T9xs99DO9Dgebvz8htsKsePyf5s2CZy9DF2LXD5wsuwiFh\\nfKtp7qo+ARFE9A8J5fQso0wvz/HS1QxlpamQn2U8ENwrHSXdHWFOtKo8lI5CODET\\nyzF7jqjNYcqWSiFdftVepYBw\\n-----END PRIVATE KEY-----\\n\",\n  \"client_email\": \"gitpod-storage@gpl-sh-090-3.iam.gserviceaccount.com\",\n  \"client_id\": \"114284941115824702053\",\n  \"auth_uri\": \"https://accounts.google.com/o/oauth2/auth\",\n  \"token_uri\": \"https://oauth2.googleapis.com/token\",\n  \"auth_provider_x509_cert_url\": \"https://www.googleapis.com/oauth2/v1/certs\",\n  \"client_x509_cert_url\": \"https://www.googleapis.com/robot/v1/metadata/x509/gitpod-storage%40gpl-sh-090-3.iam.gserviceaccount.com\"\n}\n"
            },
            "id": "default/gcloud-creds",
            "metadata": [
              {
                "annotations": null,
                "generate_name": "",
                "generation": 0,
                "labels": null,
                "name": "gcloud-creds",
                "namespace": "default",
                "resource_version": "16804",
                "self_link": "",
                "uid": "ac421325-dd62-4c3a-8e57-bc0d22cba8a9"
              }
            ],
            "type": "Opaque"
          },
          "sensitive_attributes": [],
          "private": "bnVsbA==",
          "dependencies": [
            "data.google_client_config.provider",
            "module.kubernetes.google_container_cluster.gitpod",
            "module.storage.google_service_account.gitpod_storage",
            "module.storage.google_service_account_key.gitpod_storage"
          ]
        }
      ]
    }
  ]
}
