# THIS IS AN AUTOGENERATED FILE. DO NOT EDIT THIS FILE DIRECTLY.
# yarn lockfile v1


"@bufbuild/protobuf@1.4.2", "@bufbuild/protobuf@^1.3.3":
  version "1.4.2"
  resolved "https://registry.yarnpkg.com/@bufbuild/protobuf/-/protobuf-1.4.2.tgz#dc4faf21264a47b71a15806616043cb006e80ac8"
  integrity sha512-JyEH8Z+OD5Sc2opSg86qMHn1EM1Sa+zj/Tc0ovxdwk56ByVNONJSabuCUbLQp+eKN3rWNfrho0X+3SEqEPXIow==

"@bufbuild/protoplugin@^1.3.3":
  version "1.4.2"
  resolved "https://registry.yarnpkg.com/@bufbuild/protoplugin/-/protoplugin-1.4.2.tgz#abf9b0e6a3dc8b52b1d6699d7a1ce5219fa82322"
  integrity sha512-5IwGC1ZRD2A+KydGXeaSOErwfILLqVtvMH/RkN+cOoHcQd4EYXFStcF7g7aR+yICRDEEjQVi5tQF/qPGBSr9vg==
  dependencies:
    "@bufbuild/protobuf" "1.4.2"
    "@typescript/vfs" "^1.4.0"
    typescript "4.5.2"

"@typescript/vfs@^1.4.0":
  version "1.5.0"
  resolved "https://registry.yarnpkg.com/@typescript/vfs/-/vfs-1.5.0.tgz#ed942922724f9ace8c07c80b006c47e5e3833218"
  integrity sha512-AJS307bPgbsZZ9ggCT3wwpg3VbTKMFNHfaY/uF0ahSkYYrPF2dSSKDNIDIQAHm9qJqbLvCsSJH7yN4Vs/CsMMg==
  dependencies:
    debug "^4.1.1"

debug@^4.1.1:
  version "4.3.4"
  resolved "https://registry.yarnpkg.com/debug/-/debug-4.3.4.tgz#1319f6579357f2338d3337d2cdd4914bb5dcc865"
  integrity sha512-PRWFHuSU3eDtQJPvnNY7Jcket1j0t5OuOsFzPPzsekD52Zl8qUfFIPEiswXqIvHWGVHOgX+7G/vCNNhehwxfkQ==
  dependencies:
    ms "2.1.2"

ms@2.1.2:
  version "2.1.2"
  resolved "https://registry.yarnpkg.com/ms/-/ms-2.1.2.tgz#d09d1f357b443f493382a8eb3ccd183872ae6009"
  integrity sha512-sGkPx+VjMtmA6MX27oA4FBFELFCZZ4S4XqeGOXCv68tT+jb3vk/RyaKWP0PTKyWtmLSM0b+adUTEvbs1PEaH2w==

typescript@4.5.2:
  version "4.5.2"
  resolved "https://registry.yarnpkg.com/typescript/-/typescript-4.5.2.tgz#8ac1fba9f52256fdb06fb89e4122fa6a346c2998"
  integrity sha512-5BlMof9H1yGt0P8/WF+wPNw6GfctgGjXp5hkblpyT+8rkASSmkUKMXrxR0Xg8ThVCi/JnHQiKXeBaEwCeQwMFw==

typescript@~4.4.2:
  version "4.4.4"
  resolved "https://registry.yarnpkg.com/typescript/-/typescript-4.4.4.tgz#2cd01a1a1f160704d3101fd5a58ff0f9fcb8030c"
  integrity sha512-DqGhF5IKoBl8WNf8C1gu8q0xZSInh9j1kJJMqT3a94w1JzVaBU4EXOSMrz9yDqMT0xt3selp83fuFMQ0uzv6qA==
