github.com/Microsoft/go-winio v0.5.2 h1:a9IhgEQBCUEk6QCdml9CiJGhAws+YwffDHEMp1VMrpA=
github.com/Microsoft/hcsshim v0.9.3 h1:k371PzBuRrz2b+ebGuI2nVgVhgsVX60jMfSw80NECxo=
github.com/benbjohnson/clock v1.1.0 h1:Q92kusRqC1XV2MjkWETPvjJVqKetz1OzxZB7mHJLju8=
github.com/beorn7/perks v1.0.1 h1:VlbKKnNfV8bJzeqoa4cOKqO6bYr3WgKZxO8Z16+hsOM=
github.com/btcsuite/btcd v0.21.0-beta h1:At9hIZdJW0s9E/fAz28nrz6AmcNlSVucCH796ZteX1M=
github.com/cespare/xxhash/v2 v2.1.2 h1:YRXhKfTDauu4ajMg1TPgFO5jnlC2HCbmLXMcTG5cbYE=
github.com/containerd/cgroups v1.0.4 h1:jN/mbWBEaz+T1pi5OFtnkQ+8qnmEbAr1Oo1FRm5B0dA=
github.com/containerd/containerd v1.6.6 h1:xJNPhbrmz8xAMDNoVjHy9YHtWwEQNS+CDkcIRh7t8Y0=
github.com/crackcomm/go-gitignore v0.0.0-20170627025303-887ab5e44cc3 h1:HVTnpeuvF6Owjd5mniCL8DEXo7uYXdQEmOP4FJbV5tg=
github.com/cskr/pubsub v1.0.2 h1:vlOzMhl6PFn60gRlTQQsIfVwaPB/B/8MziK8FhEPt/0=
github.com/davecgh/go-spew v1.1.1 h1:vj9j/u1bqnvCEfJOwUhtlOARqs3+rkHYY13jYWTU97c=
github.com/dgryski/go-rendezvous v0.0.0-20200823014737-9f7001d12a5f h1:lO4WD4F/rVNCu3HqELle0jiPLLBs70cWOduZpkS1E78=
github.com/docker/cli v20.10.17+incompatible h1:eO2KS7ZFeov5UJeaDmIs1NFEDRf32PaqRpvoEkKBy5M=
github.com/docker/distribution v2.8.1+incompatible h1:Q50tZOPR6T/hjNsyc9g8/syEs6bk8XXApsHjKukMl68=
github.com/docker/docker-credential-helpers v0.6.4 h1:axCks+yV+2MR3/kZhAmy07yC56WZ2Pwu/fKWtKuZB0o=
github.com/facebookgo/atomicfile v0.0.0-20151019160806-2de1f203e7d5 h1:BBso6MBKW8ncyZLv37o+KNyy0HrrHgfnOaGQC2qvN+A=
github.com/felixge/httpsnoop v1.0.2 h1:+nS9g82KMXccJ/wp0zyRW9ZBHFETmMGtkk+2CTTrW4o=
github.com/frankban/quicktest v1.14.0 h1:+cqqvzZV87b4adx/5ayVOaYZ2CrvM4ejQvUdBzPPUss=
github.com/fsnotify/fsnotify v1.5.1 h1:mZcQUHVQUQWoPXXtuf9yuEXKudkV2sx1E06UadKWpgI=
github.com/go-redis/redis/v8 v8.11.5 h1:AcZZR7igkdvfVmQTPnu9WE37LRrO/YrBH5zWyjDC0oI=
github.com/go-redis/redismock/v8 v8.0.6 h1:rtuijPgGynsRB2Y7KDACm09WvjHWS4RaG44Nm7rcj4Y=
github.com/gogo/protobuf v1.3.2 h1:Ov1cvc58UF3b5XjBnZv7+opcTcQFZebYjWzi34vdm4Q=
github.com/golang/groupcache v0.0.0-20210331224755-41bb18bfe9da h1:oI5xCqsCo564l8iNU+DwB5epxmsaqB+rhGL0m5jtYqE=
github.com/golang/mock v1.6.0 h1:ErTB+efbowRARo13NNdxyJji2egdxLGQhRaY+DUumQc=
github.com/golang/protobuf v1.5.2 h1:ROPKBNFfQgOUMifHyP+KYbvpjbdoFNs+aK7DXlji0Tw=
github.com/google/go-cmp v0.5.8 h1:e6P7q2lk1O+qJJb4BtCQXlK8vWEO8V1ZeuEdJNOqZyg=
github.com/google/gopacket v1.1.19 h1:ves8RnFZPGiFnTS0uPQStjwru6uO6h+nlr9j6fL7kF8=
github.com/google/uuid v1.3.0 h1:t6JiXgmwXMjEs8VusXIJk2BXHsn+wx8BZdTaoZ5fu7I=
github.com/gopherjs/gopherjs v1.17.2 h1:fQnZVsXk8uxXIStYb0N4bGk7jeyTalG/wsZjQ25dO0g=
github.com/gorilla/handlers v1.5.1 h1:9lRY6j8DEeeBT10CvO9hGW0gmky0BprnvDI5vfhUHH4=
github.com/gorilla/mux v1.8.0 h1:i40aqfkR1h2SlN9hojwV5ZA91wcXFOvkdNIeFDP5koI=
github.com/hashicorp/go-cleanhttp v0.5.1 h1:dH3aiDG9Jvb5r5+bYHsikaOUIpcM0xvgMXVoDkXMzJM=
github.com/hashicorp/go-hclog v0.9.2 h1:CG6TE5H9/JXsFWJCfoIVpKFIkFe6ysEuHirp4DxCsHI=
github.com/hashicorp/go-retryablehttp v0.7.1 h1:sUiuQAnLlbvmExtFQs72iFW/HXeUn8Z1aJLQ4LJJbTQ=
github.com/hashicorp/golang-lru v0.5.4 h1:YDjusn29QI/Das2iO9M0BHnIbxPeyuCHsjMW+lJfyTc=
github.com/heptiolabs/healthcheck v0.0.0-20211123025425-613501dd5deb h1:tsEKRC3PU9rMw18w/uAptoijhgG4EvlA5kfJPtwrMDk=
github.com/huin/goupnp v1.0.0 h1:wg75sLpL6DZqwHQN6E1Cfk6mtfzS45z8OV+ic+DtHRo=
github.com/inconshreveable/mousetrap v1.0.0 h1:Z8tu5sraLXCXIcARxBp/8cbvlwVa7Z1NHg9XEKhtSvM=
github.com/ipfs/bbloom v0.0.4 h1:Gi+8EGJ2y5qiD5FbsbpX/TMNcJw8gSqr7eyjHa4Fhvs=
github.com/ipfs/go-bitswap v0.6.0 h1:f2rc6GZtoSFhEIzQmddgGiel9xntj02Dg0ZNf2hSC+w=
github.com/ipfs/go-block-format v0.0.3 h1:r8t66QstRp/pd/or4dpnbVfXT5Gt7lOqRvC+/dDTpMc=
github.com/ipfs/go-blockservice v0.3.0 h1:cDgcZ+0P0Ih3sl8+qjFr2sVaMdysg/YZpLj5WJ8kiiw=
github.com/ipfs/go-cid v0.1.0 h1:YN33LQulcRHjfom/i25yoOZR4Telp1Hr/2RU3d0PnC0=
github.com/ipfs/go-datastore v0.5.0 h1:rQicVCEacWyk4JZ6G5bD9TKR7lZEG1MWcG7UdWYrFAU=
github.com/ipfs/go-detect-race v0.0.1 h1:qX/xay2W3E4Q1U7d9lNs1sU9nvguX0a7319XbyQ6cOk=
github.com/ipfs/go-ipfs-blockstore v1.2.0 h1:n3WTeJ4LdICWs/0VSfjHrlqpPpl6MZ+ySd3j8qz0ykw=
github.com/ipfs/go-ipfs-blocksutil v0.0.1 h1:Eh/H4pc1hsvhzsQoMEP3Bke/aW5P5rVM1IWFJMcGIPQ=
github.com/ipfs/go-ipfs-chunker v0.0.1 h1:cHUUxKFQ99pozdahi+uSC/3Y6HeRpi9oTeUHbE27SEw=
github.com/ipfs/go-ipfs-cmds v0.7.0 h1:0lEldmB7C83RxIOer38Sv1ob6wIoCAIEOaxiYgcv7wA=
github.com/ipfs/go-ipfs-config v0.5.3 h1:3GpI/xR9FoJNTjU6YvCMRbYyEi0dBVY5UtlUTcNRlSA=
github.com/ipfs/go-ipfs-delay v0.0.1 h1:r/UXYyRcddO6thwOnhiznIAiSvxMECGgtv35Xs1IeRQ=
github.com/ipfs/go-ipfs-ds-help v1.1.0 h1:yLE2w9RAsl31LtfMt91tRZcrx+e61O5mDxFRR994w4Q=
github.com/ipfs/go-ipfs-exchange-interface v0.1.0 h1:TiMekCrOGQuWYtZO3mf4YJXDIdNgnKWZ9IE3fGlnWfo=
github.com/ipfs/go-ipfs-exchange-offline v0.2.0 h1:2PF4o4A7W656rC0RxuhUace997FTcDTcIQ6NoEtyjAI=
github.com/ipfs/go-ipfs-files v0.1.1 h1:/MbEowmpLo9PJTEQk16m9rKzUHjeP4KRU9nWJyJO324=
github.com/ipfs/go-ipfs-http-client v0.4.0 h1:LNuVbFoKfCohCmcNImml3byM3PpTxTT7RPrv/UoDFkI=
github.com/ipfs/go-ipfs-posinfo v0.0.1 h1:Esoxj+1JgSjX0+ylc0hUmJCOv6V2vFoZiETLR6OtpRs=
github.com/ipfs/go-ipfs-pq v0.0.2 h1:e1vOOW6MuOwG2lqxcLA+wEn93i/9laCY8sXAw76jFOY=
github.com/ipfs/go-ipfs-routing v0.2.1 h1:E+whHWhJkdN9YeoHZNj5itzc+OR292AJ2uE9FFiW0BY=
github.com/ipfs/go-ipfs-util v0.0.2 h1:59Sswnk1MFaiq+VcaknX7aYEyGyGDAA73ilhEK2POp8=
github.com/ipfs/go-ipld-cbor v0.0.5 h1:ovz4CHKogtG2KB/h1zUp5U0c/IzZrL435rCh5+K/5G8=
github.com/ipfs/go-ipld-format v0.4.0 h1:yqJSaJftjmjc9jEOFYlpkwOLVKv68OD27jFLlSghBlQ=
github.com/ipfs/go-ipld-legacy v0.1.0 h1:wxkkc4k8cnvIGIjPO0waJCe7SHEyFgl+yQdafdjGrpA=
github.com/ipfs/go-log v1.0.5 h1:2dOuUCB1Z7uoczMWgAyDck5JLb72zHzrMnGnCNNbvY8=
github.com/ipfs/go-log/v2 v2.3.0 h1:31Re/cPqFHpsRHgyVwjWADPoF0otB1WrjTy8ZFYwEZU=
github.com/ipfs/go-merkledag v0.6.0 h1:oV5WT2321tS4YQVOPgIrWHvJ0lJobRTerU+i9nmUCuA=
github.com/ipfs/go-metrics-interface v0.0.1 h1:j+cpbjYvu4R8zbleSs36gvB7jR+wsL2fGD6n0jO4kdg=
github.com/ipfs/go-path v0.3.0 h1:tkjga3MtpXyM5v+3EbRvOHEoo+frwi4oumw5K+KYWyA=
github.com/ipfs/go-peertaskqueue v0.7.0 h1:VyO6G4sbzX80K58N60cCaHsSsypbUNs1GjO5seGNsQ0=
github.com/ipfs/go-unixfs v0.3.1 h1:LrfED0OGfG98ZEegO4/xiprx2O+yS+krCMQSp7zLVv8=
github.com/ipfs/go-verifcid v0.0.1 h1:m2HI7zIuR5TFyQ1b79Da5N9dnnCP1vcu2QqawmWlK2E=
github.com/ipfs/interface-go-ipfs-core v0.7.0 h1:7tb+2upz8oCcjIyjo1atdMk+P+u7wPmI+GksBlLE8js=
github.com/ipfs/iptb v1.4.0 h1:YFYTrCkLMRwk/35IMyC6+yjoQSHTEcNcefBStLJzgvo=
github.com/ipfs/iptb-plugins v0.3.0 h1:C1rpq1o5lUZtaAOkLIox5akh6ba4uk/3RwWc6ttVxw0=
github.com/ipld/go-codec-dagpb v1.3.0 h1:czTcaoAuNNyIYWs6Qe01DJ+sEX7B+1Z0LcXjSatMGe8=
github.com/ipld/go-ipld-prime v0.11.0 h1:jD/b/22R7CSL+F9xNffcexs+wO0Ji/TfwXO/TWck+70=
github.com/jackpal/go-nat-pmp v1.0.2 h1:KzKSgb7qkJvOUTqYl9/Hg/me3pWgBmERKrTGD7BdWus=
github.com/jbenet/goprocess v0.1.4 h1:DRGOFReOMqqDNXwW70QkacFW0YN9QnwLV0Vqk+3oU0o=
github.com/jtolds/gls v4.20.0+incompatible h1:xdiiI2gbIgH/gLH7ADydsJ1uDOEzR8yvV7C0MuV77Wo=
github.com/klauspost/compress v1.15.1 h1:y9FcTHGyrebwfP0ZZqFiaxTaiDnUrGkJkI+f583BL1A=
github.com/klauspost/cpuid/v2 v2.0.9 h1:lgaqFMSdTdQYdZ04uHyN2d/eKdOMyi2YLSvlQIBFYa4=
github.com/koron/go-ssdp v0.0.0-20191105050749-2e1c40ed0b5d h1:68u9r4wEvL3gYg2jvAOgROwZ3H+Y3hIDk4tbbmIjcYQ=
github.com/kr/pretty v0.3.0 h1:WgNl7dwNpEZ6jJ9k1snq4pZsg7DOEN8hP9Xw0Tsjwk0=
github.com/kr/text v0.2.0 h1:5Nx0Ya0ZqY2ygV366QzturHI13Jq95ApcVaJBhpS+AY=
github.com/libp2p/go-addr-util v0.0.2 h1:7cWK5cdA5x72jX0g8iLrQWm5TRJZ6CzGdPEhWj7plWU=
github.com/libp2p/go-buffer-pool v0.0.2 h1:QNK2iAFa8gjAe1SPz6mHSMuCcjs+X1wlHzeOSqcmlfs=
github.com/libp2p/go-eventbus v0.2.1 h1:VanAdErQnpTioN2TowqNcOijf6YwhuODe4pPKSDpxGc=
github.com/libp2p/go-libp2p v0.14.3 h1:NST/bkwGSyaOt+stT7GBHY1+OqaANZ+QUOjpsmjXVC4=
github.com/libp2p/go-libp2p-autonat v0.4.2 h1:YMp7StMi2dof+baaxkbxaizXjY1RPvU71CXfxExzcUU=
github.com/libp2p/go-libp2p-core v0.8.6 h1:3S8g006qG6Tjpj1JdRK2S+TWc2DJQKX/RG9fdLeiLSU=
github.com/libp2p/go-libp2p-loggables v0.1.0 h1:h3w8QFfCt2UJl/0/NW4K829HX/0S4KD31PQ7m8UXXO8=
github.com/libp2p/go-libp2p-nat v0.0.6 h1:wMWis3kYynCbHoyKLPBEMu4YRLltbm8Mk08HGSfvTkU=
github.com/libp2p/go-libp2p-netutil v0.1.0 h1:zscYDNVEcGxyUpMd0JReUZTrpMfia8PmLKcKF72EAMQ=
github.com/libp2p/go-libp2p-peerstore v0.2.7 h1:83JoLxyR9OYTnNfB5vvFqvMUv/xDNa6NoPHnENhBsGw=
github.com/libp2p/go-libp2p-record v0.1.1 h1:ZJK2bHXYUBqObHX+rHLSNrM3M8fmJUlUHrodDPPATmY=
github.com/libp2p/go-libp2p-testing v0.4.0 h1:PrwHRi0IGqOwVQWR3xzgigSlhlLfxgfXgkHxr77EghQ=
github.com/libp2p/go-msgio v0.0.6 h1:lQ7Uc0kS1wb1EfRxO2Eir/RJoHkHn7t6o+EiwsYIKJA=
github.com/libp2p/go-nat v0.0.5 h1:qxnwkco8RLKqVh1NmjQ+tJ8p8khNLFxuElYG/TwqW4Q=
github.com/libp2p/go-netroute v0.1.6 h1:ruPJStbYyXVYGQ81uzEDzuvbYRLKRrLvTYd33yomC38=
github.com/libp2p/go-openssl v0.0.7 h1:eCAzdLejcNVBzP/iZM9vqHnQm+XyCEbSSIheIPRGNsw=
github.com/libp2p/go-sockaddr v0.1.1 h1:yD80l2ZOdGksnOyHrhxDdTDFrf7Oy+v3FMVArIRgZxQ=
github.com/mattn/go-isatty v0.0.14 h1:yVuAays6BHfxijgZPzw+3Zlu5yQgKGP2/hcQbHb7S9Y=
github.com/matttproud/golang_protobuf_extensions v1.0.2-0.20181231171920-c182affec369 h1:I0XW9+e1XWDxdcEniV4rQAIOPUGDq67JSCiRCgGCZLI=
github.com/miekg/dns v1.1.41 h1:WMszZWJG0XmzbK9FEmzH2TVcqYzFesusSIB41b8KHxY=
github.com/minio/blake2b-simd v0.0.0-20160723061019-3f5f724cb5b1 h1:lYpkrQH5ajf0OXOcUbGjvZxxijuBwbbmlSxLiuofa+g=
github.com/minio/sha256-simd v1.0.0 h1:v1ta+49hkWZyvaKwrQB8elexRqm6Y0aMLjCNsrYxo6g=
github.com/mitchellh/go-homedir v1.1.0 h1:lukF9ziXFxDFPkA1vsr5zpc1XuPDn/wFntq5mG+4E0Y=
github.com/moby/locker v1.0.1 h1:fOXqR41zeveg4fFODix+1Ch4mj/gT0NE1XJbp/epuBg=
github.com/moby/sys/mountinfo v0.6.1 h1:+H/KnGEAGRpTrEAqNVQ2AM3SiwMgJUt/TXj+Z8cmCIc=
github.com/mr-tron/base58 v1.2.0 h1:T/HDJBh4ZCPbU39/+c3rRvE0uKBQlU27+QI8LJ4t64o=
github.com/multiformats/go-base32 v0.0.3 h1:tw5+NhuwaOjJCC5Pp82QuXbrmLzWg7uxlMFp8Nq/kkI=
github.com/multiformats/go-base36 v0.1.0 h1:JR6TyF7JjGd3m6FbLU2cOxhC0Li8z8dLNGQ89tUg4F4=
github.com/multiformats/go-multiaddr v0.6.0 h1:qMnoOPj2s8xxPU5kZ57Cqdr0hHhARz7mFsPMIiYNqzg=
github.com/multiformats/go-multiaddr-dns v0.3.1 h1:QgQgR+LQVt3NPTjbrLLpsaT2ufAA2y0Mkk+QRVJbW3A=
github.com/multiformats/go-multiaddr-fmt v0.1.0 h1:WLEFClPycPkp4fnIzoFoV9FVd49/eQsuaL3/CWe167E=
github.com/multiformats/go-multiaddr-net v0.2.0 h1:MSXRGN0mFymt6B1yo/6BPnIRpLPEnKgQNvVfCX5VDJk=
github.com/multiformats/go-multibase v0.0.3 h1:l/B6bJDQjvQ5G52jw4QGSYeOTZoAwIO77RblWplfIqk=
github.com/multiformats/go-multicodec v0.4.1 h1:BSJbf+zpghcZMZrwTYBGwy0CPcVZGWiC72Cp8bBd4R4=
github.com/multiformats/go-multihash v0.1.0 h1:CgAgwqk3//SVEw3T+6DqI4mWMyRuDwZtOWcJT0q9+EA=
github.com/multiformats/go-multistream v0.2.2 h1:TCYu1BHTDr1F/Qm75qwYISQdzGcRdC21nFgQW7l7GBo=
github.com/multiformats/go-varint v0.0.6 h1:gk85QWKxh3TazbLxED/NlDVv8+q+ReFJk7Y2W/KhfNY=
github.com/nxadm/tail v1.4.8 h1:nPr65rt6Y5JFSKQO7qToXr7pePgD6Gwiw05lkbyAQTE=
github.com/onsi/ginkgo v1.16.5 h1:8xi0RTUf59SOSfEtZMvwTvXYMzG4gV23XVHOZiXNtnE=
github.com/onsi/gomega v1.18.1 h1:M1GfJqGRrBrrGGsbxzV5dqM2U2ApXefZCQpkukxYRLE=
github.com/opencontainers/go-digest v1.0.0 h1:apOUWs51W5PlhuyGyz9FCeeBIOUDA/6nW8Oi/yOhh5U=
github.com/opencontainers/image-spec v1.0.3-0.20211202183452-c5a74bcca799 h1:rc3tiVYb5z54aKaDfakKn0dDjIyPpTtszkjuMzyt7ec=
github.com/opentracing/opentracing-go v1.2.0 h1:uEJPy/1a5RIPAJ0Ov+OIO8OxWu77jEv+1B0VhjKrZUs=
github.com/pkg/errors v0.9.1 h1:FEBLx1zS214owpjy7qsBeixbURkuhQAwrK5UwLGTwt4=
github.com/pmezard/go-difflib v1.0.0 h1:4DBwDE0NGyQoBHbLQYPwSUPoCMWR5BEzIk/f1lZbAQM=
github.com/polydawn/refmt v0.0.0-20201211092308-30ac6d18308e h1:ZOcivgkkFRnjfoTcGsDq3UQYiBmekwLA+qg0OjyB/ls=
github.com/prometheus/client_golang v1.12.2 h1:51L9cDoUHVrXx4zWYlcLQIZ+d+VXHgqnYKkIuq4g/34=
github.com/prometheus/client_model v0.2.0 h1:uq5h0d+GuxiXLJLNABMgp2qUWDPiLvgCzz2dUR+/W/M=
github.com/prometheus/common v0.34.0 h1:RBmGO9d/FVjqHT0yUGQwBJhkwKV+wPCn7KGpvfab0uE=
github.com/prometheus/procfs v0.7.3 h1:4jVXhlkAyzOScmCkXBTOLRLTz8EeU+eyjrwB/EPq0VU=
github.com/rogpeppe/go-internal v1.6.1 h1:/FiVV8dS/e+YqF2JvO3yXRFbBLTIuSDkuC7aBOAvL+k=
github.com/rs/cors v1.8.2 h1:KCooALfAYGs415Cwu5ABvv9n9509fSiG5SQJn/AQo4U=
github.com/sirupsen/logrus v1.8.1 h1:dJKuHgqk1NNQlqoA6BTlM1Wf9DOH3NBjQyu0h9+AZZE=
github.com/smartystreets/assertions v1.13.0 h1:Dx1kYM01xsSqKPno3aqLnrwac2LetPvN23diwyr69Qs=
github.com/smartystreets/goconvey v1.7.2 h1:9RBaZCeXEQ3UselpuwUQHltGVXvdwm6cv1hgR6gDIPg=
github.com/spacemonkeygo/spacelog v0.0.0-20180420211403-2296661a0572 h1:RC6RW7j+1+HkWaX/Yh71Ee5ZHaHYt7ZP4sQgUrm6cDU=
github.com/spaolacci/murmur3 v1.1.0 h1:7c1g84S4BPRrfL5Xrdp6fOJ206sU9y293DDHaoy0bLI=
github.com/spf13/cobra v1.5.0 h1:X+jTBEBqF0bHN+9cSMgmfuvv2VHJ9ezmFNf9Y/XstYU=
github.com/spf13/pflag v1.0.5 h1:iy+VFUOCP1a+8yFto/drg2CJ5u0yRoB7fZw3DKv/JXA=
github.com/stretchr/testify v1.7.1 h1:5TQK59W5E3v0r2duFAb7P95B6hEeOyEnHRa8MjYSMTY=
github.com/warpfork/go-wish v0.0.0-20200122115046-b9ea61034e4a h1:G++j5e0OC488te356JvdhaM8YS6nMsjLAYF7JxCv07w=
github.com/whyrusleeping/cbor-gen v0.0.0-20200123233031-1cdf64d27158 h1:WXhVOwj2USAXB5oMDwRl3piOux2XMV9TANaYxXHdkoE=
github.com/whyrusleeping/chunker v0.0.0-20181014151217-fe64bd25879f h1:jQa4QT2UP9WYv2nzyawpKMOCl+Z/jW7djv2/J50lj9E=
go.opencensus.io v0.23.0 h1:gqCw0LfLxScz8irSi8exQc7fyQ0fKQU/qnC/X8+V/1M=
go.uber.org/atomic v1.9.0 h1:ECmE8Bn/WFTYwEW/bpKD3M8VtR/zQVbavAoalC1PYyE=
go.uber.org/goleak v1.1.12 h1:gZAh5/EyT/HQwlpkCy6wTpqfH9H8Lz8zbm3dZh+OyzA=
go.uber.org/multierr v1.7.0 h1:zaiO/rmgFjbmCXdSYJWQcdvOCsthmdaHfr3Gm2Kx4Ec=
go.uber.org/zap v1.19.1 h1:ue41HOKd1vGURxrmeKIgELGb3jPW9DMUDGtsinblHwI=
golang.org/x/crypto v0.0.0-20220214200702-86341886e292 h1:f+lwQ+GtmgoY+A2YaQxlSOnDjXcQ7ZRLWOHbC6HtRqE=
golang.org/x/net v0.0.0-20220909164309-bea034e7d591 h1:D0B/7al0LLrVC8aWF4+oxpv/m8bc7ViFfVS8/gXGdqI=
golang.org/x/sync v0.0.0-20220601150217-0de741cfad7f h1:Ax0t5p6N38Ga0dThY21weqDEyz2oklo4IvDkpigvkD8=
golang.org/x/sys v0.0.0-20220728004956-3c1f35247d10 h1:WIoqL4EROvwiPdUtaip4VcDdpZ4kha7wBWZrbVKCIZg=
golang.org/x/text v0.3.7 h1:olpwvP2KacW1ZWvsR7uQhoyTYvKAupfQrRGBFM352Gk=
golang.org/x/xerrors v0.0.0-20220609144429-65e65417b02f h1:uF6paiQQebLeSXkrTqHqz0MXhXXS1KgF41eUdBNvxK0=
google.golang.org/genproto v0.0.0-20220915135415-7fd63a7952de h1:5ANeKFmGdtiputJJYeUVg8nTGA/1bEirx4CgzcnPSx8=
google.golang.org/grpc v1.49.0 h1:WTLtQzmQori5FUH25Pq4WT22oCsv8USpQ+F6rqtsmxw=
google.golang.org/protobuf v1.28.1 h1:d0NfwRgPtno5B1Wa6L2DAG+KivqkdutMf1UhdNx175w=
gopkg.in/DATA-DOG/go-sqlmock.v1 v1.3.0 h1:FVCohIoYO7IJoDDVpV2pdq7SgrMH6wHnuTyrdrxJNoY=
gopkg.in/check.v1 v1.0.0-20201130134442-10cb98267c6c h1:Hei/4ADfdWqJk1ZMxUNpqntNwaWcugrBjAiHlqqRiVk=
gopkg.in/tomb.v1 v1.0.0-20141024135613-dd632973f1e7 h1:uRGJdciOHaEIrze2W8Q3AKkepLTh2hOroT7a+7czfdQ=
gopkg.in/yaml.v2 v2.4.0 h1:D8xgwECY7CYvx+Y2n4sBz93Jn9JRvxdiyyo8CTfuKaY=
gopkg.in/yaml.v3 v3.0.1 h1:fxVm/GzAzEWqLHuvctI91KS9hhNmmWOoWu0XTYJS7CA=
gotest.tools/v3 v3.0.3 h1:4AuOwCGf4lLR9u3YOe2awrHygurzhO/HeQ6laiA6Sx0=
lukechampine.com/blake3 v1.1.6 h1:H3cROdztr7RCfoaTpGZFQsrqvweFLrqS73j7L7cmR5c=
