cloud.google.com/go v0.26.0/go.mod h1:aQUYkXzVsufM+DwF1aE+0xfcU+56JwCaLick0ClmMTw=
cloud.google.com/go v0.105.0 h1:DNtEKRBAAzeS4KyIory52wWHuClNaXJ5x1F7xa4q+5Y=
cloud.google.com/go/accessapproval v1.5.0 h1:/nTivgnV/n1CaAeo+ekGexTYUsKEU9jUVkoY5359+3Q=
cloud.google.com/go/accesscontextmanager v1.4.0 h1:CFhNhU7pcD11cuDkQdrE6PQJgv0EXNKNv06jIzbLlCU=
cloud.google.com/go/aiplatform v1.24.0 h1:QqHZT1IMldf/daXoSnkJWBIqGBsw50X+xP6HSVzLRPo=
cloud.google.com/go/analytics v0.12.0 h1:NKw6PpQi6V1O+KsjuTd+bhip9d0REYu4NevC45vtGp8=
cloud.google.com/go/apigateway v1.4.0 h1:IIoXKR7FKrEAQhMTz5hK2wiDz2WNFHS7eVr/L1lE/rM=
cloud.google.com/go/apigeeconnect v1.4.0 h1:AONoTYJviyv1vS4IkvWzq69gEVdvHx35wKXc+e6wjZQ=
cloud.google.com/go/appengine v1.5.0 h1:lmG+O5oaR9xNwaRBwE2XoMhwQHsHql5IoiGr1ptdDwU=
cloud.google.com/go/area120 v0.6.0 h1:TCMhwWEWhCn8d44/Zs7UCICTWje9j3HuV6nVGMjdpYw=
cloud.google.com/go/artifactregistry v1.9.0 h1:3d0LRAU1K6vfqCahhl9fx2oGHcq+s5gftdix4v8Ibrc=
cloud.google.com/go/asset v1.10.0 h1:aCrlaLGJWTODJX4G56ZYzJefITKEWNfbjjtHSzWpxW0=
cloud.google.com/go/assuredworkloads v1.9.0 h1:hhIdCOowsT1GG5eMCIA0OwK6USRuYTou/1ZeNxCSRtA=
cloud.google.com/go/automl v1.8.0 h1:BMioyXSbg7d7xLibn47cs0elW6RT780IUWr42W8rp2Q=
cloud.google.com/go/baremetalsolution v0.4.0 h1:g9KO6SkakcYPcc/XjAzeuUrEOXlYPnMpuiaywYaGrmQ=
cloud.google.com/go/batch v0.4.0 h1:1jvEBY55OH4Sd2FxEXQfxGExFWov1A/IaRe+Z5Z71Fw=
cloud.google.com/go/beyondcorp v0.3.0 h1:w+4kThysgl0JiKshi2MKDCg2NZgOyqOI0wq2eBZyrzA=
cloud.google.com/go/bigquery v1.43.0 h1:u0fvz5ysJBe1jwUPI4LuPwAX+o+6fCUwf3ECeg6eDUQ=
cloud.google.com/go/billing v1.7.0 h1:Xkii76HWELHwBtkQVZvqmSo9GTr0O+tIbRNnMcGdlg4=
cloud.google.com/go/binaryauthorization v1.4.0 h1:pL70vXWn9TitQYXBWTK2abHl2JHLwkFRjYw6VflRqEA=
cloud.google.com/go/certificatemanager v1.4.0 h1:tzbR4UHBbgsewMWUD93JHi8EBi/gHBoSAcY1/sThFGk=
cloud.google.com/go/channel v1.9.0 h1:pNuUlZx0Jb0Ts9P312bmNMuH5IiFWIR4RUtLb70Ke5s=
cloud.google.com/go/cloudbuild v1.4.0 h1:TAAmCmAlOJ4uNBu6zwAjwhyl/7fLHHxIEazVhr3QBbQ=
cloud.google.com/go/clouddms v1.4.0 h1:UhzHIlgFfMr6luVYVNydw/pl9/U5kgtjCMJHnSvoVws=
cloud.google.com/go/cloudtasks v1.8.0 h1:faUiUgXjW8yVZ7XMnKHKm1WE4OldPBUWWfIRN/3z1dc=
cloud.google.com/go/compute v1.12.1 h1:gKVJMEyqV5c/UnpzjjQbo3Rjvvqpr9B1DFSbJC4OXr0=
cloud.google.com/go/compute/metadata v0.2.1 h1:efOwf5ymceDhK6PKMnnrTHP4pppY5L22mle96M1yP48=
cloud.google.com/go/contactcenterinsights v1.4.0 h1:tTQLI/ZvguUf9Hv+36BkG2+/PeC8Ol1q4pBW+tgCx0A=
cloud.google.com/go/container v1.7.0 h1:nbEK/59GyDRKKlo1SqpohY1TK8LmJ2XNcvS9Gyom2A0=
cloud.google.com/go/containeranalysis v0.6.0 h1:2824iym832ljKdVpCBnpqm5K94YT/uHTVhNF+dRTXPI=
cloud.google.com/go/datacatalog v1.8.0 h1:6kZ4RIOW/uT7QWC5SfPfq/G8sYzr/v+UOmOAxy4Z1TE=
cloud.google.com/go/dataflow v0.7.0 h1:CW3541Fm7KPTyZjJdnX6NtaGXYFn5XbFC5UcjgALKvU=
cloud.google.com/go/dataform v0.5.0 h1:vLwowLF2ZB5J5gqiZCzv076lDI/Rd7zYQQFu5XO1PSg=
cloud.google.com/go/datafusion v1.5.0 h1:j5m2hjWovTZDTQak4MJeXAR9yN7O+zMfULnjGw/OOLg=
cloud.google.com/go/datalabeling v0.6.0 h1:dp8jOF21n/7jwgo/uuA0RN8hvLcKO4q6s/yvwevs2ZM=
cloud.google.com/go/dataplex v1.4.0 h1:cNxeA2DiWliQGi21kPRqnVeQ5xFhNoEjPRt1400Pm8Y=
cloud.google.com/go/dataproc v1.8.0 h1:gVOqNmElfa6n/ccG/QDlfurMWwrK3ezvy2b2eDoCmS0=
cloud.google.com/go/dataqna v0.6.0 h1:gx9jr41ytcA3dXkbbd409euEaWtofCVXYBvJz3iYm18=
cloud.google.com/go/datastream v1.5.0 h1:PgIgbhedBtYBU6POGXFMn2uSl9vpqubc3ewTNdcU8Mk=
cloud.google.com/go/deploy v1.5.0 h1:kI6dxt8Ml0is/x7YZjLveTvR7YPzXAUD/8wQZ2nH5zA=
cloud.google.com/go/dialogflow v1.19.0 h1:HYHVOkoxQ9bSfNIelSZYNAtUi4CeSrCnROyOsbOqPq8=
cloud.google.com/go/dlp v1.7.0 h1:9I4BYeJSVKoSKgjr70fLdRDumqcUeVmHV4fd5f9LR6Y=
cloud.google.com/go/documentai v1.10.0 h1:jfq09Fdjtnpnmt/MLyf6A3DM3ynb8B2na0K+vSXvpFM=
cloud.google.com/go/domains v0.7.0 h1:pu3JIgC1rswIqi5romW0JgNO6CTUydLYX8zyjiAvO1c=
cloud.google.com/go/edgecontainer v0.2.0 h1:hd6J2n5dBBRuAqnNUEsKWrp6XNPKsaxwwIyzOPZTokk=
cloud.google.com/go/essentialcontacts v1.4.0 h1:b6csrQXCHKQmfo9h3dG/pHyoEh+fQG1Yg78a53LAviY=
cloud.google.com/go/eventarc v1.8.0 h1:AgCqrmMMIcel5WWKkzz5EkCUKC3Rl5LNMMYsS+LvsI0=
cloud.google.com/go/filestore v1.4.0 h1:yjKOpzvqtDmL5AXbKttLc8j0hL20kuC1qPdy5HPcxp0=
cloud.google.com/go/functions v1.9.0 h1:35tgv1fQOtvKqH/uxJMzX3w6usneJ0zXpsFr9KAVhNE=
cloud.google.com/go/gaming v1.8.0 h1:97OAEQtDazAJD7yh/kvQdSCQuTKdR0O+qWAJBZJ4xiA=
cloud.google.com/go/gkebackup v0.3.0 h1:4K+jiv4ocqt1niN8q5Imd8imRoXBHTrdnJVt/uFFxF4=
cloud.google.com/go/gkeconnect v0.6.0 h1:zAcvDa04tTnGdu6TEZewaLN2tdMtUOJJ7fEceULjguA=
cloud.google.com/go/gkehub v0.10.0 h1:JTcTaYQRGsVm+qkah7WzHb6e9sf1C0laYdRPn9aN+vg=
cloud.google.com/go/gkemulticloud v0.4.0 h1:8F1NhJj8ucNj7lK51UZMtAjSWTgP1zO18XF6vkfiPPU=
cloud.google.com/go/gsuiteaddons v1.4.0 h1:TGT2oGmO5q3VH6SjcrlgPUWI0njhYv4kywLm6jag0to=
cloud.google.com/go/iam v0.7.0 h1:k4MuwOsS7zGJJ+QfZ5vBK8SgHBAvYN/23BWsiihJ1vs=
cloud.google.com/go/iap v1.5.0 h1:BGEXovwejOCt1zDk8hXq0bOhhRu9haXKWXXXp2B4wBM=
cloud.google.com/go/ids v1.2.0 h1:LncHK4HHucb5Du310X8XH9/ICtMwZ2PCfK0ScjWiJoY=
cloud.google.com/go/iot v1.4.0 h1:Y9+oZT9jD4GUZzORXTU45XsnQrhxmDT+TFbPil6pRVQ=
cloud.google.com/go/kms v1.6.0 h1:OWRZzrPmOZUzurjI2FBGtgY2mB1WaJkqhw6oIwSj0Yg=
cloud.google.com/go/language v1.8.0 h1:3Wa+IUMamL4JH3Zd3cDZUHpwyqplTACt6UZKRD2eCL4=
cloud.google.com/go/lifesciences v0.6.0 h1:tIqhivE2LMVYkX0BLgG7xL64oNpDaFFI7teunglt1tI=
cloud.google.com/go/longrunning v0.3.0 h1:NjljC+FYPV3uh5/OwWT6pVU+doBqMg2x/rZlE+CamDs=
cloud.google.com/go/managedidentities v1.4.0 h1:3Kdajn6X25yWQFhFCErmKSYTSvkEd3chJROny//F1A0=
cloud.google.com/go/mediatranslation v0.6.0 h1:qAJzpxmEX+SeND10Y/4868L5wfZpo4Y3BIEnIieP4dk=
cloud.google.com/go/memcache v1.7.0 h1:yLxUzJkZVSH2kPaHut7k+7sbIBFpvSh1LW9qjM2JDjA=
cloud.google.com/go/metastore v1.8.0 h1:3KcShzqWdqxrDEXIBWpYJpOOrgpDj+HlBi07Grot49Y=
cloud.google.com/go/monitoring v1.8.0 h1:c9riaGSPQ4dUKWB+M1Fl0N+iLxstMbCktdEwYSPGDvA=
cloud.google.com/go/networkconnectivity v1.7.0 h1:BVdIKaI68bihnXGdCVL89Jsg9kq2kg+II30fjVqo62E=
cloud.google.com/go/networkmanagement v1.5.0 h1:mDHA3CDW00imTvC5RW6aMGsD1bH+FtKwZm/52BxaiMg=
cloud.google.com/go/networksecurity v0.6.0 h1:qDEX/3sipg9dS5JYsAY+YvgTjPR63cozzAWop8oZS94=
cloud.google.com/go/notebooks v1.5.0 h1:AC8RPjNvel3ExgXjO1YOAz+teg9+j+89TNxa7pIZfww=
cloud.google.com/go/optimization v1.2.0 h1:7PxOq9VTT7TMib/6dMoWpMvWS2E4dJEvtYzjvBreaec=
cloud.google.com/go/orchestration v1.4.0 h1:39d6tqvNjd/wsSub1Bn4cEmrYcet5Ur6xpaN+SxOxtY=
cloud.google.com/go/orgpolicy v1.5.0 h1:erF5PHqDZb6FeFrUHiYj2JK2BMhsk8CyAg4V4amJ3rE=
cloud.google.com/go/osconfig v1.10.0 h1:NO0RouqCOM7M2S85Eal6urMSSipWwHU8evzwS+siqUI=
cloud.google.com/go/oslogin v1.7.0 h1:pKGDPfeZHDybtw48WsnVLjoIPMi9Kw62kUE5TXCLCN4=
cloud.google.com/go/phishingprotection v0.6.0 h1:OrwHLSRSZyaiOt3tnY33dsKSedxbMzsXvqB21okItNQ=
cloud.google.com/go/policytroubleshooter v1.4.0 h1:NQklJuOUoz1BPP+Epjw81COx7IISWslkZubz/1i0UN8=
cloud.google.com/go/privatecatalog v0.6.0 h1:Vz86uiHCtNGm1DeC32HeG2VXmOq5JRYA3VRPf8ZEcSg=
cloud.google.com/go/recaptchaenterprise/v2 v2.5.0 h1:UqzFfb/WvhwXGDF1eQtdHLrmni+iByZXY4h3w9Kdyv8=
cloud.google.com/go/recommendationengine v0.6.0 h1:6w+WxPf2LmUEqX0YyvfCoYb8aBYOcbIV25Vg6R0FLGw=
cloud.google.com/go/recommender v1.8.0 h1:9kMZQGeYfcOD/RtZfcNKGKtoex3DdoB4zRgYU/WaIwE=
cloud.google.com/go/redis v1.10.0 h1:/zTwwBKIAD2DEWTrXZp8WD9yD/gntReF/HkPssVYd0U=
cloud.google.com/go/resourcemanager v1.4.0 h1:NDao6CHMwEZIaNsdWy+tuvHaavNeGP06o1tgrR0kLvU=
cloud.google.com/go/resourcesettings v1.4.0 h1:eTzOwB13WrfF0kuzG2ZXCfB3TLunSHBur4s+HFU6uSM=
cloud.google.com/go/retail v1.11.0 h1:N9fa//ecFUOEPsW/6mJHfcapPV0wBSwIUwpVZB7MQ3o=
cloud.google.com/go/run v0.3.0 h1:AWPuzU7Xtaj3Jf+QarDWIs6AJ5hM1VFQ+F6Q+VZ6OT4=
cloud.google.com/go/scheduler v1.7.0 h1:K/mxOewgHGeKuATUJNGylT75Mhtjmx1TOkKukATqMT8=
cloud.google.com/go/secretmanager v1.9.0 h1:xE6uXljAC1kCR8iadt9+/blg1fvSbmenlsDN4fT9gqw=
cloud.google.com/go/security v1.10.0 h1:KSKzzJMyUoMRQzcz7azIgqAUqxo7rmQ5rYvimMhikqg=
cloud.google.com/go/securitycenter v1.16.0 h1:QTVtk/Reqnx2bVIZtJKm1+mpfmwRwymmNvlaFez7fQY=
cloud.google.com/go/servicecontrol v1.5.0 h1:ImIzbOu6y4jL6ob65I++QzvqgFaoAKgHOG+RU9/c4y8=
cloud.google.com/go/servicedirectory v1.7.0 h1:f7M8IMcVzO3T425AqlZbP3yLzeipsBHtRza8vVFYMhQ=
cloud.google.com/go/servicemanagement v1.5.0 h1:TpkCO5M7dhKSy1bKUD9o/sSEW/U1Gtx7opA1fsiMx0c=
cloud.google.com/go/serviceusage v1.4.0 h1:b0EwJxPJLpavSljMQh0RcdHsUrr5DQ+Nelt/3BAs5ro=
cloud.google.com/go/shell v1.4.0 h1:b1LFhFBgKsG252inyhtmsUUZwchqSz3WTvAIf3JFo4g=
cloud.google.com/go/speech v1.9.0 h1:yK0ocnFH4Wsf0cMdUyndJQ/hPv02oTJOxzi6AgpBy4s=
cloud.google.com/go/storagetransfer v1.6.0 h1:fUe3OydbbvHcAYp07xY+2UpH4AermGbmnm7qdEj3tGE=
cloud.google.com/go/talent v1.4.0 h1:MrekAGxLqAeAol4Sc0allOVqUGO8j+Iim8NMvpiD7tM=
cloud.google.com/go/texttospeech v1.5.0 h1:ccPiHgTewxgyAeCWgQWvZvrLmbfQSFABTMAfrSPLPyY=
cloud.google.com/go/tpu v1.4.0 h1:ztIdKoma1Xob2qm6QwNh4Xi9/e7N3IfvtwG5AcNsj1g=
cloud.google.com/go/trace v1.4.0 h1:qO9eLn2esajC9sxpqp1YKX37nXC3L4BfGnPS0Cx9dYo=
cloud.google.com/go/translate v1.4.0 h1:AOYOH3MspzJ/bH1YXzB+xTE8fMpn3mwhLjugwGXvMPI=
cloud.google.com/go/video v1.9.0 h1:ttlvO4J5c1VGq6FkHqWPD/aH6PfdxujHt+muTJlW1Zk=
cloud.google.com/go/videointelligence v1.9.0 h1:RPFgVVXbI2b5vnrciZjtsUgpNKVtHO/WIyXUhEfuMhA=
cloud.google.com/go/vision/v2 v2.5.0 h1:TQHxRqvLMi19azwm3qYuDbEzZWmiKJNTpGbkNsfRCik=
cloud.google.com/go/vmmigration v1.3.0 h1:A2Tl2ZmwMRpvEmhV2ibISY85fmQR+Y5w9a0PlRz5P3s=
cloud.google.com/go/vpcaccess v1.5.0 h1:woHXXtnW8b9gLFdWO9HLPalAddBQ9V4LT+1vjKwR3W8=
cloud.google.com/go/webrisk v1.7.0 h1:ypSnpGlJnZSXbN9a13PDmAYvVekBLnGKxQ3Q9SMwnYY=
cloud.google.com/go/websecurityscanner v1.4.0 h1:y7yIFg/h/mO+5Y5aCOtVAnpGUOgqCH5rXQ2Oc8Oq2+g=
cloud.google.com/go/workflows v1.9.0 h1:7Chpin9p50NTU8Tb7qk+I11U/IwVXmDhEoSsdccvInE=
contrib.go.opencensus.io/exporter/prometheus v0.4.0 h1:0QfIkj9z/iVZgK31D9H9ohjjIDApI2GOPScCKwxedbs=
github.com/AdaLogics/go-fuzz-headers v0.0.0-20210715213245-6c3934b029d8 h1:V8krnnfGj4pV65YLUm3C0/8bl7V5Nry2Pwvy3ru/wLc=
github.com/BurntSushi/toml v0.3.1 h1:WXkYYl6Yr3qBf1K79EBnL4mak0OimBfB0XUf9Vl28OQ=
github.com/BurntSushi/toml v0.3.1/go.mod h1:xHWCNGjB5oqiDr8zfno3MHue2Ht5sIBksp03qcyfWMU=
github.com/HdrHistogram/hdrhistogram-go v1.1.0 h1:6dpdDPTRoo78HxAJ6T1HfMiKSnqhgRRqzCuPshRkQ7I=
github.com/Microsoft/go-winio v0.5.2 h1:a9IhgEQBCUEk6QCdml9CiJGhAws+YwffDHEMp1VMrpA=
github.com/Microsoft/hcsshim v0.9.8 h1:lf7xxK2+Ikbj9sVf2QZsouGjRjEp2STj1yDHgoVtU5k=
github.com/alecthomas/kingpin/v2 v2.3.1 h1:ANLJcKmQm4nIaog7xdr/id6FM6zm5hHnfZrvtKPxqGg=
github.com/alecthomas/units v0.0.0-20211218093645-b94a6e3cc137 h1:s6gZFSlWYmbqAuRjVTiNNhvNRfY2Wxp9nhfyel4rklc=
github.com/andybalholm/brotli v1.0.2 h1:JKnhI/XQ75uFBTiuzXpzFrUriDPiZjlOSzh6wXogP0E=
github.com/beorn7/perks v1.0.1 h1:VlbKKnNfV8bJzeqoa4cOKqO6bYr3WgKZxO8Z16+hsOM=
github.com/beorn7/perks v1.0.1/go.mod h1:G2ZrVWU2WbWT9wwq4/hrbKbnv/1ERSJQ0ibhJ6rlkpw=
github.com/blang/semver v3.5.1+incompatible h1:cQNTCjp13qL8KC3Nbxr/y2Bqb63oX6wdnnjpJbkM4JQ=
github.com/blang/semver v3.5.1+incompatible/go.mod h1:kRBLl5iJ+tD4TcOOxsy/0fnwebNt5EWlYSAyrTnjyyk=
github.com/bmizerany/assert v0.0.0-20160611221934-b7ed37b82869 h1:DDGfHa7BWjL4YnC6+E63dPcxHo2sUxDIu8g3QgEJdRY=
github.com/cenkalti/backoff/v4 v4.1.3 h1:cFAlzYUlVYDysBEH2T5hyJZMh3+5+WCBvSnK6Q8UtC4=
github.com/cenkalti/backoff/v4 v4.1.3/go.mod h1:scbssz8iZGpm3xbr14ovlUdkxfGXNInqkPWOWmG2CLw=
github.com/census-instrumentation/opencensus-proto v0.2.1 h1:glEXhBS5PSLLv4IXzLA5yPRVX4bilULVyxxbrfOtDAk=
github.com/census-instrumentation/opencensus-proto v0.2.1/go.mod h1:f6KPmirojxKA12rnyqOA5BBL4O983OfeGPqjHWSTneU=
github.com/cespare/xxhash/v2 v2.1.2 h1:YRXhKfTDauu4ajMg1TPgFO5jnlC2HCbmLXMcTG5cbYE=
github.com/cespare/xxhash/v2 v2.1.2/go.mod h1:VGX0DQ3Q6kWi7AoAeZDth3/j3BFtOZR5XLFGgcrjCOs=
github.com/cilium/ebpf v0.7.0 h1:1k/q3ATgxSXRdrmPfH8d7YK0GfqVsEKZAX9dQZvs56k=
github.com/client9/misspell v0.3.4 h1:ta993UF76GwbvJcIo3Y68y/M3WxlpEHPWIGDkJYwzJI=
github.com/client9/misspell v0.3.4/go.mod h1:qj6jICC3Q7zFZvVWo7KLAzC3yx5G7kyvSDkc90ppPyw=
github.com/cncf/udpa/go v0.0.0-20191209042840-269d4d468f6f/go.mod h1:M8M6+tZqaGXZJjfX53e64911xZQV5JYwmTeXPW+k8Sc=
github.com/cncf/udpa/go v0.0.0-20210930031921-04548b0d99d4 h1:hzAQntlaYRkVSFEfj9OTWlVV1H155FMD8BTKktLv0QI=
github.com/cncf/xds/go v0.0.0-20211011173535-cb28da3451f1 h1:zH8ljVhhq7yC0MIeUL/IviMtY8hx2mK8cN9wEYb8ggw=
github.com/configcat/go-sdk/v7 v7.6.0 h1:CthQJ7DMz4bvUrpc8aek6VouJjisCvZCfuTG2gyNzL4=
github.com/configcat/go-sdk/v7 v7.6.0/go.mod h1:2245V6Igy1Xz6GXvcYuK5z996Ct0VyzyuI470XS6aTw=
github.com/containerd/aufs v1.0.0 h1:2oeJiwX5HstO7shSrPZjrohJZLzK36wvpdmzDRkL/LY=
github.com/containerd/btrfs v1.0.0 h1:osn1exbzdub9L5SouXO5swW4ea/xVdJZ3wokxN5GrnA=
github.com/containerd/cgroups v1.0.4 h1:jN/mbWBEaz+T1pi5OFtnkQ+8qnmEbAr1Oo1FRm5B0dA=
github.com/containerd/console v1.0.3 h1:lIr7SlA5PxZyMV30bDW0MGbiOPXwc63yRuCP0ARubLw=
github.com/containerd/containerd v1.6.21 h1:eSTAmnvDKRPWan+MpSSfNyrtleXd86ogK9X8fMWpe/Q=
github.com/containerd/containerd v1.6.21/go.mod h1:apei1/i5Ux2FzrK6+DM/suEsGuK/MeVOfy8tR2q7Wnw=
github.com/containerd/continuity v0.3.0 h1:nisirsYROK15TAMVukJOUyGJjz4BNQJBVsNvAXZJ/eg=
github.com/containerd/fifo v1.0.0 h1:6PirWBr9/L7GDamKr+XM0IeUFXu5mf3M/BPpH9gaLBU=
github.com/containerd/go-cni v1.1.6 h1:el5WPymG5nRRLQF1EfB97FWob4Tdc8INg8RZMaXWZlo=
github.com/containerd/go-runc v1.0.0 h1:oU+lLv1ULm5taqgV/CJivypVODI4SUz1znWjv3nNYS0=
github.com/containerd/imgcrypt v1.1.4 h1:iKTstFebwy3Ak5UF0RHSeuCTahC5OIrPJa6vjMAM81s=
github.com/containerd/nri v0.1.0 h1:6QioHRlThlKh2RkRTR4kIT3PKAcrLo3gIWnjkM4dQmQ=
github.com/containerd/ttrpc v1.1.1 h1:NoRHS/z8UiHhpY1w0xcOqoJDGf2DHyzXrF0H4l5AE8c=
github.com/containerd/typeurl v1.0.2 h1:Chlt8zIieDbzQFzXzAeBEF92KhExuE4p9p92/QmY7aY=
github.com/containerd/zfs v1.0.0 h1:cXLJbx+4Jj7rNsTiqVfm6i+RNLx6FFA2fMmDlEf+Wm8=
github.com/containernetworking/cni v1.1.1 h1:ky20T7c0MvKvbMOwS/FrlbNwjEoqJEUUYfsL4b0mc4k=
github.com/containernetworking/plugins v1.1.1 h1:+AGfFigZ5TiQH00vhR8qPeSatj53eNGz0C1d3wVYlHE=
github.com/containers/ocicrypt v1.1.3 h1:uMxn2wTb4nDR7GqG3rnZSfpJXqWURfzZ7nKydzIeKpA=
github.com/coreos/go-systemd/v22 v22.3.2 h1:D9/bQk5vlXQFZ6Kwuu6zaiXJ9oTPe68++AzAJc1DzSI=
github.com/cpuguy83/go-md2man/v2 v2.0.1 h1:r/myEWzV9lfsM1tFLgDyu0atFtJ1fXn261LKYj/3DxU=
github.com/cpuguy83/go-md2man/v2 v2.0.1/go.mod h1:tgQtvFlXSQOSOSIRvRPT7W67SCa46tRHOmNcaadrF8o=
github.com/creack/pty v1.1.9 h1:uDmaGzcdjhF4i/plgjmEsriH11Y0o7RKapEf/LDaM3w=
github.com/creack/pty v1.1.9/go.mod h1:oKZEueFk5CKHvIhNR5MUki03XCEU+Q6VDXinZuGJ33E=
github.com/davecgh/go-spew v1.1.0/go.mod h1:J7Y8YcW2NihsgmVo/mv3lAwl/skON4iLHjSsI+c5H38=
github.com/davecgh/go-spew v1.1.1 h1:vj9j/u1bqnvCEfJOwUhtlOARqs3+rkHYY13jYWTU97c=
github.com/davecgh/go-spew v1.1.1/go.mod h1:J7Y8YcW2NihsgmVo/mv3lAwl/skON4iLHjSsI+c5H38=
github.com/docker/distribution v2.7.1+incompatible h1:a5mlkVzth6W5A4fOsS3D2EO5BUmsJpcB+cRlLU7cSug=
github.com/docker/distribution v2.7.1+incompatible/go.mod h1:J2gT2udsDAN96Uj4KfcMRqY0/ypR+oyYUYmja8H+y+w=
github.com/docker/go-events v0.0.0-20190806004212-e31b211e4f1c h1:+pKlWGMw7gf6bQ+oDZB4KHQFypsfjYlq/C4rfL7D3g8=
github.com/docker/go-metrics v0.0.1 h1:AgB/0SvBxihN0X8OR4SjsblXkbMvalQ8cjmtKQ2rQV8=
github.com/docker/go-units v0.4.0 h1:3uh0PgVws3nIA0Q+MwDC8yjEPf9zjRfZZWXZYDct3Tw=
github.com/emicklei/go-restful v2.9.5+incompatible h1:spTtZBk5DYEvbxMVutUuTyh1Ao2r4iyvLdACqsl/Ljk=
github.com/emicklei/go-restful/v3 v3.7.3 h1:06a5brwUhivED9WAFB3Q1JZDhirpnHlCdEVhGz3PSfc=
github.com/envoyproxy/go-control-plane v0.9.0/go.mod h1:YTl/9mNaCwkRvm6d1a2C3ymFceY/DCBVvsKhRF0iEA4=
github.com/envoyproxy/go-control-plane v0.9.1-0.20191026205805-5f8ba28d4473/go.mod h1:YTl/9mNaCwkRvm6d1a2C3ymFceY/DCBVvsKhRF0iEA4=
github.com/envoyproxy/go-control-plane v0.9.4/go.mod h1:6rpuAdCZL397s3pYoYcLgu1mIlRU8Am5FuJP05cCM98=
github.com/envoyproxy/go-control-plane v0.10.2-0.20220325020618-49ff273808a1 h1:xvqufLtNVwAhN8NMyWklVgxnWohi+wtMGQMhtxexlm0=
github.com/envoyproxy/protoc-gen-validate v0.1.0 h1:EQciDnbrYxy13PgWoY8AqoxGiPrpgBZ1R8UNe3ddc+A=
github.com/envoyproxy/protoc-gen-validate v0.1.0/go.mod h1:iSmxcyjqTsJpI2R4NaDN7+kN2VEUnK/pcBlmesArF7c=
github.com/fasthttp/router v1.4.4 h1:Z025tHFTjDp6T6QMBjloyGL6KV5wtakW365K/7KiE1c=
github.com/frankban/quicktest v1.11.2/go.mod h1:K+q6oSqb0W0Ininfk863uOk1lMy69l/P6txr3mVT54s=
github.com/frankban/quicktest v1.11.3 h1:8sXhOn0uLys67V8EsXLc6eszDs8VXWxL3iRvebPhedY=
github.com/frankban/quicktest v1.11.3/go.mod h1:wRf/ReqHper53s+kmmSZizM8NamnL3IM0I9ntUbOk+k=
github.com/fsnotify/fsnotify v1.4.9 h1:hsms1Qyu0jgnwNXIxa+/V/PDsU6CfLf6CNO8H7IWoS4=
github.com/fsnotify/fsnotify v1.4.9/go.mod h1:znqG4EE+3YCdAaPaxE2ZRY/06pZUdp0tY4IgpuI1SZQ=
github.com/gin-contrib/sse v0.1.0 h1:Y/yl/+YNO8GZSjAhjMsSuLt29uWRFHdHYUb5lYOV9qE=
github.com/gin-gonic/gin v1.7.4 h1:QmUZXrvJ9qZ3GfWvQ+2wnW/1ePrTEJqPKMYEU3lD/DM=
github.com/go-chi/chi v4.1.2+incompatible h1:fGFk2Gmi/YKXk0OmGfBh0WgmN3XB8lVnEyNz34tQRec=
github.com/go-kit/kit v0.9.0 h1:wDJmvq38kDhkVxi50ni9ykkdUr1PKgqKOoi01fa0Mdk=
github.com/go-kit/kit v0.9.0/go.mod h1:xBxKIO96dXMWWy0MnWVtmwkA9/13aqxPnvrjFYMA2as=
github.com/go-kit/log v0.2.1 h1:MRVx0/zhvdseW+Gza6N9rVzU/IVzaeE1SFI4raAhmBU=
github.com/go-logfmt/logfmt v0.4.0/go.mod h1:3RMwSq7FuexP4Kalkev3ejPJsZTpXXBr9+V4qmtdjCk=
github.com/go-logfmt/logfmt v0.5.1 h1:otpy5pqBCBZ1ng9RQ0dPu4PN7ba75Y/aA+UpowDyNVA=
github.com/go-logr/logr v1.2.3 h1:2DntVwHkVopvECVRSlL5PSo9eG+cAkDCuckLubN+rq0=
github.com/go-logr/stdr v1.2.2 h1:hSWxHoqTgW2S2qGc0LTAI563KZ5YKYRhT3MFKZMbjag=
github.com/go-playground/locales v0.13.0 h1:HyWk6mgj5qFqCT5fjGBuRArbVDfE4hi8+e8ceBS/t7Q=
github.com/go-playground/universal-translator v0.17.0 h1:icxd5fm+REJzpZx7ZfpaD876Lmtgy7VtROAbHHXk8no=
github.com/go-playground/validator/v10 v10.4.1 h1:pH2c5ADXtd66mxoE0Zm9SUhxE20r7aM3F26W0hOn+GE=
github.com/go-stack/stack v1.8.0 h1:5SgMzNM5HxrEjV0ww2lTmX6E2Izsfxas4+YHWRs3Lsk=
github.com/go-stack/stack v1.8.0/go.mod h1:v0f6uXyyMGvRgIKkXu+yp6POWl0qKG85gN/melR3HDY=
github.com/go-test/deep v1.0.5 h1:AKODKU3pDH1RzZzm6YZu77YWtEAq6uh1rLIAQlay2qc=
github.com/go-test/deep v1.0.5/go.mod h1:QV8Hv/iy04NyLBxAdO9njL0iVPN1S4d/A3NVv1V36o8=
github.com/godbus/dbus/v5 v5.0.6 h1:mkgN1ofwASrYnJ5W6U/BxG15eXXXjirgZc7CLqkcaro=
github.com/gogo/googleapis v1.4.0 h1:zgVt4UpGxcqVOw97aRGxT4svlcmdK35fynLNctY32zI=
github.com/gogo/protobuf v1.3.2 h1:Ov1cvc58UF3b5XjBnZv7+opcTcQFZebYjWzi34vdm4Q=
github.com/gogo/protobuf v1.3.2/go.mod h1:P1XiOD3dCwIKUDQYPy72D8LYyHL2YPYrpS2s69NZV8Q=
github.com/golang/glog v0.0.0-20160126235308-23def4e6c14b h1:VKtxabqXZkF25pY9ekfRL6a582T4P37/31XEstQ5p58=
github.com/golang/glog v0.0.0-20160126235308-23def4e6c14b/go.mod h1:SBH7ygxi8pfUlaOkMMuAQtPIUF8ecWP5IEl/CR7VP2Q=
github.com/golang/groupcache v0.0.0-20210331224755-41bb18bfe9da h1:oI5xCqsCo564l8iNU+DwB5epxmsaqB+rhGL0m5jtYqE=
github.com/golang/mock v1.1.1/go.mod h1:oTYuIxOrZwtPieC+H1uAHpcLFnEyAGVDL/k47Jfbm0A=
github.com/golang/mock v1.6.0 h1:ErTB+efbowRARo13NNdxyJji2egdxLGQhRaY+DUumQc=
github.com/golang/mock v1.6.0/go.mod h1:p6yTPP+5HYm5mzsMV8JkE6ZKdX+/wYM6Hr+LicevLPs=
github.com/golang/protobuf v1.2.0/go.mod h1:6lQm79b+lXiMfvg/cZm0SGofjICqVBUtrP5yJMmIC1U=
github.com/golang/protobuf v1.3.2/go.mod h1:6lQm79b+lXiMfvg/cZm0SGofjICqVBUtrP5yJMmIC1U=
github.com/golang/protobuf v1.3.3/go.mod h1:vzj43D7+SQXF/4pzW/hwtAqwc6iTitCiVSaWz5lYuqw=
github.com/golang/protobuf v1.3.5/go.mod h1:6O5/vntMXwX2lRkT1hjjk0nAC1IDOTvTlVgjlRvqsdk=
github.com/golang/protobuf v1.5.0/go.mod h1:FsONVRAS9T7sI+LIUmWTfcYkHO4aIWwzhcaSAoJOfIk=
github.com/golang/protobuf v1.5.2 h1:ROPKBNFfQgOUMifHyP+KYbvpjbdoFNs+aK7DXlji0Tw=
github.com/golang/protobuf v1.5.2/go.mod h1:XVQd3VNwM+JqD3oG2Ue2ip4fOMUkwXdXDdiuN0vRsmY=
github.com/google/go-cmp v0.2.0/go.mod h1:oXzfMopK8JAjlY9xF4vHSVASa0yLyX7SntLO5aqRK0M=
github.com/google/go-cmp v0.5.2/go.mod h1:v8dTdLbMG2kIc/vJvl+f65V22dbkXbowE6jgT/gNBxE=
github.com/google/go-cmp v0.5.4/go.mod h1:v8dTdLbMG2kIc/vJvl+f65V22dbkXbowE6jgT/gNBxE=
github.com/google/go-cmp v0.5.5/go.mod h1:v8dTdLbMG2kIc/vJvl+f65V22dbkXbowE6jgT/gNBxE=
github.com/google/go-cmp v0.5.9 h1:O2Tfq5qg4qc4AmwVlvv0oLiVAGB7enBSJ2x2DqQFi38=
github.com/google/gofuzz v1.2.0 h1:xRy4A+RhZaiKjJ1bPfwQ8sedCA+YS2YcCHW6ec7JMi0=
github.com/google/uuid v1.3.0 h1:t6JiXgmwXMjEs8VusXIJk2BXHsn+wx8BZdTaoZ5fu7I=
github.com/gorilla/mux v1.8.0 h1:i40aqfkR1h2SlN9hojwV5ZA91wcXFOvkdNIeFDP5koI=
github.com/gorilla/websocket v1.4.1/go.mod h1:YR8l580nyteQvAITg2hZ9XVh4b55+EU/adAjf1fMHhE=
github.com/gorilla/websocket v1.5.0 h1:PPwGk2jz7EePpoHN/+ClbZu8SPxiqlu12wZP/3sWmnc=
github.com/gorilla/websocket v1.5.0/go.mod h1:YR8l580nyteQvAITg2hZ9XVh4b55+EU/adAjf1fMHhE=
github.com/grpc-ecosystem/go-grpc-middleware v1.3.0 h1:+9834+KizmvFV7pXQGSXQTsaWhq2GjuNUt0aUU0YBYw=
github.com/grpc-ecosystem/go-grpc-middleware v1.3.0/go.mod h1:z0ButlSOZa5vEBq9m2m2hlwIgKw+rp3sdCBRoJY+30Y=
github.com/grpc-ecosystem/go-grpc-prometheus v1.2.0 h1:Ovs26xHkKqVztRpIrF/92BcuyuQ/YW4NSIpoGtfXNho=
github.com/grpc-ecosystem/go-grpc-prometheus v1.2.0/go.mod h1:8NvIoxWQoOIhqOTXgfV/d3M/q6VIi02HzZEHgUlZvzk=
github.com/grpc-ecosystem/grpc-gateway v1.16.0 h1:gmcG1KaJ57LophUzW0Hy8NmPhnMZb4M0+kPpLofRdBo=
github.com/hashicorp/errwrap v1.1.0 h1:OxrOeh75EUXMY8TBjag2fzXGZ40LB6IKw45YeGUDY2I=
github.com/hashicorp/go-multierror v1.1.1 h1:H5DkEtf6CXdFp0N0Em5UCwQpXMWke8IA0+lD48awMYo=
github.com/hashicorp/golang-lru v0.5.1 h1:0hERBMJE1eitiLkihrMvRVBYAkpHzc/J3QdDN+dAcgU=
github.com/hashicorp/golang-lru v0.5.1/go.mod h1:/m3WP610KZHVQ1SGc6re/UDhFvYD7pJ4Ao+sR/qLZy8=
github.com/heptiolabs/healthcheck v0.0.0-20211123025425-613501dd5deb h1:tsEKRC3PU9rMw18w/uAptoijhgG4EvlA5kfJPtwrMDk=
github.com/heptiolabs/healthcheck v0.0.0-20211123025425-613501dd5deb/go.mod h1:NtmN9h8vrTveVQRLHcX2HQ5wIPBDCsZ351TGbZWgg38=
github.com/imdario/mergo v0.3.12 h1:b6R2BslTbIEToALKP7LxUvijTsNI9TAe80pLWN2g/HU=
github.com/inconshreveable/mousetrap v1.0.0 h1:Z8tu5sraLXCXIcARxBp/8cbvlwVa7Z1NHg9XEKhtSvM=
github.com/inconshreveable/mousetrap v1.0.0/go.mod h1:PxqpIevigyE2G7u3NXJIT2ANytuPF1OarO4DADm73n8=
github.com/intel/goresctrl v0.2.0 h1:JyZjdMQu9Kl/wLXe9xA6s1X+tF6BWsQPFGJMEeCfWzE=
github.com/jpillora/backoff v1.0.0 h1:uvFg412JmmHBHw7iwprIxkPMI+sGQ4kzOWsMeHnm2EA=
github.com/json-iterator/go v1.1.12 h1:PV8peI4a0ysnczrg+LtxykD8LfKY9ML6u2jnxaEnrnM=
github.com/julienschmidt/httprouter v1.3.0 h1:U0609e9tgbseu3rBINet9P48AI/D3oJs4dN7jwJOQ1U=
github.com/justinas/alice v1.2.0 h1:+MHSA/vccVCF4Uq37S42jwlkvI2Xzl7zTPCN5BnZNVo=
github.com/kisielk/errcheck v1.5.0 h1:e8esj/e4R+SAOwFwN+n3zr0nYeCyeweozKfO23MvHzY=
github.com/kisielk/errcheck v1.5.0/go.mod h1:pFxgyoBC7bSaBwPgfKdkLd5X25qrDl4LWUI2bnpBCr8=
github.com/kisielk/gotool v1.0.0 h1:AV2c/EiW3KqPNT9ZKl07ehoAGi4C5/01Cfbblndcapg=
github.com/kisielk/gotool v1.0.0/go.mod h1:XhKaO+MFFWcvkIS/tQcRk01m1F5IRFswLeQ+oQHNcck=
github.com/klauspost/compress v1.13.6 h1:P76CopJELS0TiO2mebmnzgWaajssP/EszplttgQxcgc=
github.com/klauspost/compress v1.13.6/go.mod h1:/3/Vjq9QcHkK5uEr5lBEmyoZ1iFhe47etQ6QUkpK6sk=
github.com/konsorten/go-windows-terminal-sequences v1.0.1 h1:mweAR1A6xJ3oS2pRaGiHgQ4OO8tzTaLawm8vnODuwDk=
github.com/konsorten/go-windows-terminal-sequences v1.0.1/go.mod h1:T0+1ngSBFLxvqU3pZ+m/2kptfBszLMUkC4ZK/EgS/cQ=
github.com/kr/logfmt v0.0.0-20140226030751-b84e30acd515 h1:T+h1c/A9Gawja4Y9mFVWj2vyii2bbUNDw3kt9VxK2EY=
github.com/kr/logfmt v0.0.0-20140226030751-b84e30acd515/go.mod h1:+0opPa2QZZtGFBFZlji/RkVcI2GknAs/DXo4wKdlNEc=
github.com/kr/pretty v0.2.1/go.mod h1:ipq/a2n7PKx3OHsz4KJII5eveXtPO4qwEXGdVfWzfnI=
github.com/kr/pretty v0.3.1 h1:flRD4NNwYAUpkphVc1HcthR4KEIFJ65n8Mw5qdRn3LE=
github.com/kr/pty v1.1.1 h1:VkoXIwSboBpnk99O/KFauAEILuNHv5DVFKZMBN/gUgw=
github.com/kr/pty v1.1.1/go.mod h1:pFQYn66WHrOpPYNljwOMqo10TkYh1fy3cYio2l3bCsQ=
github.com/kr/text v0.1.0/go.mod h1:4Jbv+DJW3UT/LiOwJeYQe1efqtUx/iVham/4vfdArNI=
github.com/kr/text v0.2.0 h1:5Nx0Ya0ZqY2ygV366QzturHI13Jq95ApcVaJBhpS+AY=
github.com/kr/text v0.2.0/go.mod h1:eLer722TekiGuMkidMxC/pM04lWEeraHUUmBw8l2grE=
github.com/labstack/echo/v4 v4.6.1 h1:OMVsrnNFzYlGSdaiYGHbgWQnr+JM7NG+B9suCPie14M=
github.com/labstack/gommon v0.3.0 h1:JEeO0bvc78PKdyHxloTKiF8BD5iGrH8T6MSeGvSgob0=
github.com/leodido/go-urn v1.2.0 h1:hpXL4XnriNwQ/ABnpepYM/1vCLWNDfUNts8dX3xTG6Y=
github.com/mattn/go-colorable v0.1.8 h1:c1ghPdyEDarC70ftn0y+A/Ee++9zz8ljHG1b13eJ0s8=
github.com/mattn/go-isatty v0.0.14 h1:yVuAays6BHfxijgZPzw+3Zlu5yQgKGP2/hcQbHb7S9Y=
github.com/matttproud/golang_protobuf_extensions v1.0.4 h1:mmDVorXM7PCGKw94cs5zkfA9PSy5pEvNWRP0ET0TIVo=
github.com/matttproud/golang_protobuf_extensions v1.0.4/go.mod h1:BSXmuO+STAnVfrANrmjBb36TMTDstsz7MSK+HVaYKv4=
github.com/miekg/pkcs11 v1.1.1 h1:Ugu9pdy6vAYku5DEpVWVFPYnzV+bxB+iRdbuFSu7TvU=
github.com/mistifyio/go-zfs v2.1.2-0.20190413222219-f784269be439+incompatible h1:aKW/4cBs+yK6gpqU3K/oIwk9Q/XICqd3zOX/UFuvqmk=
github.com/moby/locker v1.0.1 h1:fOXqR41zeveg4fFODix+1Ch4mj/gT0NE1XJbp/epuBg=
github.com/moby/locker v1.0.1/go.mod h1:S7SDdo5zpBK84bzzVlKr2V0hz+7x9hWbYC/kq7oQppc=
github.com/moby/spdystream v0.2.0 h1:cjW1zVyyoiM0T7b6UoySUFqzXMoqRckQtXwGPiBhOM8=
github.com/moby/sys/mountinfo v0.5.0 h1:2Ks8/r6lopsxWi9m58nlwjaeSzUX9iiL1vj5qB/9ObI=
github.com/moby/sys/signal v0.6.0 h1:aDpY94H8VlhTGa9sNYUFCFsMZIUh5wm0B6XkIoJj/iY=
github.com/moby/sys/symlink v0.2.0 h1:tk1rOM+Ljp0nFmfOIBtlV3rTDlWOwFRhjEeAhZB0nZc=
github.com/modern-go/concurrent v0.0.0-20180306012644-bacd9c7ef1dd h1:TRLaZ9cD/w8PVh93nsPXa1VrQ6jlwL5oN8l14QlcNfg=
github.com/modern-go/reflect2 v1.0.2 h1:xBagoLtFs94CBntxluKeaWgTMpvLxC4ur3nMaC9Gz0M=
github.com/mwitkow/go-conntrack v0.0.0-20190716064945-2f068394615f h1:KUppIJq7/+SVif2QVs3tOP0zanoHgBEVAwHxUSIzRqU=
github.com/opencontainers/go-digest v1.0.0 h1:apOUWs51W5PlhuyGyz9FCeeBIOUDA/6nW8Oi/yOhh5U=
github.com/opencontainers/go-digest v1.0.0/go.mod h1:0JzlMkj0TRzQZfJkVvzbP0HBR3IKzErnv2BNG4W4MAM=
github.com/opencontainers/image-spec v1.1.0-rc2.0.20221005185240-3a7f492d3f1b h1:YWuSjZCQAPM8UUBLkYUk1e+rZcvWHJmFb6i6rM44Xs8=
github.com/opencontainers/image-spec v1.1.0-rc2.0.20221005185240-3a7f492d3f1b/go.mod h1:3OVijpioIKYWTqjiG0zfF6wvoJ4fAXGbjdZuI2NgsRQ=
github.com/opencontainers/runc v1.1.5 h1:L44KXEpKmfWDcS02aeGm8QNTFXTo2D+8MYGDIJ/GDEs=
github.com/opencontainers/runtime-spec v1.0.3-0.20210326190908-1c3f411f0417 h1:3snG66yBm59tKhhSPQrQ/0bCrv1LQbKt40LnUPiUxdc=
github.com/opencontainers/selinux v1.10.1 h1:09LIPVRP3uuZGQvgR+SgMSNBd1Eb3vlRbGqQpoHsF8w=
github.com/opentracing/opentracing-go v1.1.0/go.mod h1:UkNAQd3GIcIGf0SeVgPpRdFStlNbqXla1AfSYxPUl2o=
github.com/opentracing/opentracing-go v1.2.0 h1:uEJPy/1a5RIPAJ0Ov+OIO8OxWu77jEv+1B0VhjKrZUs=
github.com/opentracing/opentracing-go v1.2.0/go.mod h1:GxEUsuufX4nBwe+T+Wl9TAgYrxe9dPLANfrWvHYVTgc=
github.com/pelletier/go-toml v1.9.5 h1:4yBQzkHv+7BHq2PQUZF3Mx0IYxG7LsP222s7Agd3ve8=
github.com/pkg/errors v0.8.1/go.mod h1:bwawxfHBFNV+L2hUp1rHADufV3IMtnDRdf1r5NINEl0=
github.com/pkg/errors v0.9.1 h1:FEBLx1zS214owpjy7qsBeixbURkuhQAwrK5UwLGTwt4=
github.com/pkg/errors v0.9.1/go.mod h1:bwawxfHBFNV+L2hUp1rHADufV3IMtnDRdf1r5NINEl0=
github.com/pmezard/go-difflib v1.0.0 h1:4DBwDE0NGyQoBHbLQYPwSUPoCMWR5BEzIk/f1lZbAQM=
github.com/pmezard/go-difflib v1.0.0/go.mod h1:iKH77koFhYxTK1pcRnkKkqfTogsbg7gZNVY4sRDYZ/4=
github.com/prometheus/client_golang v1.14.0 h1:nJdhIvne2eSX/XRAFV9PcvFFRbrjbcTUj0VP62TMhnw=
github.com/prometheus/client_golang v1.14.0/go.mod h1:8vpkKitgIVNcqrRBWh1C4TIUQgYNtG/XQE4E/Zae36Y=
github.com/prometheus/client_model v0.0.0-20190812154241-14fe0d1b01d4/go.mod h1:xMI15A0UPsDsEKsMN9yxemIoYk6Tm2C1GtYGdfGttqA=
github.com/prometheus/client_model v0.3.0 h1:UBgGFHqYdG/TPFD1B1ogZywDqEkwp3fBMvqdiQ7Xew4=
github.com/prometheus/client_model v0.3.0/go.mod h1:LDGWKZIo7rky3hgvBe+caln+Dr3dPggB5dvjtD7w9+w=
github.com/prometheus/common v0.42.0 h1:EKsfXEYo4JpWMHH5cg+KOUWeuJSov1Id8zGR8eeI1YM=
github.com/prometheus/common v0.42.0/go.mod h1:xBwqVerjNdUDjgODMpudtOMwlOwf2SaTr1yjz4b7Zbc=
github.com/prometheus/procfs v0.8.0 h1:ODq8ZFEaYeCaZOJlZZdJA2AbQR98dSHSM1KW/You5mo=
github.com/prometheus/procfs v0.8.0/go.mod h1:z7EfXMXOkbkqb9IINtpCn86r/to3BnA0uaxHdg830/4=
github.com/prometheus/statsd_exporter v0.21.0 h1:hA05Q5RFeIjgwKIYEdFd59xu5Wwaznf33yKI+pyX6T8=
github.com/rogpeppe/go-internal v1.10.0 h1:TMyTOH3F/DB16zRVcYyreMH6GnZZrwQVAoYjRBZyWFQ=
github.com/rogpeppe/go-internal v1.10.0/go.mod h1:UQnix2H7Ngw/k4C5ijL5+65zddjncjaFoBhdsK/akog=
github.com/russross/blackfriday v1.6.0 h1:KqfZb0pUVN2lYqZUYRddxF4OR8ZMURnJIG5Y3VRLtww=
github.com/russross/blackfriday/v2 v2.1.0 h1:JIOH55/0cWyOuilr9/qlrm0BSXldqnqwMsf35Ld67mk=
github.com/russross/blackfriday/v2 v2.1.0/go.mod h1:+Rmxgy9KzJVeS9/2gXHxylqXiyQDYRxCVz55jmeOWTM=
github.com/savsgio/gotils v0.0.0-20210921075833-21a6215cb0e4 h1:ocK/D6lCgLji37Z2so4xhMl46se1ntReQQCUIU4BWI8=
github.com/segmentio/backo-go v0.0.0-20200129164019-23eae7c10bd3 h1:ZuhckGJ10ulaKkdvJtiAqsLTiPrLaXSdnVgXJKJkTxE=
github.com/shurcooL/sanitized_anchor_name v1.0.0 h1:PdmoCO6wvbs+7yrJyMORt4/BmY5IYyJwS/kOiWx8mHo=
github.com/sirupsen/logrus v1.4.2/go.mod h1:tLMulIdttU9McNUspp0xgXVQah82FyeX6MwdIuYE2rE=
github.com/sirupsen/logrus v1.9.0 h1:trlNQbNUG3OdDrDil03MCb1H2o9nJ1x4/5LYw7byDE0=
github.com/sirupsen/logrus v1.9.0/go.mod h1:naHLuLoDiP4jHNo9R0sCBMtWGeIprob74mVsIT4qYEQ=
github.com/slok/go-http-metrics v0.10.0 h1:rh0LaYEKza5eaYRGDXujKrOln57nHBi4TtVhmNEpbgM=
github.com/slok/go-http-metrics v0.10.0/go.mod h1:lFqdaS4kWMfUKCSukjC47PdCeTk+hXDUVm8kLHRqJ38=
github.com/sourcegraph/jsonrpc2 v0.0.0-20200429184054-15c2290dcb37 h1:marA1XQDC7N870zmSFIoHZpIUduK80USeY0Rkuflgp4=
github.com/sourcegraph/jsonrpc2 v0.0.0-20200429184054-15c2290dcb37/go.mod h1:ZafdZgk/axhT1cvZAPOhw+95nz2I/Ra5qMlU4gTRwIo=
github.com/spf13/cobra v1.4.0 h1:y+wJpx64xcgO1V+RcnwW0LEHxTKRi2ZDPSBjWnrg88Q=
github.com/spf13/cobra v1.4.0/go.mod h1:Wo4iy3BUC+X2Fybo0PDqwJIv3dNRiZLHQymsfxlB84g=
github.com/spf13/pflag v1.0.5 h1:iy+VFUOCP1a+8yFto/drg2CJ5u0yRoB7fZw3DKv/JXA=
github.com/spf13/pflag v1.0.5/go.mod h1:McXfInJRrz4CZXVZOBLb0bTZqETkiAhM9Iw0y3An2Bg=
github.com/stefanberger/go-pkcs11uri v0.0.0-20201008174630-78d3cae3a980 h1:lIOOHPEbXzO3vnmx2gok1Tfs31Q8GQqKLc8vVqyQq/I=
github.com/stretchr/objx v0.1.0/go.mod h1:HFkY916IF+rwdDfMAkV7OtwuqBVzrE8GR6GFx+wExME=
github.com/stretchr/objx v0.1.1/go.mod h1:HFkY916IF+rwdDfMAkV7OtwuqBVzrE8GR6GFx+wExME=
github.com/stretchr/objx v0.4.0/go.mod h1:YvHI0jy2hoMjB+UWwv71VJQ9isScKT/TqJzVSSt89Yw=
github.com/stretchr/objx v0.5.0 h1:1zr/of2m5FGMsad5YfcqgdqdWrIhu+EBEJRhR1U7z/c=
github.com/stretchr/objx v0.5.0/go.mod h1:Yh+to48EsGEfYuaHDzXPcE3xhTkx73EhmCGUpEOglKo=
github.com/stretchr/testify v1.2.2/go.mod h1:a8OnRcib4nhh0OaRAV+Yts87kKdq0PP7pXfy6kDkUVs=
github.com/stretchr/testify v1.3.0/go.mod h1:M5WIy9Dh21IEIfnGCwXGc5bZfKNJtfHm1UVUgZn+9EI=
github.com/stretchr/testify v1.4.0/go.mod h1:j7eGeouHqKxXV5pUuKE4zz7dFj8WfuZ+81PSLYec5m4=
github.com/stretchr/testify v1.7.0/go.mod h1:6Fq8oRcR53rry900zMqJjRRixrwX3KX962/h/Wwjteg=
github.com/stretchr/testify v1.7.1/go.mod h1:6Fq8oRcR53rry900zMqJjRRixrwX3KX962/h/Wwjteg=
github.com/stretchr/testify v1.8.0/go.mod h1:yNjHg4UonilssWZ8iaSj1OCr/vHnekPRkoO+kdMU+MU=
github.com/stretchr/testify v1.8.1 h1:w7B6lhMri9wdJUVmEZPGGhZzrYTPvgJArz7wNPgYKsk=
github.com/stretchr/testify v1.8.1/go.mod h1:w2LPCIKwWwSfY2zedu0+kehJoqGctiVI29o6fzry7u4=
github.com/tchap/go-patricia v2.2.6+incompatible h1:JvoDL7JSoIP2HDE8AbDH3zC8QBPxmzYe32HHy5yQ+Ck=
github.com/uber/jaeger-client-go v2.29.1+incompatible h1:R9ec3zO3sGpzs0abd43Y+fBZRJ9uiH6lXyR/+u6brW4=
github.com/uber/jaeger-client-go v2.29.1+incompatible/go.mod h1:WVhlPFC8FDjOFMMWRy2pZqQJSXxYSwNYOkTr/Z6d3Kk=
github.com/uber/jaeger-lib v2.4.1+incompatible h1:td4jdvLcExb4cBISKIpHuGoVXh+dVKhn2Um6rjCsSsg=
github.com/uber/jaeger-lib v2.4.1+incompatible/go.mod h1:ComeNDZlWwrWnDv8aPp0Ba6+uUTzImX/AauajbLI56U=
github.com/ugorji/go/codec v1.1.7 h1:2SvQaVZ1ouYrrKKwoSk2pzd4A9evlKJb9oTL+OaLUSs=
github.com/urfave/cli v1.22.2 h1:gsqYFH8bb9ekPA12kRo0hfjngWQjkJPlN9R0N78BoUo=
github.com/urfave/negroni v1.0.0 h1:kIimOitoypq34K7TG7DUaJ9kq/N4Ofuwi1sjz0KipXc=
github.com/valyala/bytebufferpool v1.0.0 h1:GqA5TC/0021Y/b9FG4Oi9Mr3q7XYx6KllzawFIhcdPw=
github.com/valyala/fasthttp v1.31.0 h1:lrauRLII19afgCs2fnWRJ4M5IkV0lo2FqA61uGkNBfE=
github.com/valyala/fasttemplate v1.2.1 h1:TVEnxayobAdVkhQfrfes2IzOB6o+z4roRkPF52WA1u4=
github.com/vishvananda/netlink v1.1.1-0.20210330154013-f5de75959ad5 h1:+UB2BJA852UkGH42H+Oee69djmxS3ANzl2b/JtT1YiA=
github.com/vishvananda/netns v0.0.0-20210104183010-2eb08e3e575f h1:p4VB7kIXpOQvVn1ZaTIVp+3vuYAXFe3OJEvjbUYJLaA=
github.com/xeipuuv/gojsonpointer v0.0.0-20180127040702-4e3ac2762d5f h1:J9EGpcZtP0E/raorCMxlFGSTBrsSlaDGf3jU/qvAE2c=
github.com/xeipuuv/gojsonpointer v0.0.0-20180127040702-4e3ac2762d5f/go.mod h1:N2zxlSyiKSe5eX1tZViRH5QA0qijqEDrYZiPEAiq3wU=
github.com/xeipuuv/gojsonreference v0.0.0-20180127040603-bd5ef7bd5415 h1:EzJWgHovont7NscjpAxXsDA8S8BMYve8Y5+7cuRE7R0=
github.com/xeipuuv/gojsonreference v0.0.0-20180127040603-bd5ef7bd5415/go.mod h1:GwrjFmJcFw6At/Gs6z4yjiIwzuJ1/+UwLxMQDVQXShQ=
github.com/xeipuuv/gojsonschema v1.2.0 h1:LhYJRs+L4fBtjZUfuSZIKGeVu0QRy8e5Xi7D17UxZ74=
github.com/xeipuuv/gojsonschema v1.2.0/go.mod h1:anYRn/JVcOK2ZgGU+IjEV4nwlhoK5sQluxsYJ78Id3Y=
github.com/xhit/go-str2duration v1.2.0 h1:BcV5u025cITWxEQKGWr1URRzrcXtu7uk8+luz3Yuhwc=
github.com/xtgo/uuid v0.0.0-20140804021211-a0b114877d4c h1:3lbZUMbMiGUW/LMkfsEABsc5zNT9+b1CvsJx47JzJ8g=
github.com/yuin/goldmark v1.1.27/go.mod h1:3hX8gzYuyVAZsxl0MRgGTJEmQBFcNTphYh9decYSb74=
github.com/yuin/goldmark v1.2.1/go.mod h1:3hX8gzYuyVAZsxl0MRgGTJEmQBFcNTphYh9decYSb74=
github.com/yuin/goldmark v1.3.5 h1:dPmz1Snjq0kmkz159iL7S6WzdahUTHnHB5M56WFVifs=
github.com/yuin/goldmark v1.3.5/go.mod h1:mwnBkeHKe2W/ZEtQ+71ViKU8L12m81fl3OWwC1Zlc8k=
go.etcd.io/bbolt v1.3.6 h1:/ecaJf0sk1l4l6V4awd65v2C3ILy7MSj+s/x1ADCIMU=
go.mozilla.org/pkcs7 v0.0.0-20200128120323-432b2356ecb1 h1:A/5uWzF44DlIgdm/PQFwfMkW0JX+cIcQi/SwLAmZP5M=
go.opencensus.io v0.23.0 h1:gqCw0LfLxScz8irSi8exQc7fyQ0fKQU/qnC/X8+V/1M=
go.opentelemetry.io/contrib/instrumentation/google.golang.org/grpc/otelgrpc v0.28.0 h1:Ky1MObd188aGbgb5OgNnwGuEEwI9MVIcc7rBW6zk5Ak=
go.opentelemetry.io/otel v1.3.0 h1:APxLf0eiBwLl+SOXiJJCVYzA1OOJNyAoV8C5RNRyy7Y=
go.opentelemetry.io/otel/exporters/otlp/internal/retry v1.3.0 h1:R/OBkMoGgfy2fLhs2QhkCI1w4HLEQX92GCcJB6SSdNk=
go.opentelemetry.io/otel/exporters/otlp/otlptrace v1.3.0 h1:giGm8w67Ja7amYNfYMdme7xSp2pIxThWopw8+QP51Yk=
go.opentelemetry.io/otel/exporters/otlp/otlptrace/otlptracegrpc v1.3.0 h1:VQbUHoJqytHHSJ1OZodPH9tvZZSVzUHjPHpkO85sT6k=
go.opentelemetry.io/otel/exporters/otlp/otlptrace/otlptracehttp v1.3.0 h1:Ydage/P0fRrSPpZeCVxzjqGcI6iVmG2xb43+IR8cjqM=
go.opentelemetry.io/otel/sdk v1.3.0 h1:3278edCoH89MEJ0Ky8WQXVmDQv3FX4ZJ3Pp+9fJreAI=
go.opentelemetry.io/otel/trace v1.3.0 h1:doy8Hzb1RJ+I3yFhtDmwNc7tIyw1tNMOIsyPzp1NOGY=
go.opentelemetry.io/proto/otlp v0.11.0 h1:cLDgIBTf4lLOlztkhzAEdQsJ4Lj+i5Wc9k6Nn0K1VyU=
go.uber.org/atomic v1.4.0 h1:cxzIVoETapQEqDhQu3QfnvXAV4AlzcvUCxkVUFw3+EU=
go.uber.org/atomic v1.4.0/go.mod h1:gD2HeocX3+yG+ygLZcrzQJaqmWj9AIm7n08wl/qW/PE=
go.uber.org/multierr v1.1.0 h1:HoEmRHQPVSqub6w2z2d2EOVs2fjyFRGyofhKuyDq0QI=
go.uber.org/multierr v1.1.0/go.mod h1:wR5kodmAFQ0UK8QlbwjlSNy0Z68gJhDJUG5sjR94q/0=
go.uber.org/zap v1.10.0 h1:ORx85nbTijNz8ljznvCMR1ZBIPKFn3jQrag10X2AsuM=
go.uber.org/zap v1.10.0/go.mod h1:vwi/ZaCAaUcBkycHslxD9B2zi4UTXhF60s6SWpuDF0Q=
goji.io v2.0.2+incompatible h1:uIssv/elbKRLznFUy3Xj4+2Mz/qKhek/9aZQDUMae7c=
golang.org/x/crypto v0.0.0-20190308221718-c2843e01d9a2/go.mod h1:djNgcEr1/C05ACkg1iLfiJU5Ep61QUkGW8qpdssI0+w=
golang.org/x/crypto v0.0.0-20191011191535-87dc89f01550/go.mod h1:yigFU9vqHzYiE8UmvKecakEJjdnWj3jj499lnFckfCI=
golang.org/x/crypto v0.0.0-20200622213623-75b288015ac9/go.mod h1:LzIPMQfyMNhhGPhUkYOs5KpL4U8rLKemX1yGLhDgUto=
golang.org/x/crypto v0.0.0-20220315160706-3147a52a75dd h1:XcWmESyNjXJMLahc3mqVQJcgSTDxFxhETVlfk9uGc38=
golang.org/x/exp v0.0.0-20190121172915-509febef88a4 h1:c2HOrn5iMezYjSlGPncknSEr/8x5LELb/ilJbXi9DEA=
golang.org/x/exp v0.0.0-20190121172915-509febef88a4/go.mod h1:CJ0aWSM057203Lf6IL+f9T1iT9GByDxfZKAQTCR3kQA=
golang.org/x/lint v0.0.0-20181026193005-c67002cb31c3/go.mod h1:UVdnD1Gm6xHRNCYTkRU2/jEulfH38KcIWyp/GAMgvoE=
golang.org/x/lint v0.0.0-20190227174305-5b3e6a55c961/go.mod h1:wehouNa3lNwaWXcvxsM5YxQ5yQlVC4a0KAMCusXpPoU=
golang.org/x/lint v0.0.0-20190313153728-d0100b6bd8b3 h1:XQyxROzUlZH+WIQwySDgnISgOivlhjIEwaQaJEJrrN0=
golang.org/x/lint v0.0.0-20190313153728-d0100b6bd8b3/go.mod h1:6SW0HCj/g11FgYtHlgUYUwCkIfeOF89ocIRzGO/8vkc=
golang.org/x/mod v0.2.0/go.mod h1:s0Qsj1ACt9ePp/hMypM3fl4fZqREWJwdYDEqhRiZZUA=
golang.org/x/mod v0.3.0/go.mod h1:s0Qsj1ACt9ePp/hMypM3fl4fZqREWJwdYDEqhRiZZUA=
golang.org/x/mod v0.4.2/go.mod h1:s0Qsj1ACt9ePp/hMypM3fl4fZqREWJwdYDEqhRiZZUA=
golang.org/x/mod v0.6.0-dev.0.20220419223038-86c51ed26bb4 h1:6zppjxzCulZykYSLyVDYbneBfbaBIQPYMevg0bEwv2s=
golang.org/x/net v0.0.0-20180724234803-3673e40ba225/go.mod h1:mL1N/T3taQHkDXs73rZJwtUhF3w3ftmwwsq0BUmARs4=
golang.org/x/net v0.0.0-20180826012351-8a410e7b638d/go.mod h1:mL1N/T3taQHkDXs73rZJwtUhF3w3ftmwwsq0BUmARs4=
golang.org/x/net v0.0.0-20190213061140-3a22650c66bd/go.mod h1:mL1N/T3taQHkDXs73rZJwtUhF3w3ftmwwsq0BUmARs4=
golang.org/x/net v0.0.0-20190311183353-d8887717615a/go.mod h1:t9HGtf8HONx5eT2rtn7q6eTqICYqUVnKs3thJo3Qplg=
golang.org/x/net v0.0.0-20190404232315-eb5bcb51f2a3/go.mod h1:t9HGtf8HONx5eT2rtn7q6eTqICYqUVnKs3thJo3Qplg=
golang.org/x/net v0.0.0-20190620200207-3b0461eec859/go.mod h1:z5CRVTTTmAJ677TzLLGU+0bjPO0LkuOLi4/5GtJWs/s=
golang.org/x/net v0.0.0-20200226121028-0de0cce0169b/go.mod h1:z5CRVTTTmAJ677TzLLGU+0bjPO0LkuOLi4/5GtJWs/s=
golang.org/x/net v0.0.0-20201021035429-f5854403a974/go.mod h1:sp8m0HH+o8qH0wwXwYZr8TS3Oi6o0r6Gce1SSxlDquU=
golang.org/x/net v0.0.0-20210405180319-a5a99cb37ef4/go.mod h1:p54w0d4576C0XHj96bSt6lcn1PtDYWL6XObtHCRCNQM=
golang.org/x/net v0.7.0 h1:rJrUqqhjsgNp7KqAIc25s9pZnjU7TUcSY7HcVZjdn1g=
golang.org/x/net v0.7.0/go.mod h1:2Tu9+aMcznHK/AK1HMvgo6xiTLG5rD5rZLDS+rp2Bjs=
golang.org/x/oauth2 v0.0.0-20180821212333-d2e6202438be/go.mod h1:N/0e6XlmueqKjAGxoOufVs8QHGRruUQn6yWY3a++T0U=
golang.org/x/oauth2 v0.5.0 h1:HuArIo48skDwlrvM3sEdHXElYslAMsf3KwRkkW4MC4s=
golang.org/x/sync v0.0.0-20180314180146-1d60e4601c6f/go.mod h1:RxMgew5VJxzue5/jJTE5uejpjVlOe/izrB70Jof72aM=
golang.org/x/sync v0.0.0-20181108010431-42b317875d0f/go.mod h1:RxMgew5VJxzue5/jJTE5uejpjVlOe/izrB70Jof72aM=
golang.org/x/sync v0.0.0-20181221193216-37e7f081c4d4/go.mod h1:RxMgew5VJxzue5/jJTE5uejpjVlOe/izrB70Jof72aM=
golang.org/x/sync v0.0.0-20190423024810-112230192c58/go.mod h1:RxMgew5VJxzue5/jJTE5uejpjVlOe/izrB70Jof72aM=
golang.org/x/sync v0.0.0-20190911185100-cd5d95a43a6e/go.mod h1:RxMgew5VJxzue5/jJTE5uejpjVlOe/izrB70Jof72aM=
golang.org/x/sync v0.0.0-20201020160332-67f06af15bc9/go.mod h1:RxMgew5VJxzue5/jJTE5uejpjVlOe/izrB70Jof72aM=
golang.org/x/sync v0.0.0-20210220032951-036812b2e83c/go.mod h1:RxMgew5VJxzue5/jJTE5uejpjVlOe/izrB70Jof72aM=
golang.org/x/sync v0.0.0-20220601150217-0de741cfad7f h1:Ax0t5p6N38Ga0dThY21weqDEyz2oklo4IvDkpigvkD8=
golang.org/x/sync v0.0.0-20220601150217-0de741cfad7f/go.mod h1:RxMgew5VJxzue5/jJTE5uejpjVlOe/izrB70Jof72aM=
golang.org/x/sys v0.0.0-20180830151530-49385e6e1522/go.mod h1:STP8DvDyc/dI5b8T5hshtkjS+E42TnysNCUPdjciGhY=
golang.org/x/sys v0.0.0-20190215142949-d0b11bdaac8a/go.mod h1:STP8DvDyc/dI5b8T5hshtkjS+E42TnysNCUPdjciGhY=
golang.org/x/sys v0.0.0-20190412213103-97732733099d/go.mod h1:h1NjWce9XRLGQEsW7wpKNCjG9DtNlClVuFLEZdDNbEs=
golang.org/x/sys v0.0.0-20190422165155-953cdadca894/go.mod h1:h1NjWce9XRLGQEsW7wpKNCjG9DtNlClVuFLEZdDNbEs=
golang.org/x/sys v0.0.0-20191005200804-aed5e4c7ecf9/go.mod h1:h1NjWce9XRLGQEsW7wpKNCjG9DtNlClVuFLEZdDNbEs=
golang.org/x/sys v0.0.0-20200930185726-fdedc70b468f/go.mod h1:h1NjWce9XRLGQEsW7wpKNCjG9DtNlClVuFLEZdDNbEs=
golang.org/x/sys v0.0.0-20201119102817-f84b799fce68/go.mod h1:h1NjWce9XRLGQEsW7wpKNCjG9DtNlClVuFLEZdDNbEs=
golang.org/x/sys v0.0.0-20210330210617-4fbd30eecc44/go.mod h1:h1NjWce9XRLGQEsW7wpKNCjG9DtNlClVuFLEZdDNbEs=
golang.org/x/sys v0.0.0-20210510120138-977fb7262007/go.mod h1:oPkhp1MJrh7nUepCBck5+mAzfO9JrbApNNgaTdGDITg=
golang.org/x/sys v0.0.0-20220715151400-c0bba94af5f8/go.mod h1:oPkhp1MJrh7nUepCBck5+mAzfO9JrbApNNgaTdGDITg=
golang.org/x/sys v0.5.0 h1:MUK/U/4lj1t1oPg0HfuXDN/Z1wv31ZJ/YcPiGccS4DU=
golang.org/x/sys v0.5.0/go.mod h1:oPkhp1MJrh7nUepCBck5+mAzfO9JrbApNNgaTdGDITg=
golang.org/x/term v0.0.0-20201126162022-7de9c90e9dd1/go.mod h1:bj7SfCRtBDWHUb9snDiAeCFNEtKQo2Wmx5Cou7ajbmo=
golang.org/x/term v0.5.0 h1:n2a8QNdAb0sZNpU9R1ALUXBbY+w51fCQDN+7EdxNBsY=
golang.org/x/text v0.3.0/go.mod h1:NqM8EUOU14njkJ3fqMW+pc6Ldnwhi/IjpwHt7yyuwOQ=
golang.org/x/text v0.3.3/go.mod h1:5Zoc/QRtKVWzQhOtBMvqHzDpF6irO9z98xDceosuGiQ=
golang.org/x/text v0.7.0 h1:4BRB4x83lYWy72KwLD/qYDuTu7q9PjSagHvijDw7cLo=
golang.org/x/text v0.7.0/go.mod h1:mrYo+phRRbMaCq/xk9113O4dZlRixOauAjOtrjsXDZ8=
golang.org/x/time v0.0.0-20220922220347-f3bd1da661af h1:Yx9k8YCG3dvF87UAn2tu2HQLf2dt/eR1bXxpLMWeH+Y=
golang.org/x/time v0.0.0-20220922220347-f3bd1da661af/go.mod h1:tRJNPiyCQ0inRvYxbN9jk5I+vvW/OXSQhTDSoE431IQ=
golang.org/x/tools v0.0.0-20180917221912-90fa682c2a6e/go.mod h1:n7NCudcB/nEzxVGmLbDWY5pfWTLqBcC2KZ6jyYvM4mQ=
golang.org/x/tools v0.0.0-20190114222345-bf090417da8b/go.mod h1:n7NCudcB/nEzxVGmLbDWY5pfWTLqBcC2KZ6jyYvM4mQ=
golang.org/x/tools v0.0.0-20190226205152-f727befe758c/go.mod h1:9Yl7xja0Znq3iFh3HoIrodX9oNMXvdceNzlUR8zjMvY=
golang.org/x/tools v0.0.0-20190311212946-11955173bddd/go.mod h1:LCzVGOaR6xXOjkQ3onu1FJEFr0SW1gC7cKk1uF8kGRs=
golang.org/x/tools v0.0.0-20190524140312-2c0ae7006135/go.mod h1:RgjU9mgBXZiqYHBnxXauZ1Gv1EHHAz9KjViQ78xBX0Q=
golang.org/x/tools v0.0.0-20191119224855-298f0cb1881e/go.mod h1:b+2E5dAYhXwXZwtnZ6UAqBI28+e2cm9otk0dWdXHAEo=
golang.org/x/tools v0.0.0-20200619180055-7c47624df98f/go.mod h1:EkVYQZoAsY45+roYkvgYkIh4xh/qjgUK9TdY2XT94GE=
golang.org/x/tools v0.0.0-20210106214847-113979e3529a/go.mod h1:emZCQorbCU4vsT4fOWvOPXz4eW1wZW4PmDk9uLelYpA=
golang.org/x/tools v0.1.1/go.mod h1:o0xws9oXOQQZyjljx8fwUC0k7L1pTE6eaCbjGeHmOkk=
golang.org/x/tools v0.1.12 h1:VveCTK38A2rkS8ZqFY25HIDFscX5X9OoEhJd3quQmXU=
golang.org/x/xerrors v0.0.0-20190717185122-a985d3407aa7/go.mod h1:I/5z698sn9Ka8TeJc9MKroUUfqBBauWjQqLJ2OPfmY0=
golang.org/x/xerrors v0.0.0-20191011141410-1b5146add898/go.mod h1:I/5z698sn9Ka8TeJc9MKroUUfqBBauWjQqLJ2OPfmY0=
golang.org/x/xerrors v0.0.0-20191204190536-9bdfabe68543/go.mod h1:I/5z698sn9Ka8TeJc9MKroUUfqBBauWjQqLJ2OPfmY0=
golang.org/x/xerrors v0.0.0-20200804184101-5ec99f83aff1/go.mod h1:I/5z698sn9Ka8TeJc9MKroUUfqBBauWjQqLJ2OPfmY0=
golang.org/x/xerrors v0.0.0-20220609144429-65e65417b02f h1:uF6paiQQebLeSXkrTqHqz0MXhXXS1KgF41eUdBNvxK0=
golang.org/x/xerrors v0.0.0-20220609144429-65e65417b02f/go.mod h1:K8+ghG5WaK9qNqU5K3HdILfMLy1f3aNYFI/wnl100a8=
google.golang.org/appengine v1.1.0/go.mod h1:EbEs0AVv82hx2wNQdGPgUI5lhzA/G0D9YwlJXL52JkM=
google.golang.org/appengine v1.4.0/go.mod h1:xpcJRLb0r/rnEns0DIKYYv+WjYCduHsrkT7/EB5XEv4=
google.golang.org/appengine v1.6.7 h1:FZR1q0exgwxzPzp/aF+VccGrSfxfPpkBqjIIEq3ru6c=
google.golang.org/genproto v0.0.0-20180817151627-c66870c02cf8/go.mod h1:JiN7NxoALGmiZfu7CAH4rXhgtRTLTxftemlI0sWmxmc=
google.golang.org/genproto v0.0.0-20190819201941-24fa4b261c55/go.mod h1:DMBHOl98Agz4BDEuKkezgsaosCRResVns1a3J2ZsMNc=
google.golang.org/genproto v0.0.0-20200423170343-7949de9c1215/go.mod h1:55QSHmfGQM9UVYDPBsyGGes0y52j32PQ3BqQfXhyH3c=
google.golang.org/genproto v0.0.0-20221118155620-16455021b5e6 h1:a2S6M0+660BgMNl++4JPlcAO/CjkqYItDEZwkoDQK7c=
google.golang.org/genproto v0.0.0-20221118155620-16455021b5e6/go.mod h1:rZS5c/ZVYMaOGBfO68GWtjOw/eLaZM1X6iVtgjZ+EWg=
google.golang.org/grpc v1.19.0/go.mod h1:mqu4LbDTu4XGKhr4mRzUsmM4RtVoemTSY81AxZiDr8c=
google.golang.org/grpc v1.23.0/go.mod h1:Y5yQAOtifL1yxbo5wqy6BxZv8vAUGQwXBOALyacEbxg=
google.golang.org/grpc v1.25.1/go.mod h1:c3i+UQWmh7LiEpx4sFZnkU36qjEYZ0imhYfXVyQciAY=
google.golang.org/grpc v1.27.0/go.mod h1:qbnxyOmOxrQa7FizSgH+ReBfzJrCY1pSN7KXBS8abTk=
google.golang.org/grpc v1.29.1/go.mod h1:itym6AZVZYACWQqET3MqgPpjcuV5QH3BxFS3IjizoKk=
google.golang.org/grpc v1.52.3 h1:pf7sOysg4LdgBqduXveGKrcEwbStiK2rtfghdzlUYDQ=
google.golang.org/grpc v1.52.3/go.mod h1:pu6fVzoFb+NBYNAvQL08ic+lvB2IojljRYuun5vorUY=
google.golang.org/protobuf v1.26.0-rc.1/go.mod h1:jlhhOSvTdKEhbULTjvd4ARK9grFBp09yW+WbY/TyQbw=
google.golang.org/protobuf v1.26.0/go.mod h1:9q0QmTI4eRPtz6boOQmLYwt+qCgq0jsYwAQnmE0givc=
google.golang.org/protobuf v1.28.1 h1:d0NfwRgPtno5B1Wa6L2DAG+KivqkdutMf1UhdNx175w=
google.golang.org/protobuf v1.28.1/go.mod h1:HV8QOd/L58Z+nl8r43ehVNZIU/HEI6OcFqwMG9pJV4I=
gopkg.in/DATA-DOG/go-sqlmock.v1 v1.3.0 h1:FVCohIoYO7IJoDDVpV2pdq7SgrMH6wHnuTyrdrxJNoY=
gopkg.in/check.v1 v0.0.0-20161208181325-20d25e280405/go.mod h1:Co6ibVJAznAaIkqp8huTwlJQCZ016jof/cbN4VW5Yz0=
gopkg.in/check.v1 v1.0.0-20201130134442-10cb98267c6c h1:Hei/4ADfdWqJk1ZMxUNpqntNwaWcugrBjAiHlqqRiVk=
gopkg.in/inf.v0 v0.9.1 h1:73M5CoZyi3ZLMOyDlQh031Cx6N9NDJ2Vvfl76EDAgDc=
gopkg.in/segmentio/analytics-go.v3 v3.1.0 h1:UzxH1uaGZRpMKDhJyBz0pexz6yUoBU3x8bJsRk/HV6U=
gopkg.in/square/go-jose.v2 v2.5.1 h1:7odma5RETjNHWJnR32wx8t+Io4djHE1PqxCFx3iiZ2w=
gopkg.in/yaml.v2 v2.2.2/go.mod h1:hI93XBmqTisBFMUTm0b8Fm+jr3Dg1NNxqwp+5A1VGuI=
gopkg.in/yaml.v2 v2.4.0 h1:D8xgwECY7CYvx+Y2n4sBz93Jn9JRvxdiyyo8CTfuKaY=
gopkg.in/yaml.v2 v2.4.0/go.mod h1:RDklbk79AGWmwhnvt/jBztapEOGDOx6ZbXqjP6csGnQ=
gopkg.in/yaml.v3 v3.0.0-20200313102051-9f266ea9e77c/go.mod h1:K4uyk7z7BCEPqu6E+C64Yfv1cQ7kz7rIZviUmN+EgEM=
gopkg.in/yaml.v3 v3.0.1 h1:fxVm/GzAzEWqLHuvctI91KS9hhNmmWOoWu0XTYJS7CA=
gopkg.in/yaml.v3 v3.0.1/go.mod h1:K4uyk7z7BCEPqu6E+C64Yfv1cQ7kz7rIZviUmN+EgEM=
gotest.tools/v3 v3.0.3 h1:4AuOwCGf4lLR9u3YOe2awrHygurzhO/HeQ6laiA6Sx0=
honnef.co/go/tools v0.0.0-20190102054323-c2f93a96b099/go.mod h1:rf3lG4BRIbNafJWhAfAdb/ePZxsR/4RtNHQocxwk9r4=
honnef.co/go/tools v0.0.0-20190523083050-ea95bdfd59fc h1:/hemPrYIhOhy8zYrNj+069zDB68us2sMGsfkFJO0iZs=
honnef.co/go/tools v0.0.0-20190523083050-ea95bdfd59fc/go.mod h1:rf3lG4BRIbNafJWhAfAdb/ePZxsR/4RtNHQocxwk9r4=
k8s.io/api v0.26.2 h1:dM3cinp3PGB6asOySalOZxEG4CZ0IAdJsrYZXE/ovGQ=
k8s.io/apimachinery v0.26.2 h1:da1u3D5wfR5u2RpLhE/ZtZS2P7QvDgLZTi9wrNZl/tQ=
k8s.io/apiserver v0.22.5 h1:71krQxCUz218ecb+nPhfDsNB6QgP1/4EMvi1a2uYBlg=
k8s.io/client-go v0.22.5 h1:I8Zn/UqIdi2r02aZmhaJ1hqMxcpfJ3t5VqvHtctHYFo=
k8s.io/component-base v0.22.5 h1:U0eHqZm7mAFE42hFwYhY6ze/MmVaW00JpMrzVsQmzYE=
k8s.io/cri-api v0.25.0 h1:INwdXsCDSA/0hGNdPxdE2dQD6ft/5K1EaKXZixvSQxg=
k8s.io/klog/v2 v2.80.1 h1:atnLQ121W371wYYFawwYx1aEY2eUfs4l3J72wtgAwV4=
k8s.io/utils v0.0.0-20221107191617-1a15be271d1d h1:0Smp/HP1OH4Rvhe+4B8nWGERtlqAGSftbSbbmm45oFs=
sigs.k8s.io/json v0.0.0-20220713155537-f223a00ba0e2 h1:iXTIw73aPyC+oRdyqqvVJuloN1p0AC/kzH07hu3NE+k=
sigs.k8s.io/structured-merge-diff/v4 v4.2.3 h1:PRbqxJClWWYMNV1dhaG4NsibJbArud9kFxnAMREiWFE=
sigs.k8s.io/yaml v1.2.0 h1:kr/MCeFWJWTwyaHoR9c8EjH9OumOmoF9YGiZd7lFm/Q=
