github.com/BurntSushi/toml v1.0.0 h1:dtDWrepsVPfW9H/4y7dDgFc2MBUSeJhlaDtK13CxFlU=
github.com/cpuguy83/go-md2man/v2 v2.0.2 h1:p1EgwI/C7NhT0JmVkwCD2ZBK8j4aeHQX2pMHHBfMQ6w=
github.com/google/go-cmp v0.5.8 h1:e6P7q2lk1O+qJJb4BtCQXlK8vWEO8V1ZeuEdJNOqZyg=
github.com/google/nftables v0.0.0-20220729163259-ec1e802faf94 h1:mypq8qV3pzph5QP/YUVSxPQBNJriBS0KzqKUuk2iG1Y=
github.com/josharian/native v0.0.0-20200817173448-b6b71def0850 h1:uhL5Gw7BINiiPAo24A2sxkcDI0Jt/sqp1v5xQCniEFA=
github.com/jsimonetti/rtnetlink v0.0.0-20211022192332-93da33804786 h1:N527AHMa793TP5z5GNAn/VLPzlc0ewzWdeP/25gDfgQ=
github.com/mdlayher/ethtool v0.0.0-20211028163843-288d040e9d60 h1:tHdB+hQRHU10CfcK0furo6rSNgZ38JT8uPh70c/pFD8=
github.com/mdlayher/genetlink v1.0.0 h1:OoHN1OdyEIkScEmRgxLEe2M9U8ClMytqA5niynLtfj0=
github.com/mdlayher/netlink v1.4.2 h1:3sbnJWe/LETovA7yRZIX3f9McVOWV3OySH6iIBxiFfI=
github.com/mdlayher/socket v0.0.0-20211102153432-57e3fa563ecb h1:2dC7L10LmTqlyMVzFJ00qM25lqESg9Z4u3GuEXN5iHY=
github.com/russross/blackfriday/v2 v2.1.0 h1:JIOH55/0cWyOuilr9/qlrm0BSXldqnqwMsf35Ld67mk=
github.com/urfave/cli/v2 v2.4.0 h1:m2pxjjDFgDxSPtO8WSdbndj17Wu2y8vOT86wE/tjr+I=
github.com/vishvananda/netlink v1.1.1-0.20210330154013-f5de75959ad5 h1:+UB2BJA852UkGH42H+Oee69djmxS3ANzl2b/JtT1YiA=
github.com/vishvananda/netns v0.0.0-20211101163701-50045581ed74 h1:gga7acRE695APm9hlsSMoOoE65U4/TcqNj90mc69Rlg=
golang.org/x/mod v0.6.0-dev.0.20220106191415-9b9b3d81d5e3 h1:kQgndtyPBW/JIYERgdxfwMYh3AVStj88WQTlNDi2a+o=
golang.org/x/net v0.0.0-20220909164309-bea034e7d591 h1:D0B/7al0LLrVC8aWF4+oxpv/m8bc7ViFfVS8/gXGdqI=
golang.org/x/sys v0.0.0-20220728004956-3c1f35247d10 h1:WIoqL4EROvwiPdUtaip4VcDdpZ4kha7wBWZrbVKCIZg=
golang.org/x/tools v0.1.10-0.20220218145154-897bd77cd717 h1:hI3jKY4Hpf63ns040onEbB3dAkR/H/P83hw1TG8dD3Y=
golang.org/x/xerrors v0.0.0-20220609144429-65e65417b02f h1:uF6paiQQebLeSXkrTqHqz0MXhXXS1KgF41eUdBNvxK0=
honnef.co/go/tools v0.2.2 h1:MNh1AVMyVX23VUHE2O27jm6lNj3vjO5DexS4A1xvnzk=
